{
  "version": 4,
  "terraform_version": "1.9.7",
  "serial": 30,
  "lineage": "2454089d-243e-74fe-0e1c-c7d81a752be1",
  "outputs": {},
  "resources": [
    {
      "mode": "data",
      "type": "archive_file",
      "name": "app_single",
      "provider": "provider[\"registry.terraform.io/hashicorp/archive\"]",
      "instances": [
        {
          "schema_version": 0,
          "attributes": {
            "exclude_symlink_directories": null,
            "excludes": null,
            "id": "c3976746aeb0c32739292ba44a8ef8e60e68891d",
            "output_base64sha256": "O5RIhKmK3poDlL2xvOff8XrnXNYPvgym1JIZKVXgYDc=",
            "output_base64sha512": "p6+Tip9Qv2+Eb66U/Aqh3xeXC+kP2u965dUJHXe1LWE7wTUbY/YKGjKl6XXA8ngCZIOxX+jrtKaB0GV5xGD4Aw==",
            "output_file_mode": null,
            "output_md5": "5df3eb62f5275b45436ea717188bbfa7",
            "output_path": "./pet_store.zip",
            "output_sha": "c3976746aeb0c32739292ba44a8ef8e60e68891d",
            "output_sha256": "3b944884a98ade9a0394bdb1bce7dff17ae75cd60fbe0ca6d492192955e06037",
            "output_sha512": "a7af938a9f50bf6f846fae94fc0aa1df17970be90fdaef7ae5d5091d77b52d613bc1351b63f60a1a32a5e975c0f278026483b15fe8ebb4a681d06579c460f803",
            "output_size": 7243,
            "source": [],
            "source_content": null,
            "source_content_filename": null,
            "source_dir": "./pet_store",
            "source_file": null,
            "type": "zip"
          },
          "sensitive_attributes": []
        }
      ]
    },
    {
      "mode": "data",
      "type": "aws_ami",
      "name": "ubuntu",
      "provider": "provider[\"registry.terraform.io/hashicorp/aws\"]",
      "instances": [
        {
          "schema_version": 0,
          "attributes": {
            "allow_unsafe_filter": null,
            "architecture": "x86_64",
            "arn": "arn:aws:ec2:us-east-1::image/ami-009d9173b44d0482b",
            "block_device_mappings": [
              {
                "device_name": "/dev/sda1",
                "ebs": {
                  "delete_on_termination": "true",
                  "encrypted": "false",
                  "iops": "0",
                  "snapshot_id": "snap-020f75a777d51cd85",
                  "throughput": "0",
                  "volume_initialization_rate": "0",
                  "volume_size": "8",
                  "volume_type": "gp3"
                },
                "no_device": "",
                "virtual_name": ""
              },
              {
                "device_name": "/dev/sdb",
                "ebs": {},
                "no_device": "",
                "virtual_name": "ephemeral0"
              },
              {
                "device_name": "/dev/sdc",
                "ebs": {},
                "no_device": "",
                "virtual_name": "ephemeral1"
              }
            ],
            "boot_mode": "uefi-preferred",
            "creation_date": "2026-04-09T14:13:23.000Z",
            "deprecation_time": "2028-04-09T14:13:23.000Z",
            "description": "Canonical, Ubuntu, 24.04, amd64 noble image",
            "ena_support": true,
            "executable_users": null,
            "filter": [
              {
                "name": "name",
                "values": [
                  "ubuntu/images/hvm-ssd-gp3/ubuntu-noble-24.04-amd64-server-*"
                ]
              },
              {
                "name": "virtualization-type",
                "values": [
                  "hvm"
                ]
              }
            ],
            "hypervisor": "xen",
            "id": "ami-009d9173b44d0482b",
            "image_id": "ami-009d9173b44d0482b",
            "image_location": "amazon/ubuntu/images/hvm-ssd-gp3/ubuntu-noble-24.04-amd64-server-20260409",
            "image_owner_alias": "amazon",
            "image_type": "machine",
            "imds_support": "v2.0",
            "include_deprecated": false,
            "kernel_id": "",
            "last_launched_time": "",
            "most_recent": true,
            "name": "ubuntu/images/hvm-ssd-gp3/ubuntu-noble-24.04-amd64-server-20260409",
            "name_regex": null,
            "owner_id": "099720109477",
            "owners": [
              "099720109477"
            ],
            "platform": "",
            "platform_details": "Linux/UNIX",
            "product_codes": [],
            "public": true,
            "ramdisk_id": "",
            "region": "us-east-1",
            "root_device_name": "/dev/sda1",
            "root_device_type": "ebs",
            "root_snapshot_id": "snap-020f75a777d51cd85",
            "sriov_net_support": "simple",
            "state": "available",
            "state_reason": {
              "code": "UNSET",
              "message": "UNSET"
            },
            "tags": {},
            "timeouts": null,
            "tpm_support": "",
            "uefi_data": null,
            "usage_operation": "RunInstances",
            "virtualization_type": "hvm"
          },
          "sensitive_attributes": []
        }
      ]
    },
    {
      "mode": "managed",
      "type": "aws_key_pair",
      "name": "poc2_key",
      "provider": "provider[\"registry.terraform.io/hashicorp/aws\"]",
      "instances": [
        {
          "schema_version": 1,
          "attributes": {
            "arn": "arn:aws:ec2:us-east-1:891377192530:key-pair/actividad6-dev-key",
            "fingerprint": "8a:88:35:e1:67:7d:a5:7d:54:7e:70:25:8f:ad:29:ff",
            "id": "actividad6-dev-key",
            "key_name": "actividad6-dev-key",
            "key_name_prefix": "",
            "key_pair_id": "key-0c348d80501df91d7",
            "key_type": "rsa",
            "public_key": "ssh-rsa AAAAB3NzaC1yc2EAAAADAQABAAACAQDGyj+6kLl7yMM6RB62CenowLnH3JuQtfP8oo+op9FY2vAXIJS1ZLTBPkPPMdkv/4rVVSpvP29V5pD0+7dC/T4/C9D/3ejnXXcpSelmzLBpB+wByZDcBMzm4C3FeqFIy5jtP+yBYWCpC/VCDCm+3vjmfeLUS+SuGJz5o19MBE65vdJ6UX7qdA7K/vd2tCL08EF/ZRKKdvH3NTo1bWN61TE1k39VgDKhV2JcsPM8WCMdG/9KfYqgqbmB+notSW8dVQEEz5lBK2Qvql7Ctjho33rsqUiNNYf4rYPoTeZEQcce8/qOpO/1b3q91wwKn9KosAZRYPB0ee1xjP6/QsXGdgCOhJaU2FFqCBV4twMUzA/CckCmbcI1PigLpQSa8Dt/J+/Nfj+hdV6TI8+R05K3LDSAv8UBEDOvF5ZdV2cwuhI/u1o6XonFWkr5lFQkWoOgpk9bk1ZClQHnLdOBPVZpND4Ys182p8tHVWFwonwDHxQk3z70cMtMThttMzhO2ReIlBUnwOp69+tPVDj2jv7IM7EcVq0dfISV8S2urHdeU0SlvIqRYThYr5X+Mfnj0gu1AlTidfApNSbU5RXwKQbqydl4InCkjJDWgu+n991efXX7+A4abOergVo7b0Hzu01PhnSPyzeSnHCoVg2/frzOVfrjG72dXd0z3vKBZY/cm57ROw==",
            "region": "us-east-1",
            "tags": {},
            "tags_all": {
              "Environment": "dev",
              "ManagedBy": "Terraform",
              "OwnerName": "Francisco Briones",
              "Project": "actividad6"
            }
          },
          "sensitive_attributes": [],
          "private": "eyJzY2hlbWFfdmVyc2lvbiI6IjEifQ==",
          "dependencies": [
            "tls_private_key.rsa_key"
          ],
          "create_before_destroy": true
        }
      ]
    },
    {
      "mode": "managed",
      "type": "local_file",
      "name": "private_key",
      "provider": "provider[\"registry.terraform.io/hashicorp/local\"]",
      "instances": [
        {
          "schema_version": 0,
          "attributes": {
            "content": "-----BEGIN RSA PRIVATE KEY-----\nMIIJKAIBAAKCAgEAxso/upC5e8jDOkQetgnp6MC5x9ybkLXz/KKPqKfRWNrwFyCU\ntWS0wT5DzzHZL/+K1VUqbz9vVeaQ9Pu3Qv0+PwvQ/93o5113KUnpZsywaQfsAcmQ\n3ATM5uAtxXqhSMuY7T/sgWFgqQv1Qgwpvt745n3i1Evkrhic+aNfTAROub3SelF+\n6nQOyv73drQi9PBBf2USinbx9zU6NW1jetUxNZN/VYAyoVdiXLDzPFgjHRv/Sn2K\noKm5gfp6LUlvHVUBBM+ZQStkL6pewrY4aN967KlIjTWH+K2D6E3mREHHHvP6jqTv\n9W96vdcMCp/SqLAGUWDwdHntcYz+v0LFxnYAjoSWlNhRaggVeLcDFMwPwnJApm3C\nNT4oC6UEmvA7fyfvzX4/oXVekyPPkdOStyw0gL/FARAzrxeWXVdnMLoSP7taOl6J\nxVpK+ZRUJFqDoKZPW5NWQpUB5y3TgT1WaTQ+GLNfNqfLR1VhcKJ8Ax8UJN8+9HDL\nTE4bbTM4TtkXiJQVJ8DqevfrT1Q49o7+yDOxHFatHXyElfEtrqx3XlNEpbyKkWE4\nWK+V/jH549ILtQJU4nXwKTUm1OUV8CkG6snZeCJwpIyQ1oLvp/fdXn11+/gOGmzn\nq4FaO29B87tNT4Z0j8s3kpxwqFYNv368zlX64xu9nV3dM97ygWWP3Jue0TsCAwEA\nAQKCAgBAChqSpxnh2zCtXhGIslPk0+VlkdeZvEwP+GyQOBPUbJ+Iy8msT/d9A2qD\n3nqpoEig5hFICmb7BM5w5YBJt9xsIgnfy6TCmBURu4pRwCIai99HSiB9CJzbyZ9l\nLVa05UXsNDokCfNCMiR99P4jy5/iXO6MVrCiNzKmpy9FhWO5KYIbPpLEw8OaOJ4O\n4wQZ5SYsfKqG6b+UVFTerlEsWm7CZDRSnnxxBn4c/zI0n+4b7A+Hdz8H9/VXfpIK\nccw2ZlJwMtKbsHdTda6WSm6MtmXaxMQnHXYisf87AJFsLsaPXai7eD4HUrT3YEY0\nS/1os2Atqi18UGUiPfo5MjEVeKE/ttvsw/nirZLff1w/vsttM4zDT4x38aRZnH/v\nFSh7ZbfCs4HWIuXMxLD4GG/zt1o4jBVNtRBSvx6nCq/3XXlMfA4x4LQYeOalOqZ0\nXNJhND2LdZPdV7SKpEvFM9d2vKHD56iX33Cmwm56U6rtBKyEoFlPphZdAzFAdgAG\njGw9fCLPiHET+TSwZpxpYQfB5xT/OJCxayOZq0iXYXrjadmduTwIfK1M98DTZB+/\njrMjw04vqdEp7aaH0sOAI5LHJDzVuzxNj4WxykopUUQhKftHgvLPKBeh3QjqP1BE\n1m3GOcmblWh8EvmxcwBSEV8F6M2gd+z+Wy+95eRtXV+tQyDuPQKCAQEA6gbVL2RU\nLQ49YqvIjHzs3eqXdhuY+nOty6/LttxedDOoqI3aULdWeh8PGTd2bKQXKWcTqJ8m\nC/Hi6Ed+CshZBH/y6UcWoc/jIQxHSn9VGH6Dm9rxBp+0kdresib/p3JqNtx2dYsa\n1+aN2qzca0mct8Lc7zGcnoNHJNj8kXxqWz2N5VktAY8V0TYng3yItuNVz+4t+mgb\nB6pBo+jQoy/KrprPnfLhWwYiyDKhWhDBXrJ1Nf4OmaZrfLg1AepMDFrzuOWJaXRY\ns/tL2DhY4A4G8RSxmtAIT5xsYF+rHuMkQ/e6Ja5e9Ic1mjHm1qKnUlT+ZQGaVGMZ\nD5B7r9WuQZafvwKCAQEA2XRz3to/G2oEehKX56xxhRtg80a0JoCz59Oo2g7ke/30\nxBToiLUvc8OyILOJdho4Xb+ktSo7tBwO44Q9/U1hursLa3agR3g00KnFV3m/p4NH\nwzRlu3GDmoeEGFxP6M9ir0MagboiyeqZ54U5x9WM4PUZNH54Jn5z7FSCy2aXZ+2V\nICwkcnsserBnZALjcEeEoSTmNcNAMhyclTEAFUfazsP7KAfqTce8XEAqw4/zVjOY\nBcN1zLUcDKODvP8Pv/ZIBr6G2Byjo+W8NQQ4YIMt05OMOncdRaFGKIReonU7TRAn\ntLRCfGPi8nNdrvInKW/PcF7ZHGEksNWz46iBqAbthQKCAQEA4dauLAnZ4ZD4VBwK\ncOitfIpCl8uSGT9A3GtNX63RyLmBbQdXQsVqQndujpsjQTwozd+W7QaIJMbMffNg\nAu/MV7dRpyTfBlAjk2TR92ZhrD2KrADgz8+W5ZodhjZ0SBb1wPOHrW8L/IWVJw3h\nt/dVsU/u/TUXOzDcmwZ61bsGt/3yzPz9nZ+DIl3sS8sF89f2m63x2NBWJVN7/L1T\needI5K6o5HfaWYjWT/PsGYpJ0STOT8hYNpaO69Cn9q0vrkynHisELCwG3ckILCRU\nQAPJVyTtL8TKAGmnfGlWLXxtJtoNXQekwr0oUSEO7toQNjenN7oQQJdRO9/mPI0s\nmEbO6QKCAQAzYh8XI78RvUV9ivM2HTtd1pBcK/LZvkPEnfEiRa6b1fCGfOJNm3Kx\nCicHLyVmMN/s1yIWZPpintat0EvNlQFo3FXgeNF60d65B8TH3M76yDym1bTMTBBq\n7Wa7UuTXAFozS8nxqYga6kKfwI1cuQtnBMOF8fR2NB80UuvtIDrapfs89PFP0+c4\nvoJP0Zboqx2d7lgvkAmVTcl6P2/jl20OuqSYWvZ0lqPdsJPqThOT5PEhO4SUcJ9G\nJUU13ZddJtbyMQcv/eR1EA4fAPZJZ/XmLtFN52OVVnx7invKK6Vtmkmnm4iyV/AC\nllwmwLWcRv1fciofWJ0Q5A5z1xd8Gtb5AoIBAGfVbljgCqKXTr4pmnq1EC0JPl4F\nOsvRsoM4MhYRtiHh7e/8u5OGK5/U0zaLSv9arG5ze3dyfi9nkMr0mTfR3h4Wpbfr\ns7IvP8tIxLH9C0CiBL0sxIX6INcBAqo87wzRR/FxJYWcEpyJ6PfUESw3mzeg5rak\nvzCmyikpgquL4+or4JbP2x7uVDWQusvT/9PtE3ngPTBOl6H2rWsj2zDDidYch5f8\np/57dBnaYx+wE+4eyoPam2y2XEj6jUGmP8i4sT55ufS8wiMbSweMm4k94kOrwvS/\n788VTj0YEqNhLuSvJ+5CyTTZG1zjRKIoXe1rs4BeJd2Rcj/G9UOQ1VHTWbQ=\n-----END RSA PRIVATE KEY-----\n",
            "content_base64": null,
            "content_base64sha256": "ba9OPA5E3moP/8F6cJMbB+ANGkEAFmXapt9nu9497Xc=",
            "content_base64sha512": "bgVLkKhEK6BX8954wcCMJNZ9d2IPHP2SFrofV6HD15EFOLK+pqNMRDrptmJ9dvOD5yKTkobdg88s6UdtLfQxXw==",
            "content_md5": "2a414e483b79e4537bc5540163266d7f",
            "content_sha1": "a48db66a2756d7feec3b1871cd9f8d4a279cbef4",
            "content_sha256": "6daf4e3c0e44de6a0fffc17a70931b07e00d1a41001665daa6df67bbde3ded77",
            "content_sha512": "6e054b90a8442ba057f3de78c1c08c24d67d77620f1cfd9216ba1f57a1c3d7910538b2bea6a34c443ae9b6627d76f383e722939286dd83cf2ce9476d2df4315f",
            "directory_permission": "0777",
            "file_permission": "0400",
            "filename": "./actividad6-dev-key.pem",
            "id": "a48db66a2756d7feec3b1871cd9f8d4a279cbef4",
            "sensitive_content": null,
            "source": null
          },
          "sensitive_attributes": [
            [
              {
                "type": "get_attr",
                "value": "sensitive_content"
              }
            ],
            [
              {
                "type": "get_attr",
                "value": "content"
              }
            ]
          ],
          "dependencies": [
            "tls_private_key.rsa_key"
          ]
        }
      ]
    },
    {
      "mode": "managed",
      "type": "tls_private_key",
      "name": "rsa_key",
      "provider": "provider[\"registry.terraform.io/hashicorp/tls\"]",
      "instances": [
        {
          "schema_version": 1,
          "attributes": {
            "algorithm": "RSA",
            "ecdsa_curve": "P224",
            "id": "2c4320213d73e73b7e4c5024f58c91be8074cf70",
            "private_key_openssh": "-----BEGIN OPENSSH PRIVATE KEY-----\nb3BlbnNzaC1rZXktdjEAAAAABG5vbmUAAAAEbm9uZQAAAAAAAAABAAACFwAAAAdz\nc2gtcnNhAAAAAwEAAQAAAgEAxso/upC5e8jDOkQetgnp6MC5x9ybkLXz/KKPqKfR\nWNrwFyCUtWS0wT5DzzHZL/+K1VUqbz9vVeaQ9Pu3Qv0+PwvQ/93o5113KUnpZsyw\naQfsAcmQ3ATM5uAtxXqhSMuY7T/sgWFgqQv1Qgwpvt745n3i1Evkrhic+aNfTARO\nub3SelF+6nQOyv73drQi9PBBf2USinbx9zU6NW1jetUxNZN/VYAyoVdiXLDzPFgj\nHRv/Sn2KoKm5gfp6LUlvHVUBBM+ZQStkL6pewrY4aN967KlIjTWH+K2D6E3mREHH\nHvP6jqTv9W96vdcMCp/SqLAGUWDwdHntcYz+v0LFxnYAjoSWlNhRaggVeLcDFMwP\nwnJApm3CNT4oC6UEmvA7fyfvzX4/oXVekyPPkdOStyw0gL/FARAzrxeWXVdnMLoS\nP7taOl6JxVpK+ZRUJFqDoKZPW5NWQpUB5y3TgT1WaTQ+GLNfNqfLR1VhcKJ8Ax8U\nJN8+9HDLTE4bbTM4TtkXiJQVJ8DqevfrT1Q49o7+yDOxHFatHXyElfEtrqx3XlNE\npbyKkWE4WK+V/jH549ILtQJU4nXwKTUm1OUV8CkG6snZeCJwpIyQ1oLvp/fdXn11\n+/gOGmznq4FaO29B87tNT4Z0j8s3kpxwqFYNv368zlX64xu9nV3dM97ygWWP3Jue\n0TsAAAc4SutWjkrrVo4AAAAHc3NoLXJzYQAAAgEAxso/upC5e8jDOkQetgnp6MC5\nx9ybkLXz/KKPqKfRWNrwFyCUtWS0wT5DzzHZL/+K1VUqbz9vVeaQ9Pu3Qv0+PwvQ\n/93o5113KUnpZsywaQfsAcmQ3ATM5uAtxXqhSMuY7T/sgWFgqQv1Qgwpvt745n3i\n1Evkrhic+aNfTAROub3SelF+6nQOyv73drQi9PBBf2USinbx9zU6NW1jetUxNZN/\nVYAyoVdiXLDzPFgjHRv/Sn2KoKm5gfp6LUlvHVUBBM+ZQStkL6pewrY4aN967KlI\njTWH+K2D6E3mREHHHvP6jqTv9W96vdcMCp/SqLAGUWDwdHntcYz+v0LFxnYAjoSW\nlNhRaggVeLcDFMwPwnJApm3CNT4oC6UEmvA7fyfvzX4/oXVekyPPkdOStyw0gL/F\nARAzrxeWXVdnMLoSP7taOl6JxVpK+ZRUJFqDoKZPW5NWQpUB5y3TgT1WaTQ+GLNf\nNqfLR1VhcKJ8Ax8UJN8+9HDLTE4bbTM4TtkXiJQVJ8DqevfrT1Q49o7+yDOxHFat\nHXyElfEtrqx3XlNEpbyKkWE4WK+V/jH549ILtQJU4nXwKTUm1OUV8CkG6snZeCJw\npIyQ1oLvp/fdXn11+/gOGmznq4FaO29B87tNT4Z0j8s3kpxwqFYNv368zlX64xu9\nnV3dM97ygWWP3Jue0TsAAAADAQABAAACAEAKGpKnGeHbMK1eEYiyU+TT5WWR15m8\nTA/4bJA4E9Rsn4jLyaxP930DaoPeeqmgSKDmEUgKZvsEznDlgEm33GwiCd/LpMKY\nFRG7ilHAIhqL30dKIH0InNvJn2UtVrTlRew0OiQJ80IyJH30/iPLn+Jc7oxWsKI3\nMqanL0WFY7kpghs+ksTDw5o4ng7jBBnlJix8qobpv5RUVN6uUSxabsJkNFKefHEG\nfhz/MjSf7hvsD4d3Pwf39Vd+kgpxzDZmUnAy0puwd1N1rpZKboy2ZdrExCcddiKx\n/zsAkWwuxo9dqLt4PgdStPdgRjRL/WizYC2qLXxQZSI9+jkyMRV4oT+22+zD+eKt\nkt9/XD++y20zjMNPjHfxpFmcf+8VKHtlt8KzgdYi5czEsPgYb/O3WjiMFU21EFK/\nHqcKr/ddeUx8DjHgtBh45qU6pnRc0mE0PYt1k91XtIqkS8Uz13a8ocPnqJffcKbC\nbnpTqu0ErISgWU+mFl0DMUB2AAaMbD18Is+IcRP5NLBmnGlhB8HnFP84kLFrI5mr\nSJdheuNp2Z25PAh8rUz3wNNkH7+OsyPDTi+p0SntpofSw4AjksckPNW7PE2PhbHK\nSilRRCEp+0eC8s8oF6HdCOo/UETWbcY5yZuVaHwS+bFzAFIRXwXozaB37P5bL73l\n5G1dX61DIO49AAABAGfVbljgCqKXTr4pmnq1EC0JPl4FOsvRsoM4MhYRtiHh7e/8\nu5OGK5/U0zaLSv9arG5ze3dyfi9nkMr0mTfR3h4Wpbfrs7IvP8tIxLH9C0CiBL0s\nxIX6INcBAqo87wzRR/FxJYWcEpyJ6PfUESw3mzeg5rakvzCmyikpgquL4+or4JbP\n2x7uVDWQusvT/9PtE3ngPTBOl6H2rWsj2zDDidYch5f8p/57dBnaYx+wE+4eyoPa\nm2y2XEj6jUGmP8i4sT55ufS8wiMbSweMm4k94kOrwvS/788VTj0YEqNhLuSvJ+5C\nyTTZG1zjRKIoXe1rs4BeJd2Rcj/G9UOQ1VHTWbQAAAEBAOoG1S9kVC0OPWKryIx8\n7N3ql3YbmPpzrcuvy7bcXnQzqKiN2lC3VnofDxk3dmykFylnE6ifJgvx4uhHfgrI\nWQR/8ulHFqHP4yEMR0p/VRh+g5va8QaftJHa3rIm/6dyajbcdnWLGtfmjdqs3GtJ\nnLfC3O8xnJ6DRyTY/JF8als9jeVZLQGPFdE2J4N8iLbjVc/uLfpoGweqQaPo0KMv\nyq6az53y4VsGIsgyoVoQwV6ydTX+Dpmma3y4NQHqTAxa87jliWl0WLP7S9g4WOAO\nBvEUsZrQCE+cbGBfqx7jJEP3uiWuXvSHNZox5taip1JU/mUBmlRjGQ+Qe6/VrkGW\nn78AAAEBANl0c97aPxtqBHoSl+escYUbYPNGtCaAs+fTqNoO5Hv99MQU6Ii1L3PD\nsiCziXYaOF2/pLUqO7QcDuOEPf1NYbq7C2t2oEd4NNCpxVd5v6eDR8M0Zbtxg5qH\nhBhcT+jPYq9DGoG6IsnqmeeFOcfVjOD1GTR+eCZ+c+xUgstml2ftlSAsJHJ7LHqw\nZ2QC43BHhKEk5jXDQDIcnJUxABVH2s7D+ygH6k3HvFxAKsOP81YzmAXDdcy1HAyj\ng7z/D7/2SAa+htgco6PlvDUEOGCDLdOTjDp3HUWhRiiEXqJ1O00QJ7S0Qnxj4vJz\nXa7yJylvz3Be2RxhJLDVs+OogagG7YUAAAAAAQID\n-----END OPENSSH PRIVATE KEY-----\n",
            "private_key_pem": "-----BEGIN RSA PRIVATE KEY-----\nMIIJKAIBAAKCAgEAxso/upC5e8jDOkQetgnp6MC5x9ybkLXz/KKPqKfRWNrwFyCU\ntWS0wT5DzzHZL/+K1VUqbz9vVeaQ9Pu3Qv0+PwvQ/93o5113KUnpZsywaQfsAcmQ\n3ATM5uAtxXqhSMuY7T/sgWFgqQv1Qgwpvt745n3i1Evkrhic+aNfTAROub3SelF+\n6nQOyv73drQi9PBBf2USinbx9zU6NW1jetUxNZN/VYAyoVdiXLDzPFgjHRv/Sn2K\noKm5gfp6LUlvHVUBBM+ZQStkL6pewrY4aN967KlIjTWH+K2D6E3mREHHHvP6jqTv\n9W96vdcMCp/SqLAGUWDwdHntcYz+v0LFxnYAjoSWlNhRaggVeLcDFMwPwnJApm3C\nNT4oC6UEmvA7fyfvzX4/oXVekyPPkdOStyw0gL/FARAzrxeWXVdnMLoSP7taOl6J\nxVpK+ZRUJFqDoKZPW5NWQpUB5y3TgT1WaTQ+GLNfNqfLR1VhcKJ8Ax8UJN8+9HDL\nTE4bbTM4TtkXiJQVJ8DqevfrT1Q49o7+yDOxHFatHXyElfEtrqx3XlNEpbyKkWE4\nWK+V/jH549ILtQJU4nXwKTUm1OUV8CkG6snZeCJwpIyQ1oLvp/fdXn11+/gOGmzn\nq4FaO29B87tNT4Z0j8s3kpxwqFYNv368zlX64xu9nV3dM97ygWWP3Jue0TsCAwEA\nAQKCAgBAChqSpxnh2zCtXhGIslPk0+VlkdeZvEwP+GyQOBPUbJ+Iy8msT/d9A2qD\n3nqpoEig5hFICmb7BM5w5YBJt9xsIgnfy6TCmBURu4pRwCIai99HSiB9CJzbyZ9l\nLVa05UXsNDokCfNCMiR99P4jy5/iXO6MVrCiNzKmpy9FhWO5KYIbPpLEw8OaOJ4O\n4wQZ5SYsfKqG6b+UVFTerlEsWm7CZDRSnnxxBn4c/zI0n+4b7A+Hdz8H9/VXfpIK\nccw2ZlJwMtKbsHdTda6WSm6MtmXaxMQnHXYisf87AJFsLsaPXai7eD4HUrT3YEY0\nS/1os2Atqi18UGUiPfo5MjEVeKE/ttvsw/nirZLff1w/vsttM4zDT4x38aRZnH/v\nFSh7ZbfCs4HWIuXMxLD4GG/zt1o4jBVNtRBSvx6nCq/3XXlMfA4x4LQYeOalOqZ0\nXNJhND2LdZPdV7SKpEvFM9d2vKHD56iX33Cmwm56U6rtBKyEoFlPphZdAzFAdgAG\njGw9fCLPiHET+TSwZpxpYQfB5xT/OJCxayOZq0iXYXrjadmduTwIfK1M98DTZB+/\njrMjw04vqdEp7aaH0sOAI5LHJDzVuzxNj4WxykopUUQhKftHgvLPKBeh3QjqP1BE\n1m3GOcmblWh8EvmxcwBSEV8F6M2gd+z+Wy+95eRtXV+tQyDuPQKCAQEA6gbVL2RU\nLQ49YqvIjHzs3eqXdhuY+nOty6/LttxedDOoqI3aULdWeh8PGTd2bKQXKWcTqJ8m\nC/Hi6Ed+CshZBH/y6UcWoc/jIQxHSn9VGH6Dm9rxBp+0kdresib/p3JqNtx2dYsa\n1+aN2qzca0mct8Lc7zGcnoNHJNj8kXxqWz2N5VktAY8V0TYng3yItuNVz+4t+mgb\nB6pBo+jQoy/KrprPnfLhWwYiyDKhWhDBXrJ1Nf4OmaZrfLg1AepMDFrzuOWJaXRY\ns/tL2DhY4A4G8RSxmtAIT5xsYF+rHuMkQ/e6Ja5e9Ic1mjHm1qKnUlT+ZQGaVGMZ\nD5B7r9WuQZafvwKCAQEA2XRz3to/G2oEehKX56xxhRtg80a0JoCz59Oo2g7ke/30\nxBToiLUvc8OyILOJdho4Xb+ktSo7tBwO44Q9/U1hursLa3agR3g00KnFV3m/p4NH\nwzRlu3GDmoeEGFxP6M9ir0MagboiyeqZ54U5x9WM4PUZNH54Jn5z7FSCy2aXZ+2V\nICwkcnsserBnZALjcEeEoSTmNcNAMhyclTEAFUfazsP7KAfqTce8XEAqw4/zVjOY\nBcN1zLUcDKODvP8Pv/ZIBr6G2Byjo+W8NQQ4YIMt05OMOncdRaFGKIReonU7TRAn\ntLRCfGPi8nNdrvInKW/PcF7ZHGEksNWz46iBqAbthQKCAQEA4dauLAnZ4ZD4VBwK\ncOitfIpCl8uSGT9A3GtNX63RyLmBbQdXQsVqQndujpsjQTwozd+W7QaIJMbMffNg\nAu/MV7dRpyTfBlAjk2TR92ZhrD2KrADgz8+W5ZodhjZ0SBb1wPOHrW8L/IWVJw3h\nt/dVsU/u/TUXOzDcmwZ61bsGt/3yzPz9nZ+DIl3sS8sF89f2m63x2NBWJVN7/L1T\needI5K6o5HfaWYjWT/PsGYpJ0STOT8hYNpaO69Cn9q0vrkynHisELCwG3ckILCRU\nQAPJVyTtL8TKAGmnfGlWLXxtJtoNXQekwr0oUSEO7toQNjenN7oQQJdRO9/mPI0s\nmEbO6QKCAQAzYh8XI78RvUV9ivM2HTtd1pBcK/LZvkPEnfEiRa6b1fCGfOJNm3Kx\nCicHLyVmMN/s1yIWZPpintat0EvNlQFo3FXgeNF60d65B8TH3M76yDym1bTMTBBq\n7Wa7UuTXAFozS8nxqYga6kKfwI1cuQtnBMOF8fR2NB80UuvtIDrapfs89PFP0+c4\nvoJP0Zboqx2d7lgvkAmVTcl6P2/jl20OuqSYWvZ0lqPdsJPqThOT5PEhO4SUcJ9G\nJUU13ZddJtbyMQcv/eR1EA4fAPZJZ/XmLtFN52OVVnx7invKK6Vtmkmnm4iyV/AC\nllwmwLWcRv1fciofWJ0Q5A5z1xd8Gtb5AoIBAGfVbljgCqKXTr4pmnq1EC0JPl4F\nOsvRsoM4MhYRtiHh7e/8u5OGK5/U0zaLSv9arG5ze3dyfi9nkMr0mTfR3h4Wpbfr\ns7IvP8tIxLH9C0CiBL0sxIX6INcBAqo87wzRR/FxJYWcEpyJ6PfUESw3mzeg5rak\nvzCmyikpgquL4+or4JbP2x7uVDWQusvT/9PtE3ngPTBOl6H2rWsj2zDDidYch5f8\np/57dBnaYx+wE+4eyoPam2y2XEj6jUGmP8i4sT55ufS8wiMbSweMm4k94kOrwvS/\n788VTj0YEqNhLuSvJ+5CyTTZG1zjRKIoXe1rs4BeJd2Rcj/G9UOQ1VHTWbQ=\n-----END RSA PRIVATE KEY-----\n",
            "private_key_pem_pkcs8": "-----BEGIN PRIVATE KEY-----\nMIIJQgIBADANBgkqhkiG9w0BAQEFAASCCSwwggkoAgEAAoICAQDGyj+6kLl7yMM6\nRB62CenowLnH3JuQtfP8oo+op9FY2vAXIJS1ZLTBPkPPMdkv/4rVVSpvP29V5pD0\n+7dC/T4/C9D/3ejnXXcpSelmzLBpB+wByZDcBMzm4C3FeqFIy5jtP+yBYWCpC/VC\nDCm+3vjmfeLUS+SuGJz5o19MBE65vdJ6UX7qdA7K/vd2tCL08EF/ZRKKdvH3NTo1\nbWN61TE1k39VgDKhV2JcsPM8WCMdG/9KfYqgqbmB+notSW8dVQEEz5lBK2Qvql7C\ntjho33rsqUiNNYf4rYPoTeZEQcce8/qOpO/1b3q91wwKn9KosAZRYPB0ee1xjP6/\nQsXGdgCOhJaU2FFqCBV4twMUzA/CckCmbcI1PigLpQSa8Dt/J+/Nfj+hdV6TI8+R\n05K3LDSAv8UBEDOvF5ZdV2cwuhI/u1o6XonFWkr5lFQkWoOgpk9bk1ZClQHnLdOB\nPVZpND4Ys182p8tHVWFwonwDHxQk3z70cMtMThttMzhO2ReIlBUnwOp69+tPVDj2\njv7IM7EcVq0dfISV8S2urHdeU0SlvIqRYThYr5X+Mfnj0gu1AlTidfApNSbU5RXw\nKQbqydl4InCkjJDWgu+n991efXX7+A4abOergVo7b0Hzu01PhnSPyzeSnHCoVg2/\nfrzOVfrjG72dXd0z3vKBZY/cm57ROwIDAQABAoICAEAKGpKnGeHbMK1eEYiyU+TT\n5WWR15m8TA/4bJA4E9Rsn4jLyaxP930DaoPeeqmgSKDmEUgKZvsEznDlgEm33Gwi\nCd/LpMKYFRG7ilHAIhqL30dKIH0InNvJn2UtVrTlRew0OiQJ80IyJH30/iPLn+Jc\n7oxWsKI3MqanL0WFY7kpghs+ksTDw5o4ng7jBBnlJix8qobpv5RUVN6uUSxabsJk\nNFKefHEGfhz/MjSf7hvsD4d3Pwf39Vd+kgpxzDZmUnAy0puwd1N1rpZKboy2ZdrE\nxCcddiKx/zsAkWwuxo9dqLt4PgdStPdgRjRL/WizYC2qLXxQZSI9+jkyMRV4oT+2\n2+zD+eKtkt9/XD++y20zjMNPjHfxpFmcf+8VKHtlt8KzgdYi5czEsPgYb/O3WjiM\nFU21EFK/HqcKr/ddeUx8DjHgtBh45qU6pnRc0mE0PYt1k91XtIqkS8Uz13a8ocPn\nqJffcKbCbnpTqu0ErISgWU+mFl0DMUB2AAaMbD18Is+IcRP5NLBmnGlhB8HnFP84\nkLFrI5mrSJdheuNp2Z25PAh8rUz3wNNkH7+OsyPDTi+p0SntpofSw4AjksckPNW7\nPE2PhbHKSilRRCEp+0eC8s8oF6HdCOo/UETWbcY5yZuVaHwS+bFzAFIRXwXozaB3\n7P5bL73l5G1dX61DIO49AoIBAQDqBtUvZFQtDj1iq8iMfOzd6pd2G5j6c63Lr8u2\n3F50M6iojdpQt1Z6Hw8ZN3ZspBcpZxOonyYL8eLoR34KyFkEf/LpRxahz+MhDEdK\nf1UYfoOb2vEGn7SR2t6yJv+ncmo23HZ1ixrX5o3arNxrSZy3wtzvMZyeg0ck2PyR\nfGpbPY3lWS0BjxXRNieDfIi241XP7i36aBsHqkGj6NCjL8qums+d8uFbBiLIMqFa\nEMFesnU1/g6Zpmt8uDUB6kwMWvO45YlpdFiz+0vYOFjgDgbxFLGa0AhPnGxgX6se\n4yRD97olrl70hzWaMebWoqdSVP5lAZpUYxkPkHuv1a5Blp+/AoIBAQDZdHPe2j8b\nagR6EpfnrHGFG2DzRrQmgLPn06jaDuR7/fTEFOiItS9zw7Igs4l2Gjhdv6S1Kju0\nHA7jhD39TWG6uwtrdqBHeDTQqcVXeb+ng0fDNGW7cYOah4QYXE/oz2KvQxqBuiLJ\n6pnnhTnH1Yzg9Rk0fngmfnPsVILLZpdn7ZUgLCRyeyx6sGdkAuNwR4ShJOY1w0Ay\nHJyVMQAVR9rOw/soB+pNx7xcQCrDj/NWM5gFw3XMtRwMo4O8/w+/9kgGvobYHKOj\n5bw1BDhggy3Tk4w6dx1FoUYohF6idTtNECe0tEJ8Y+Lyc12u8icpb89wXtkcYSSw\n1bPjqIGoBu2FAoIBAQDh1q4sCdnhkPhUHApw6K18ikKXy5IZP0Dca01frdHIuYFt\nB1dCxWpCd26OmyNBPCjN35btBogkxsx982AC78xXt1GnJN8GUCOTZNH3ZmGsPYqs\nAODPz5blmh2GNnRIFvXA84etbwv8hZUnDeG391WxT+79NRc7MNybBnrVuwa3/fLM\n/P2dn4MiXexLywXz1/abrfHY0FYlU3v8vVN550jkrqjkd9pZiNZP8+wZiknRJM5P\nyFg2lo7r0Kf2rS+uTKceKwQsLAbdyQgsJFRAA8lXJO0vxMoAaad8aVYtfG0m2g1d\nB6TCvShRIQ7u2hA2N6c3uhBAl1E73+Y8jSyYRs7pAoIBADNiHxcjvxG9RX2K8zYd\nO13WkFwr8tm+Q8Sd8SJFrpvV8IZ84k2bcrEKJwcvJWYw3+zXIhZk+mKe1q3QS82V\nAWjcVeB40XrR3rkHxMfczvrIPKbVtMxMEGrtZrtS5NcAWjNLyfGpiBrqQp/AjVy5\nC2cEw4Xx9HY0HzRS6+0gOtql+zz08U/T5zi+gk/RluirHZ3uWC+QCZVNyXo/b+OX\nbQ66pJha9nSWo92wk+pOE5Pk8SE7hJRwn0YlRTXdl10m1vIxBy/95HUQDh8A9kln\n9eYu0U3nY5VWfHuKe8orpW2aSaebiLJX8AKWXCbAtZxG/V9yKh9YnRDkDnPXF3wa\n1vkCggEAZ9VuWOAKopdOvimaerUQLQk+XgU6y9GygzgyFhG2IeHt7/y7k4Yrn9TT\nNotK/1qsbnN7d3J+L2eQyvSZN9HeHhalt+uzsi8/y0jEsf0LQKIEvSzEhfog1wEC\nqjzvDNFH8XElhZwSnIno99QRLDebN6DmtqS/MKbKKSmCq4vj6ivgls/bHu5UNZC6\ny9P/0+0TeeA9ME6XofatayPbMMOJ1hyHl/yn/nt0GdpjH7AT7h7Kg9qbbLZcSPqN\nQaY/yLixPnm59LzCIxtLB4ybiT3iQ6vC9L/vzxVOPRgSo2Eu5K8n7kLJNNkbXONE\noihd7WuzgF4l3ZFyP8b1Q5DVUdNZtA==\n-----END PRIVATE KEY-----\n",
            "public_key_fingerprint_md5": "8b:31:6d:75:0c:27:14:54:5e:35:45:ed:2c:d9:01:ed",
            "public_key_fingerprint_sha256": "SHA256:9qxYGU6pYA/8lJnwfi7Lycxvl3Drvy4UwwMM2ylwIEA",
            "public_key_openssh": "ssh-rsa AAAAB3NzaC1yc2EAAAADAQABAAACAQDGyj+6kLl7yMM6RB62CenowLnH3JuQtfP8oo+op9FY2vAXIJS1ZLTBPkPPMdkv/4rVVSpvP29V5pD0+7dC/T4/C9D/3ejnXXcpSelmzLBpB+wByZDcBMzm4C3FeqFIy5jtP+yBYWCpC/VCDCm+3vjmfeLUS+SuGJz5o19MBE65vdJ6UX7qdA7K/vd2tCL08EF/ZRKKdvH3NTo1bWN61TE1k39VgDKhV2JcsPM8WCMdG/9KfYqgqbmB+notSW8dVQEEz5lBK2Qvql7Ctjho33rsqUiNNYf4rYPoTeZEQcce8/qOpO/1b3q91wwKn9KosAZRYPB0ee1xjP6/QsXGdgCOhJaU2FFqCBV4twMUzA/CckCmbcI1PigLpQSa8Dt/J+/Nfj+hdV6TI8+R05K3LDSAv8UBEDOvF5ZdV2cwuhI/u1o6XonFWkr5lFQkWoOgpk9bk1ZClQHnLdOBPVZpND4Ys182p8tHVWFwonwDHxQk3z70cMtMThttMzhO2ReIlBUnwOp69+tPVDj2jv7IM7EcVq0dfISV8S2urHdeU0SlvIqRYThYr5X+Mfnj0gu1AlTidfApNSbU5RXwKQbqydl4InCkjJDWgu+n991efXX7+A4abOergVo7b0Hzu01PhnSPyzeSnHCoVg2/frzOVfrjG72dXd0z3vKBZY/cm57ROw==\n",
            "public_key_pem": "-----BEGIN PUBLIC KEY-----\nMIICIjANBgkqhkiG9w0BAQEFAAOCAg8AMIICCgKCAgEAxso/upC5e8jDOkQetgnp\n6MC5x9ybkLXz/KKPqKfRWNrwFyCUtWS0wT5DzzHZL/+K1VUqbz9vVeaQ9Pu3Qv0+\nPwvQ/93o5113KUnpZsywaQfsAcmQ3ATM5uAtxXqhSMuY7T/sgWFgqQv1Qgwpvt74\n5n3i1Evkrhic+aNfTAROub3SelF+6nQOyv73drQi9PBBf2USinbx9zU6NW1jetUx\nNZN/VYAyoVdiXLDzPFgjHRv/Sn2KoKm5gfp6LUlvHVUBBM+ZQStkL6pewrY4aN96\n7KlIjTWH+K2D6E3mREHHHvP6jqTv9W96vdcMCp/SqLAGUWDwdHntcYz+v0LFxnYA\njoSWlNhRaggVeLcDFMwPwnJApm3CNT4oC6UEmvA7fyfvzX4/oXVekyPPkdOStyw0\ngL/FARAzrxeWXVdnMLoSP7taOl6JxVpK+ZRUJFqDoKZPW5NWQpUB5y3TgT1WaTQ+\nGLNfNqfLR1VhcKJ8Ax8UJN8+9HDLTE4bbTM4TtkXiJQVJ8DqevfrT1Q49o7+yDOx\nHFatHXyElfEtrqx3XlNEpbyKkWE4WK+V/jH549ILtQJU4nXwKTUm1OUV8CkG6snZ\neCJwpIyQ1oLvp/fdXn11+/gOGmznq4FaO29B87tNT4Z0j8s3kpxwqFYNv368zlX6\n4xu9nV3dM97ygWWP3Jue0TsCAwEAAQ==\n-----END PUBLIC KEY-----\n",
            "rsa_bits": 4096
          },
          "sensitive_attributes": [
            [
              {
                "type": "get_attr",
                "value": "private_key_pem"
              }
            ],
            [
              {
                "type": "get_attr",
                "value": "private_key_openssh"
              }
            ],
            [
              {
                "type": "get_attr",
                "value": "private_key_pem_pkcs8"
              }
            ]
          ],
          "create_before_destroy": true
        }
      ]
    },
    {
      "module": "module.lab_sg",
      "mode": "managed",
      "type": "aws_security_group",
      "name": "this",
      "provider": "provider[\"registry.terraform.io/hashicorp/aws\"]",
      "instances": [
        {
          "schema_version": 1,
          "attributes": {
            "arn": "arn:aws:ec2:us-east-1:891377192530:security-group/sg-0276c7b2c39b5ef11",
            "description": "Security group for Docker/Podman labs",
            "egress": [
              {
                "cidr_blocks": [
                  "0.0.0.0/0"
                ],
                "description": "Allow all outbound traffic",
                "from_port": 0,
                "ipv6_cidr_blocks": [],
                "prefix_list_ids": [],
                "protocol": "-1",
                "security_groups": [],
                "self": false,
                "to_port": 0
              }
            ],
            "id": "sg-0276c7b2c39b5ef11",
            "ingress": [
              {
                "cidr_blocks": [
                  "0.0.0.0/0"
                ],
                "description": "HTTP access",
                "from_port": 80,
                "ipv6_cidr_blocks": [],
                "prefix_list_ids": [],
                "protocol": "tcp",
                "security_groups": [],
                "self": false,
                "to_port": 80
              },
              {
                "cidr_blocks": [
                  "0.0.0.0/0"
                ],
                "description": "Web apps port",
                "from_port": 8080,
                "ipv6_cidr_blocks": [],
                "prefix_list_ids": [],
                "protocol": "tcp",
                "security_groups": [],
                "self": false,
                "to_port": 8080
              },
              {
                "cidr_blocks": [
                  "200.28.85.233/32",
                  "152.230.70.114/32",
                  "201.223.101.14/32"
                ],
                "description": "ICMP",
                "from_port": -1,
                "ipv6_cidr_blocks": [],
                "prefix_list_ids": [],
                "protocol": "icmp",
                "security_groups": [],
                "self": false,
                "to_port": -1
              },
              {
                "cidr_blocks": [
                  "200.28.85.233/32",
                  "152.230.70.114/32",
                  "201.223.101.14/32"
                ],
                "description": "SSH access",
                "from_port": 22,
                "ipv6_cidr_blocks": [],
                "prefix_list_ids": [],
                "protocol": "tcp",
                "security_groups": [],
                "self": false,
                "to_port": 22
              }
            ],
            "name": "actividad6-dev-lab-sg",
            "name_prefix": "",
            "owner_id": "891377192530",
            "region": "us-east-1",
            "revoke_rules_on_delete": false,
            "tags": {
              "Name": "actividad6-dev-lab-sg"
            },
            "tags_all": {
              "Environment": "dev",
              "ManagedBy": "Terraform",
              "Name": "actividad6-dev-lab-sg",
              "OwnerName": "Francisco Briones",
              "Project": "actividad6"
            },
            "timeouts": null,
            "vpc_id": "vpc-0210f79b57b3b7199"
          },
          "sensitive_attributes": [],
          "private": "eyJlMmJmYjczMC1lY2FhLTExZTYtOGY4OC0zNDM2M2JjN2M0YzAiOnsiY3JlYXRlIjo2MDAwMDAwMDAwMDAsImRlbGV0ZSI6OTAwMDAwMDAwMDAwfSwic2NoZW1hX3ZlcnNpb24iOiIxIn0=",
          "dependencies": [
            "module.vpc.aws_vpc.this"
          ]
        }
      ]
    },
    {
      "module": "module.nat_instance",
      "mode": "data",
      "type": "aws_ami",
      "name": "amazon_linux_2",
      "provider": "provider[\"registry.terraform.io/hashicorp/aws\"]",
      "instances": [
        {
          "index_key": 0,
          "schema_version": 0,
          "attributes": {
            "allow_unsafe_filter": null,
            "architecture": "x86_64",
            "arn": "arn:aws:ec2:us-east-1::image/ami-0a7a97d4a0916d2b1",
            "block_device_mappings": [
              {
                "device_name": "/dev/xvda",
                "ebs": {
                  "delete_on_termination": "true",
                  "encrypted": "false",
                  "iops": "0",
                  "snapshot_id": "snap-06d89be76644b8427",
                  "throughput": "0",
                  "volume_initialization_rate": "0",
                  "volume_size": "8",
                  "volume_type": "standard"
                },
                "no_device": "",
                "virtual_name": ""
              }
            ],
            "boot_mode": "",
            "creation_date": "2026-04-10T17:50:44.000Z",
            "deprecation_time": "2026-07-09T17:56:00.000Z",
            "description": "Amazon Linux 2 AMI 2.0.20260413.0 x86_64 HVM ebs",
            "ena_support": true,
            "executable_users": null,
            "filter": [
              {
                "name": "name",
                "values": [
                  "amzn2-ami-hvm-*-x86_64-ebs"
                ]
              },
              {
                "name": "virtualization-type",
                "values": [
                  "hvm"
                ]
              }
            ],
            "hypervisor": "xen",
            "id": "ami-0a7a97d4a0916d2b1",
            "image_id": "ami-0a7a97d4a0916d2b1",
            "image_location": "amazon/amzn2-ami-hvm-2.0.20260413.0-x86_64-ebs",
            "image_owner_alias": "amazon",
            "image_type": "machine",
            "imds_support": "",
            "include_deprecated": false,
            "kernel_id": "",
            "last_launched_time": "",
            "most_recent": true,
            "name": "amzn2-ami-hvm-2.0.20260413.0-x86_64-ebs",
            "name_regex": null,
            "owner_id": "137112412989",
            "owners": [
              "amazon"
            ],
            "platform": "",
            "platform_details": "Linux/UNIX",
            "product_codes": [],
            "public": true,
            "ramdisk_id": "",
            "region": "us-east-1",
            "root_device_name": "/dev/xvda",
            "root_device_type": "ebs",
            "root_snapshot_id": "snap-06d89be76644b8427",
            "sriov_net_support": "simple",
            "state": "available",
            "state_reason": {
              "code": "UNSET",
              "message": "UNSET"
            },
            "tags": {},
            "timeouts": null,
            "tpm_support": "",
            "uefi_data": null,
            "usage_operation": "RunInstances",
            "virtualization_type": "hvm"
          },
          "sensitive_attributes": []
        }
      ]
    },
    {
      "module": "module.nat_instance",
      "mode": "data",
      "type": "aws_ami",
      "name": "ubuntu",
      "provider": "provider[\"registry.terraform.io/hashicorp/aws\"]",
      "instances": []
    },
    {
      "module": "module.nat_instance",
      "mode": "managed",
      "type": "aws_eip",
      "name": "nat",
      "provider": "provider[\"registry.terraform.io/hashicorp/aws\"]",
      "instances": [
        {
          "schema_version": 0,
          "attributes": {
            "address": null,
            "allocation_id": "eipalloc-0bce1844de74c9406",
            "arn": "arn:aws:ec2:us-east-1:891377192530:elastic-ip/eipalloc-0bce1844de74c9406",
            "associate_with_private_ip": null,
            "association_id": "eipassoc-05b7ff7d4b1497446",
            "carrier_ip": "",
            "customer_owned_ip": "",
            "customer_owned_ipv4_pool": "",
            "domain": "vpc",
            "id": "eipalloc-0bce1844de74c9406",
            "instance": "i-0bb0f632718051da6",
            "ipam_pool_id": null,
            "network_border_group": "us-east-1",
            "network_interface": "eni-076291b4f74f2cd1c",
            "private_dns": "ip-10-10-2-239.ec2.internal",
            "private_ip": "10.10.2.239",
            "ptr_record": "",
            "public_dns": "ec2-52-204-112-171.compute-1.amazonaws.com",
            "public_ip": "52.204.112.171",
            "public_ipv4_pool": "amazon",
            "region": "us-east-1",
            "tags": {
              "Environment": "dev",
              "ManagedBy": "Terraform",
              "Name": "dev-actividad6-dev-nat-eip",
              "OwnerName": "Francisco Briones",
              "ProjectName": "actividad6-dev-nat"
            },
            "tags_all": {
              "Environment": "dev",
              "ManagedBy": "Terraform",
              "Name": "dev-actividad6-dev-nat-eip",
              "OwnerName": "Francisco Briones",
              "Project": "actividad6",
              "ProjectName": "actividad6-dev-nat"
            },
            "timeouts": null
          },
          "sensitive_attributes": [],
          "private": "eyJlMmJmYjczMC1lY2FhLTExZTYtOGY4OC0zNDM2M2JjN2M0YzAiOnsiZGVsZXRlIjoxODAwMDAwMDAwMDAsInJlYWQiOjkwMDAwMDAwMDAwMCwidXBkYXRlIjozMDAwMDAwMDAwMDB9fQ==",
          "dependencies": [
            "module.vpc.aws_cloudwatch_log_group.flow_log",
            "module.vpc.aws_customer_gateway.this",
            "module.vpc.aws_db_subnet_group.database",
            "module.vpc.aws_default_network_acl.this",
            "module.vpc.aws_default_route_table.default",
            "module.vpc.aws_default_security_group.this",
            "module.vpc.aws_default_vpc.this",
            "module.vpc.aws_egress_only_internet_gateway.this",
            "module.vpc.aws_eip.nat",
            "module.vpc.aws_elasticache_subnet_group.elasticache",
            "module.vpc.aws_flow_log.this",
            "module.vpc.aws_iam_policy.vpc_flow_log_cloudwatch",
            "module.vpc.aws_iam_role.vpc_flow_log_cloudwatch",
            "module.vpc.aws_iam_role_policy_attachment.vpc_flow_log_cloudwatch",
            "module.vpc.aws_internet_gateway.this",
            "module.vpc.aws_nat_gateway.this",
            "module.vpc.aws_network_acl.database",
            "module.vpc.aws_network_acl.elasticache",
            "module.vpc.aws_network_acl.intra",
            "module.vpc.aws_network_acl.outpost",
            "module.vpc.aws_network_acl.private",
            "module.vpc.aws_network_acl.public",
            "module.vpc.aws_network_acl.redshift",
            "module.vpc.aws_network_acl_rule.database_inbound",
            "module.vpc.aws_network_acl_rule.database_outbound",
            "module.vpc.aws_network_acl_rule.elasticache_inbound",
            "module.vpc.aws_network_acl_rule.elasticache_outbound",
            "module.vpc.aws_network_acl_rule.intra_inbound",
            "module.vpc.aws_network_acl_rule.intra_outbound",
            "module.vpc.aws_network_acl_rule.outpost_inbound",
            "module.vpc.aws_network_acl_rule.outpost_outbound",
            "module.vpc.aws_network_acl_rule.private_inbound",
            "module.vpc.aws_network_acl_rule.private_outbound",
            "module.vpc.aws_network_acl_rule.public_inbound",
            "module.vpc.aws_network_acl_rule.public_outbound",
            "module.vpc.aws_network_acl_rule.redshift_inbound",
            "module.vpc.aws_network_acl_rule.redshift_outbound",
            "module.vpc.aws_redshift_subnet_group.redshift",
            "module.vpc.aws_route.database_dns64_nat_gateway",
            "module.vpc.aws_route.database_internet_gateway",
            "module.vpc.aws_route.database_ipv6_egress",
            "module.vpc.aws_route.database_nat_gateway",
            "module.vpc.aws_route.private_dns64_nat_gateway",
            "module.vpc.aws_route.private_ipv6_egress",
            "module.vpc.aws_route.private_nat_gateway",
            "module.vpc.aws_route.public_internet_gateway",
            "module.vpc.aws_route.public_internet_gateway_ipv6",
            "module.vpc.aws_route_table.database",
            "module.vpc.aws_route_table.elasticache",
            "module.vpc.aws_route_table.intra",
            "module.vpc.aws_route_table.private",
            "module.vpc.aws_route_table.public",
            "module.vpc.aws_route_table.redshift",
            "module.vpc.aws_route_table_association.database",
            "module.vpc.aws_route_table_association.elasticache",
            "module.vpc.aws_route_table_association.intra",
            "module.vpc.aws_route_table_association.outpost",
            "module.vpc.aws_route_table_association.private",
            "module.vpc.aws_route_table_association.public",
            "module.vpc.aws_route_table_association.redshift",
            "module.vpc.aws_route_table_association.redshift_public",
            "module.vpc.aws_subnet.database",
            "module.vpc.aws_subnet.elasticache",
            "module.vpc.aws_subnet.intra",
            "module.vpc.aws_subnet.outpost",
            "module.vpc.aws_subnet.private",
            "module.vpc.aws_subnet.public",
            "module.vpc.aws_subnet.redshift",
            "module.vpc.aws_vpc.this",
            "module.vpc.aws_vpc_block_public_access_exclusion.this",
            "module.vpc.aws_vpc_block_public_access_options.this",
            "module.vpc.aws_vpc_dhcp_options.this",
            "module.vpc.aws_vpc_dhcp_options_association.this",
            "module.vpc.aws_vpc_ipv4_cidr_block_association.this",
            "module.vpc.aws_vpn_gateway.this",
            "module.vpc.aws_vpn_gateway_attachment.this",
            "module.vpc.aws_vpn_gateway_route_propagation.intra",
            "module.vpc.aws_vpn_gateway_route_propagation.private",
            "module.vpc.aws_vpn_gateway_route_propagation.public",
            "module.vpc.data.aws_caller_identity.current",
            "module.vpc.data.aws_iam_policy_document.flow_log_cloudwatch_assume_role",
            "module.vpc.data.aws_iam_policy_document.vpc_flow_log_cloudwatch",
            "module.vpc.data.aws_partition.current",
            "module.vpc.data.aws_region.current"
          ]
        }
      ]
    },
    {
      "module": "module.nat_instance",
      "mode": "managed",
      "type": "aws_eip_association",
      "name": "nat_eip",
      "provider": "provider[\"registry.terraform.io/hashicorp/aws\"]",
      "instances": [
        {
          "schema_version": 0,
          "attributes": {
            "allocation_id": "eipalloc-0bce1844de74c9406",
            "allow_reassociation": null,
            "id": "eipassoc-05b7ff7d4b1497446",
            "instance_id": "i-0bb0f632718051da6",
            "network_interface_id": "eni-076291b4f74f2cd1c",
            "private_ip_address": "10.10.2.239",
            "public_ip": "52.204.112.171",
            "region": "us-east-1"
          },
          "sensitive_attributes": [],
          "private": "bnVsbA==",
          "dependencies": [
            "aws_key_pair.poc2_key",
            "module.nat_instance.aws_eip.nat",
            "module.nat_instance.aws_instance.nat_instance",
            "module.nat_instance.aws_security_group.nat_instance",
            "module.nat_instance.data.aws_ami.amazon_linux_2",
            "module.nat_instance.data.aws_ami.ubuntu",
            "module.vpc.aws_cloudwatch_log_group.flow_log",
            "module.vpc.aws_customer_gateway.this",
            "module.vpc.aws_db_subnet_group.database",
            "module.vpc.aws_default_network_acl.this",
            "module.vpc.aws_default_route_table.default",
            "module.vpc.aws_default_security_group.this",
            "module.vpc.aws_default_vpc.this",
            "module.vpc.aws_egress_only_internet_gateway.this",
            "module.vpc.aws_eip.nat",
            "module.vpc.aws_elasticache_subnet_group.elasticache",
            "module.vpc.aws_flow_log.this",
            "module.vpc.aws_iam_policy.vpc_flow_log_cloudwatch",
            "module.vpc.aws_iam_role.vpc_flow_log_cloudwatch",
            "module.vpc.aws_iam_role_policy_attachment.vpc_flow_log_cloudwatch",
            "module.vpc.aws_internet_gateway.this",
            "module.vpc.aws_nat_gateway.this",
            "module.vpc.aws_network_acl.database",
            "module.vpc.aws_network_acl.elasticache",
            "module.vpc.aws_network_acl.intra",
            "module.vpc.aws_network_acl.outpost",
            "module.vpc.aws_network_acl.private",
            "module.vpc.aws_network_acl.public",
            "module.vpc.aws_network_acl.redshift",
            "module.vpc.aws_network_acl_rule.database_inbound",
            "module.vpc.aws_network_acl_rule.database_outbound",
            "module.vpc.aws_network_acl_rule.elasticache_inbound",
            "module.vpc.aws_network_acl_rule.elasticache_outbound",
            "module.vpc.aws_network_acl_rule.intra_inbound",
            "module.vpc.aws_network_acl_rule.intra_outbound",
            "module.vpc.aws_network_acl_rule.outpost_inbound",
            "module.vpc.aws_network_acl_rule.outpost_outbound",
            "module.vpc.aws_network_acl_rule.private_inbound",
            "module.vpc.aws_network_acl_rule.private_outbound",
            "module.vpc.aws_network_acl_rule.public_inbound",
            "module.vpc.aws_network_acl_rule.public_outbound",
            "module.vpc.aws_network_acl_rule.redshift_inbound",
            "module.vpc.aws_network_acl_rule.redshift_outbound",
            "module.vpc.aws_redshift_subnet_group.redshift",
            "module.vpc.aws_route.database_dns64_nat_gateway",
            "module.vpc.aws_route.database_internet_gateway",
            "module.vpc.aws_route.database_ipv6_egress",
            "module.vpc.aws_route.database_nat_gateway",
            "module.vpc.aws_route.private_dns64_nat_gateway",
            "module.vpc.aws_route.private_ipv6_egress",
            "module.vpc.aws_route.private_nat_gateway",
            "module.vpc.aws_route.public_internet_gateway",
            "module.vpc.aws_route.public_internet_gateway_ipv6",
            "module.vpc.aws_route_table.database",
            "module.vpc.aws_route_table.elasticache",
            "module.vpc.aws_route_table.intra",
            "module.vpc.aws_route_table.private",
            "module.vpc.aws_route_table.public",
            "module.vpc.aws_route_table.redshift",
            "module.vpc.aws_route_table_association.database",
            "module.vpc.aws_route_table_association.elasticache",
            "module.vpc.aws_route_table_association.intra",
            "module.vpc.aws_route_table_association.outpost",
            "module.vpc.aws_route_table_association.private",
            "module.vpc.aws_route_table_association.public",
            "module.vpc.aws_route_table_association.redshift",
            "module.vpc.aws_route_table_association.redshift_public",
            "module.vpc.aws_subnet.database",
            "module.vpc.aws_subnet.elasticache",
            "module.vpc.aws_subnet.intra",
            "module.vpc.aws_subnet.outpost",
            "module.vpc.aws_subnet.private",
            "module.vpc.aws_subnet.public",
            "module.vpc.aws_subnet.redshift",
            "module.vpc.aws_vpc.this",
            "module.vpc.aws_vpc_block_public_access_exclusion.this",
            "module.vpc.aws_vpc_block_public_access_options.this",
            "module.vpc.aws_vpc_dhcp_options.this",
            "module.vpc.aws_vpc_dhcp_options_association.this",
            "module.vpc.aws_vpc_ipv4_cidr_block_association.this",
            "module.vpc.aws_vpn_gateway.this",
            "module.vpc.aws_vpn_gateway_attachment.this",
            "module.vpc.aws_vpn_gateway_route_propagation.intra",
            "module.vpc.aws_vpn_gateway_route_propagation.private",
            "module.vpc.aws_vpn_gateway_route_propagation.public",
            "module.vpc.data.aws_caller_identity.current",
            "module.vpc.data.aws_iam_policy_document.flow_log_cloudwatch_assume_role",
            "module.vpc.data.aws_iam_policy_document.vpc_flow_log_cloudwatch",
            "module.vpc.data.aws_partition.current",
            "module.vpc.data.aws_region.current",
            "tls_private_key.rsa_key"
          ]
        }
      ]
    },
    {
      "module": "module.nat_instance",
      "mode": "managed",
      "type": "aws_instance",
      "name": "nat_instance",
      "provider": "provider[\"registry.terraform.io/hashicorp/aws\"]",
      "instances": [
        {
          "schema_version": 2,
          "attributes": {
            "ami": "ami-0a7a97d4a0916d2b1",
            "arn": "arn:aws:ec2:us-east-1:891377192530:instance/i-0bb0f632718051da6",
            "associate_public_ip_address": true,
            "availability_zone": "us-east-1a",
            "capacity_reservation_specification": [
              {
                "capacity_reservation_preference": "open",
                "capacity_reservation_target": []
              }
            ],
            "cpu_options": [
              {
                "amd_sev_snp": "",
                "core_count": 1,
                "nested_virtualization": "",
                "threads_per_core": 2
              }
            ],
            "credit_specification": [
              {
                "cpu_credits": "unlimited"
              }
            ],
            "disable_api_stop": false,
            "disable_api_termination": false,
            "ebs_block_device": [],
            "ebs_optimized": false,
            "enable_primary_ipv6": null,
            "enclave_options": [
              {
                "enabled": false
              }
            ],
            "ephemeral_block_device": [],
            "force_destroy": false,
            "get_password_data": false,
            "hibernation": false,
            "host_id": "",
            "host_resource_group_arn": null,
            "iam_instance_profile": "",
            "id": "i-0bb0f632718051da6",
            "instance_initiated_shutdown_behavior": "stop",
            "instance_lifecycle": "",
            "instance_market_options": [],
            "instance_state": "running",
            "instance_type": "t3.micro",
            "ipv6_address_count": 0,
            "ipv6_addresses": [],
            "key_name": "actividad6-dev-key",
            "launch_template": [],
            "maintenance_options": [
              {
                "auto_recovery": "default"
              }
            ],
            "metadata_options": [
              {
                "http_endpoint": "enabled",
                "http_protocol_ipv6": "disabled",
                "http_put_response_hop_limit": 1,
                "http_tokens": "optional",
                "instance_metadata_tags": "disabled"
              }
            ],
            "monitoring": false,
            "network_interface": [],
            "outpost_arn": "",
            "password_data": "",
            "placement_group": "",
            "placement_group_id": "",
            "placement_partition_number": 0,
            "primary_network_interface": [
              {
                "delete_on_termination": true,
                "network_interface_id": "eni-076291b4f74f2cd1c"
              }
            ],
            "primary_network_interface_id": "eni-076291b4f74f2cd1c",
            "private_dns": "ip-10-10-2-239.ec2.internal",
            "private_dns_name_options": [
              {
                "enable_resource_name_dns_a_record": false,
                "enable_resource_name_dns_aaaa_record": false,
                "hostname_type": "ip-name"
              }
            ],
            "private_ip": "10.10.2.239",
            "public_dns": "ec2-52-204-112-171.compute-1.amazonaws.com",
            "public_ip": "52.204.112.171",
            "region": "us-east-1",
            "root_block_device": [
              {
                "delete_on_termination": true,
                "device_name": "/dev/xvda",
                "encrypted": false,
                "iops": 3000,
                "kms_key_id": "",
                "tags": {},
                "tags_all": {
                  "Environment": "dev",
                  "ManagedBy": "Terraform",
                  "OwnerName": "Francisco Briones",
                  "Project": "actividad6"
                },
                "throughput": 125,
                "volume_id": "vol-0a305ee38a8846e10",
                "volume_size": 8,
                "volume_type": "gp3"
              }
            ],
            "secondary_network_interface": [],
            "secondary_private_ips": [],
            "security_groups": [],
            "source_dest_check": false,
            "spot_instance_request_id": "",
            "subnet_id": "subnet-01b7d1172ace1670e",
            "tags": {
              "Environment": "dev",
              "ManagedBy": "Terraform",
              "Name": "ec2-dev-actividad6-dev-nat",
              "OwnerName": "Francisco Briones",
              "ProjectName": "actividad6-dev-nat"
            },
            "tags_all": {
              "Environment": "dev",
              "ManagedBy": "Terraform",
              "Name": "ec2-dev-actividad6-dev-nat",
              "OwnerName": "Francisco Briones",
              "Project": "actividad6",
              "ProjectName": "actividad6-dev-nat"
            },
            "tenancy": "default",
            "timeouts": null,
            "user_data": "#!/bin/bash\nset -e\n\n# Usar yum en lugar de dnf para máxima compatibilidad\nyum update -y\n\necho 'net.ipv4.ip_forward = 1' | tee -a /etc/sysctl.conf\nsysctl -p\n\nyum install -y iptables-services\n\niptables -t nat -A POSTROUTING -o eth0 -j MASQUERADE\niptables -A FORWARD -i eth0 -o eth0 -j ACCEPT\n\n# Guardar reglas para persistencia\niptables-save \u003e /etc/sysconfig/iptables\n\nsystemctl enable iptables\nsystemctl start iptables\n\nyum install -y tcpdump curl wget\n    \necho \"NAT Instance configured successfully\"\n",
            "user_data_base64": null,
            "user_data_replace_on_change": false,
            "volume_tags": null,
            "vpc_security_group_ids": [
              "sg-026b9b043444ae2ed"
            ]
          },
          "sensitive_attributes": [],
          "private": "eyJlMmJmYjczMC1lY2FhLTExZTYtOGY4OC0zNDM2M2JjN2M0YzAiOnsiY3JlYXRlIjo2MDAwMDAwMDAwMDAsImRlbGV0ZSI6MTIwMDAwMDAwMDAwMCwicmVhZCI6OTAwMDAwMDAwMDAwLCJ1cGRhdGUiOjYwMDAwMDAwMDAwMH0sInNjaGVtYV92ZXJzaW9uIjoiMiJ9",
          "dependencies": [
            "aws_key_pair.poc2_key",
            "module.nat_instance.aws_security_group.nat_instance",
            "module.nat_instance.data.aws_ami.amazon_linux_2",
            "module.nat_instance.data.aws_ami.ubuntu",
            "module.vpc.aws_cloudwatch_log_group.flow_log",
            "module.vpc.aws_customer_gateway.this",
            "module.vpc.aws_db_subnet_group.database",
            "module.vpc.aws_default_network_acl.this",
            "module.vpc.aws_default_route_table.default",
            "module.vpc.aws_default_security_group.this",
            "module.vpc.aws_default_vpc.this",
            "module.vpc.aws_egress_only_internet_gateway.this",
            "module.vpc.aws_eip.nat",
            "module.vpc.aws_elasticache_subnet_group.elasticache",
            "module.vpc.aws_flow_log.this",
            "module.vpc.aws_iam_policy.vpc_flow_log_cloudwatch",
            "module.vpc.aws_iam_role.vpc_flow_log_cloudwatch",
            "module.vpc.aws_iam_role_policy_attachment.vpc_flow_log_cloudwatch",
            "module.vpc.aws_internet_gateway.this",
            "module.vpc.aws_nat_gateway.this",
            "module.vpc.aws_network_acl.database",
            "module.vpc.aws_network_acl.elasticache",
            "module.vpc.aws_network_acl.intra",
            "module.vpc.aws_network_acl.outpost",
            "module.vpc.aws_network_acl.private",
            "module.vpc.aws_network_acl.public",
            "module.vpc.aws_network_acl.redshift",
            "module.vpc.aws_network_acl_rule.database_inbound",
            "module.vpc.aws_network_acl_rule.database_outbound",
            "module.vpc.aws_network_acl_rule.elasticache_inbound",
            "module.vpc.aws_network_acl_rule.elasticache_outbound",
            "module.vpc.aws_network_acl_rule.intra_inbound",
            "module.vpc.aws_network_acl_rule.intra_outbound",
            "module.vpc.aws_network_acl_rule.outpost_inbound",
            "module.vpc.aws_network_acl_rule.outpost_outbound",
            "module.vpc.aws_network_acl_rule.private_inbound",
            "module.vpc.aws_network_acl_rule.private_outbound",
            "module.vpc.aws_network_acl_rule.public_inbound",
            "module.vpc.aws_network_acl_rule.public_outbound",
            "module.vpc.aws_network_acl_rule.redshift_inbound",
            "module.vpc.aws_network_acl_rule.redshift_outbound",
            "module.vpc.aws_redshift_subnet_group.redshift",
            "module.vpc.aws_route.database_dns64_nat_gateway",
            "module.vpc.aws_route.database_internet_gateway",
            "module.vpc.aws_route.database_ipv6_egress",
            "module.vpc.aws_route.database_nat_gateway",
            "module.vpc.aws_route.private_dns64_nat_gateway",
            "module.vpc.aws_route.private_ipv6_egress",
            "module.vpc.aws_route.private_nat_gateway",
            "module.vpc.aws_route.public_internet_gateway",
            "module.vpc.aws_route.public_internet_gateway_ipv6",
            "module.vpc.aws_route_table.database",
            "module.vpc.aws_route_table.elasticache",
            "module.vpc.aws_route_table.intra",
            "module.vpc.aws_route_table.private",
            "module.vpc.aws_route_table.public",
            "module.vpc.aws_route_table.redshift",
            "module.vpc.aws_route_table_association.database",
            "module.vpc.aws_route_table_association.elasticache",
            "module.vpc.aws_route_table_association.intra",
            "module.vpc.aws_route_table_association.outpost",
            "module.vpc.aws_route_table_association.private",
            "module.vpc.aws_route_table_association.public",
            "module.vpc.aws_route_table_association.redshift",
            "module.vpc.aws_route_table_association.redshift_public",
            "module.vpc.aws_subnet.database",
            "module.vpc.aws_subnet.elasticache",
            "module.vpc.aws_subnet.intra",
            "module.vpc.aws_subnet.outpost",
            "module.vpc.aws_subnet.private",
            "module.vpc.aws_subnet.public",
            "module.vpc.aws_subnet.redshift",
            "module.vpc.aws_vpc.this",
            "module.vpc.aws_vpc_block_public_access_exclusion.this",
            "module.vpc.aws_vpc_block_public_access_options.this",
            "module.vpc.aws_vpc_dhcp_options.this",
            "module.vpc.aws_vpc_dhcp_options_association.this",
            "module.vpc.aws_vpc_ipv4_cidr_block_association.this",
            "module.vpc.aws_vpn_gateway.this",
            "module.vpc.aws_vpn_gateway_attachment.this",
            "module.vpc.aws_vpn_gateway_route_propagation.intra",
            "module.vpc.aws_vpn_gateway_route_propagation.private",
            "module.vpc.aws_vpn_gateway_route_propagation.public",
            "module.vpc.data.aws_caller_identity.current",
            "module.vpc.data.aws_iam_policy_document.flow_log_cloudwatch_assume_role",
            "module.vpc.data.aws_iam_policy_document.vpc_flow_log_cloudwatch",
            "module.vpc.data.aws_partition.current",
            "module.vpc.data.aws_region.current",
            "tls_private_key.rsa_key"
          ],
          "create_before_destroy": true
        }
      ]
    },
    {
      "module": "module.nat_instance",
      "mode": "managed",
      "type": "aws_route",
      "name": "nat_instance",
      "provider": "provider[\"registry.terraform.io/hashicorp/aws\"]",
      "instances": [
        {
          "index_key": 0,
          "schema_version": 0,
          "attributes": {
            "carrier_gateway_id": "",
            "core_network_arn": "",
            "destination_cidr_block": "0.0.0.0/0",
            "destination_ipv6_cidr_block": "",
            "destination_prefix_list_id": "",
            "egress_only_gateway_id": "",
            "gateway_id": "",
            "id": "r-rtb-01a4a642c82a527df1080289494",
            "instance_id": "i-0bb0f632718051da6",
            "instance_owner_id": "891377192530",
            "local_gateway_id": "",
            "nat_gateway_id": "",
            "network_interface_id": "eni-076291b4f74f2cd1c",
            "origin": "CreateRoute",
            "region": "us-east-1",
            "route_table_id": "rtb-01a4a642c82a527df",
            "state": "active",
            "timeouts": null,
            "transit_gateway_id": "",
            "vpc_endpoint_id": "",
            "vpc_peering_connection_id": ""
          },
          "sensitive_attributes": [],
          "private": "eyJlMmJmYjczMC1lY2FhLTExZTYtOGY4OC0zNDM2M2JjN2M0YzAiOnsiY3JlYXRlIjozMDAwMDAwMDAwMDAsImRlbGV0ZSI6MzAwMDAwMDAwMDAwLCJ1cGRhdGUiOjEyMDAwMDAwMDAwMH19",
          "dependencies": [
            "aws_key_pair.poc2_key",
            "module.nat_instance.aws_instance.nat_instance",
            "module.nat_instance.aws_security_group.nat_instance",
            "module.nat_instance.data.aws_ami.amazon_linux_2",
            "module.nat_instance.data.aws_ami.ubuntu",
            "module.vpc.aws_cloudwatch_log_group.flow_log",
            "module.vpc.aws_customer_gateway.this",
            "module.vpc.aws_db_subnet_group.database",
            "module.vpc.aws_default_network_acl.this",
            "module.vpc.aws_default_route_table.default",
            "module.vpc.aws_default_security_group.this",
            "module.vpc.aws_default_vpc.this",
            "module.vpc.aws_egress_only_internet_gateway.this",
            "module.vpc.aws_eip.nat",
            "module.vpc.aws_elasticache_subnet_group.elasticache",
            "module.vpc.aws_flow_log.this",
            "module.vpc.aws_iam_policy.vpc_flow_log_cloudwatch",
            "module.vpc.aws_iam_role.vpc_flow_log_cloudwatch",
            "module.vpc.aws_iam_role_policy_attachment.vpc_flow_log_cloudwatch",
            "module.vpc.aws_internet_gateway.this",
            "module.vpc.aws_nat_gateway.this",
            "module.vpc.aws_network_acl.database",
            "module.vpc.aws_network_acl.elasticache",
            "module.vpc.aws_network_acl.intra",
            "module.vpc.aws_network_acl.outpost",
            "module.vpc.aws_network_acl.private",
            "module.vpc.aws_network_acl.public",
            "module.vpc.aws_network_acl.redshift",
            "module.vpc.aws_network_acl_rule.database_inbound",
            "module.vpc.aws_network_acl_rule.database_outbound",
            "module.vpc.aws_network_acl_rule.elasticache_inbound",
            "module.vpc.aws_network_acl_rule.elasticache_outbound",
            "module.vpc.aws_network_acl_rule.intra_inbound",
            "module.vpc.aws_network_acl_rule.intra_outbound",
            "module.vpc.aws_network_acl_rule.outpost_inbound",
            "module.vpc.aws_network_acl_rule.outpost_outbound",
            "module.vpc.aws_network_acl_rule.private_inbound",
            "module.vpc.aws_network_acl_rule.private_outbound",
            "module.vpc.aws_network_acl_rule.public_inbound",
            "module.vpc.aws_network_acl_rule.public_outbound",
            "module.vpc.aws_network_acl_rule.redshift_inbound",
            "module.vpc.aws_network_acl_rule.redshift_outbound",
            "module.vpc.aws_redshift_subnet_group.redshift",
            "module.vpc.aws_route.database_dns64_nat_gateway",
            "module.vpc.aws_route.database_internet_gateway",
            "module.vpc.aws_route.database_ipv6_egress",
            "module.vpc.aws_route.database_nat_gateway",
            "module.vpc.aws_route.private_dns64_nat_gateway",
            "module.vpc.aws_route.private_ipv6_egress",
            "module.vpc.aws_route.private_nat_gateway",
            "module.vpc.aws_route.public_internet_gateway",
            "module.vpc.aws_route.public_internet_gateway_ipv6",
            "module.vpc.aws_route_table.database",
            "module.vpc.aws_route_table.elasticache",
            "module.vpc.aws_route_table.intra",
            "module.vpc.aws_route_table.private",
            "module.vpc.aws_route_table.public",
            "module.vpc.aws_route_table.redshift",
            "module.vpc.aws_route_table_association.database",
            "module.vpc.aws_route_table_association.elasticache",
            "module.vpc.aws_route_table_association.intra",
            "module.vpc.aws_route_table_association.outpost",
            "module.vpc.aws_route_table_association.private",
            "module.vpc.aws_route_table_association.public",
            "module.vpc.aws_route_table_association.redshift",
            "module.vpc.aws_route_table_association.redshift_public",
            "module.vpc.aws_subnet.database",
            "module.vpc.aws_subnet.elasticache",
            "module.vpc.aws_subnet.intra",
            "module.vpc.aws_subnet.outpost",
            "module.vpc.aws_subnet.private",
            "module.vpc.aws_subnet.public",
            "module.vpc.aws_subnet.redshift",
            "module.vpc.aws_vpc.this",
            "module.vpc.aws_vpc_block_public_access_exclusion.this",
            "module.vpc.aws_vpc_block_public_access_options.this",
            "module.vpc.aws_vpc_dhcp_options.this",
            "module.vpc.aws_vpc_dhcp_options_association.this",
            "module.vpc.aws_vpc_ipv4_cidr_block_association.this",
            "module.vpc.aws_vpn_gateway.this",
            "module.vpc.aws_vpn_gateway_attachment.this",
            "module.vpc.aws_vpn_gateway_route_propagation.intra",
            "module.vpc.aws_vpn_gateway_route_propagation.private",
            "module.vpc.aws_vpn_gateway_route_propagation.public",
            "module.vpc.data.aws_caller_identity.current",
            "module.vpc.data.aws_iam_policy_document.flow_log_cloudwatch_assume_role",
            "module.vpc.data.aws_iam_policy_document.vpc_flow_log_cloudwatch",
            "module.vpc.data.aws_partition.current",
            "module.vpc.data.aws_region.current",
            "tls_private_key.rsa_key"
          ],
          "create_before_destroy": true
        }
      ]
    },
    {
      "module": "module.nat_instance",
      "mode": "managed",
      "type": "aws_security_group",
      "name": "nat_instance",
      "provider": "provider[\"registry.terraform.io/hashicorp/aws\"]",
      "instances": [
        {
          "schema_version": 1,
          "attributes": {
            "arn": "arn:aws:ec2:us-east-1:891377192530:security-group/sg-026b9b043444ae2ed",
            "description": "Security group for NAT Instance",
            "egress": [
              {
                "cidr_blocks": [
                  "0.0.0.0/0"
                ],
                "description": "Allow all outbound traffic",
                "from_port": 0,
                "ipv6_cidr_blocks": [],
                "prefix_list_ids": [],
                "protocol": "-1",
                "security_groups": [],
                "self": false,
                "to_port": 0
              }
            ],
            "id": "sg-026b9b043444ae2ed",
            "ingress": [
              {
                "cidr_blocks": [
                  "10.10.0.0/24",
                  "10.10.1.0/24"
                ],
                "description": "TCP from private subnets",
                "from_port": 0,
                "ipv6_cidr_blocks": [],
                "prefix_list_ids": [],
                "protocol": "tcp",
                "security_groups": [],
                "self": false,
                "to_port": 65535
              },
              {
                "cidr_blocks": [
                  "10.10.0.0/24",
                  "10.10.1.0/24"
                ],
                "description": "UDP from private subnets",
                "from_port": 0,
                "ipv6_cidr_blocks": [],
                "prefix_list_ids": [],
                "protocol": "udp",
                "security_groups": [],
                "self": false,
                "to_port": 65535
              },
              {
                "cidr_blocks": [
                  "200.28.85.233/32",
                  "152.230.70.114/32",
                  "201.223.101.14/32"
                ],
                "description": "ICMP (ping) from allowed CIDRs",
                "from_port": -1,
                "ipv6_cidr_blocks": [],
                "prefix_list_ids": [],
                "protocol": "icmp",
                "security_groups": [],
                "self": false,
                "to_port": -1
              },
              {
                "cidr_blocks": [
                  "200.28.85.233/32",
                  "152.230.70.114/32",
                  "201.223.101.14/32"
                ],
                "description": "SSH access from allowed CIDRs",
                "from_port": 22,
                "ipv6_cidr_blocks": [],
                "prefix_list_ids": [],
                "protocol": "tcp",
                "security_groups": [],
                "self": false,
                "to_port": 22
              }
            ],
            "name": "dev-actividad6-dev-nat-nat-sg",
            "name_prefix": "",
            "owner_id": "891377192530",
            "region": "us-east-1",
            "revoke_rules_on_delete": false,
            "tags": {
              "Environment": "dev",
              "ManagedBy": "Terraform",
              "Name": "dev-actividad6-dev-nat-nat-instance-sg",
              "OwnerName": "Francisco Briones",
              "ProjectName": "actividad6-dev-nat"
            },
            "tags_all": {
              "Environment": "dev",
              "ManagedBy": "Terraform",
              "Name": "dev-actividad6-dev-nat-nat-instance-sg",
              "OwnerName": "Francisco Briones",
              "Project": "actividad6",
              "ProjectName": "actividad6-dev-nat"
            },
            "timeouts": null,
            "vpc_id": "vpc-0210f79b57b3b7199"
          },
          "sensitive_attributes": [],
          "private": "eyJlMmJmYjczMC1lY2FhLTExZTYtOGY4OC0zNDM2M2JjN2M0YzAiOnsiY3JlYXRlIjo2MDAwMDAwMDAwMDAsImRlbGV0ZSI6OTAwMDAwMDAwMDAwfSwic2NoZW1hX3ZlcnNpb24iOiIxIn0=",
          "dependencies": [
            "module.vpc.aws_cloudwatch_log_group.flow_log",
            "module.vpc.aws_customer_gateway.this",
            "module.vpc.aws_db_subnet_group.database",
            "module.vpc.aws_default_network_acl.this",
            "module.vpc.aws_default_route_table.default",
            "module.vpc.aws_default_security_group.this",
            "module.vpc.aws_default_vpc.this",
            "module.vpc.aws_egress_only_internet_gateway.this",
            "module.vpc.aws_eip.nat",
            "module.vpc.aws_elasticache_subnet_group.elasticache",
            "module.vpc.aws_flow_log.this",
            "module.vpc.aws_iam_policy.vpc_flow_log_cloudwatch",
            "module.vpc.aws_iam_role.vpc_flow_log_cloudwatch",
            "module.vpc.aws_iam_role_policy_attachment.vpc_flow_log_cloudwatch",
            "module.vpc.aws_internet_gateway.this",
            "module.vpc.aws_nat_gateway.this",
            "module.vpc.aws_network_acl.database",
            "module.vpc.aws_network_acl.elasticache",
            "module.vpc.aws_network_acl.intra",
            "module.vpc.aws_network_acl.outpost",
            "module.vpc.aws_network_acl.private",
            "module.vpc.aws_network_acl.public",
            "module.vpc.aws_network_acl.redshift",
            "module.vpc.aws_network_acl_rule.database_inbound",
            "module.vpc.aws_network_acl_rule.database_outbound",
            "module.vpc.aws_network_acl_rule.elasticache_inbound",
            "module.vpc.aws_network_acl_rule.elasticache_outbound",
            "module.vpc.aws_network_acl_rule.intra_inbound",
            "module.vpc.aws_network_acl_rule.intra_outbound",
            "module.vpc.aws_network_acl_rule.outpost_inbound",
            "module.vpc.aws_network_acl_rule.outpost_outbound",
            "module.vpc.aws_network_acl_rule.private_inbound",
            "module.vpc.aws_network_acl_rule.private_outbound",
            "module.vpc.aws_network_acl_rule.public_inbound",
            "module.vpc.aws_network_acl_rule.public_outbound",
            "module.vpc.aws_network_acl_rule.redshift_inbound",
            "module.vpc.aws_network_acl_rule.redshift_outbound",
            "module.vpc.aws_redshift_subnet_group.redshift",
            "module.vpc.aws_route.database_dns64_nat_gateway",
            "module.vpc.aws_route.database_internet_gateway",
            "module.vpc.aws_route.database_ipv6_egress",
            "module.vpc.aws_route.database_nat_gateway",
            "module.vpc.aws_route.private_dns64_nat_gateway",
            "module.vpc.aws_route.private_ipv6_egress",
            "module.vpc.aws_route.private_nat_gateway",
            "module.vpc.aws_route.public_internet_gateway",
            "module.vpc.aws_route.public_internet_gateway_ipv6",
            "module.vpc.aws_route_table.database",
            "module.vpc.aws_route_table.elasticache",
            "module.vpc.aws_route_table.intra",
            "module.vpc.aws_route_table.private",
            "module.vpc.aws_route_table.public",
            "module.vpc.aws_route_table.redshift",
            "module.vpc.aws_route_table_association.database",
            "module.vpc.aws_route_table_association.elasticache",
            "module.vpc.aws_route_table_association.intra",
            "module.vpc.aws_route_table_association.outpost",
            "module.vpc.aws_route_table_association.private",
            "module.vpc.aws_route_table_association.public",
            "module.vpc.aws_route_table_association.redshift",
            "module.vpc.aws_route_table_association.redshift_public",
            "module.vpc.aws_subnet.database",
            "module.vpc.aws_subnet.elasticache",
            "module.vpc.aws_subnet.intra",
            "module.vpc.aws_subnet.outpost",
            "module.vpc.aws_subnet.private",
            "module.vpc.aws_subnet.public",
            "module.vpc.aws_subnet.redshift",
            "module.vpc.aws_vpc.this",
            "module.vpc.aws_vpc_block_public_access_exclusion.this",
            "module.vpc.aws_vpc_block_public_access_options.this",
            "module.vpc.aws_vpc_dhcp_options.this",
            "module.vpc.aws_vpc_dhcp_options_association.this",
            "module.vpc.aws_vpc_ipv4_cidr_block_association.this",
            "module.vpc.aws_vpn_gateway.this",
            "module.vpc.aws_vpn_gateway_attachment.this",
            "module.vpc.aws_vpn_gateway_route_propagation.intra",
            "module.vpc.aws_vpn_gateway_route_propagation.private",
            "module.vpc.aws_vpn_gateway_route_propagation.public",
            "module.vpc.data.aws_caller_identity.current",
            "module.vpc.data.aws_iam_policy_document.flow_log_cloudwatch_assume_role",
            "module.vpc.data.aws_iam_policy_document.vpc_flow_log_cloudwatch",
            "module.vpc.data.aws_partition.current",
            "module.vpc.data.aws_region.current"
          ],
          "create_before_destroy": true
        }
      ]
    },
    {
      "module": "module.vpc",
      "mode": "data",
      "type": "aws_iam_policy_document",
      "name": "flow_log_cloudwatch_assume_role",
      "provider": "provider[\"registry.terraform.io/hashicorp/aws\"]",
      "instances": []
    },
    {
      "module": "module.vpc",
      "mode": "managed",
      "type": "aws_cloudwatch_log_group",
      "name": "flow_log",
      "provider": "provider[\"registry.terraform.io/hashicorp/aws\"]",
      "instances": []
    },
    {
      "module": "module.vpc",
      "mode": "managed",
      "type": "aws_customer_gateway",
      "name": "this",
      "provider": "provider[\"registry.terraform.io/hashicorp/aws\"]",
      "instances": []
    },
    {
      "module": "module.vpc",
      "mode": "managed",
      "type": "aws_db_subnet_group",
      "name": "database",
      "provider": "provider[\"registry.terraform.io/hashicorp/aws\"]",
      "instances": []
    },
    {
      "module": "module.vpc",
      "mode": "managed",
      "type": "aws_default_network_acl",
      "name": "this",
      "provider": "provider[\"registry.terraform.io/hashicorp/aws\"]",
      "instances": [
        {
          "index_key": 0,
          "schema_version": 0,
          "attributes": {
            "arn": "arn:aws:ec2:us-east-1:891377192530:network-acl/acl-0b65329e4a1a87890",
            "default_network_acl_id": "acl-0b65329e4a1a87890",
            "egress": [
              {
                "action": "allow",
                "cidr_block": "",
                "from_port": 0,
                "icmp_code": 0,
                "icmp_type": 0,
                "ipv6_cidr_block": "::/0",
                "protocol": "-1",
                "rule_no": 101,
                "to_port": 0
              },
              {
                "action": "allow",
                "cidr_block": "0.0.0.0/0",
                "from_port": 0,
                "icmp_code": 0,
                "icmp_type": 0,
                "ipv6_cidr_block": "",
                "protocol": "-1",
                "rule_no": 100,
                "to_port": 0
              }
            ],
            "id": "acl-0b65329e4a1a87890",
            "ingress": [
              {
                "action": "allow",
                "cidr_block": "",
                "from_port": 0,
                "icmp_code": 0,
                "icmp_type": 0,
                "ipv6_cidr_block": "::/0",
                "protocol": "-1",
                "rule_no": 101,
                "to_port": 0
              },
              {
                "action": "allow",
                "cidr_block": "0.0.0.0/0",
                "from_port": 0,
                "icmp_code": 0,
                "icmp_type": 0,
                "ipv6_cidr_block": "",
                "protocol": "-1",
                "rule_no": 100,
                "to_port": 0
              }
            ],
            "owner_id": "891377192530",
            "region": "us-east-1",
            "subnet_ids": [
              "subnet-00af34badc7e79092",
              "subnet-0120c96b00fd6e0f1",
              "subnet-01b7d1172ace1670e",
              "subnet-03d049a95b7299d03"
            ],
            "tags": {
              "Name": "actividad6-dev-vpc-default"
            },
            "tags_all": {
              "Environment": "dev",
              "ManagedBy": "Terraform",
              "Name": "actividad6-dev-vpc-default",
              "OwnerName": "Francisco Briones",
              "Project": "actividad6"
            },
            "vpc_id": "vpc-0210f79b57b3b7199"
          },
          "sensitive_attributes": [],
          "private": "bnVsbA==",
          "dependencies": [
            "module.vpc.aws_vpc.this"
          ],
          "create_before_destroy": true
        }
      ]
    },
    {
      "module": "module.vpc",
      "mode": "managed",
      "type": "aws_default_route_table",
      "name": "default",
      "provider": "provider[\"registry.terraform.io/hashicorp/aws\"]",
      "instances": [
        {
          "index_key": 0,
          "schema_version": 0,
          "attributes": {
            "arn": "arn:aws:ec2:us-east-1:891377192530:route-table/rtb-01f84b2b864307479",
            "default_route_table_id": "rtb-01f84b2b864307479",
            "id": "rtb-01f84b2b864307479",
            "owner_id": "891377192530",
            "propagating_vgws": [],
            "region": "us-east-1",
            "route": [],
            "tags": {
              "Name": "actividad6-dev-vpc-default"
            },
            "tags_all": {
              "Environment": "dev",
              "ManagedBy": "Terraform",
              "Name": "actividad6-dev-vpc-default",
              "OwnerName": "Francisco Briones",
              "Project": "actividad6"
            },
            "timeouts": {
              "create": "5m",
              "update": "5m"
            },
            "vpc_id": "vpc-0210f79b57b3b7199"
          },
          "sensitive_attributes": [],
          "private": "eyJlMmJmYjczMC1lY2FhLTExZTYtOGY4OC0zNDM2M2JjN2M0YzAiOnsiY3JlYXRlIjozMDAwMDAwMDAwMDAsInVwZGF0ZSI6MzAwMDAwMDAwMDAwfX0=",
          "dependencies": [
            "module.vpc.aws_vpc.this"
          ],
          "create_before_destroy": true
        }
      ]
    },
    {
      "module": "module.vpc",
      "mode": "managed",
      "type": "aws_default_security_group",
      "name": "this",
      "provider": "provider[\"registry.terraform.io/hashicorp/aws\"]",
      "instances": [
        {
          "index_key": 0,
          "schema_version": 1,
          "attributes": {
            "arn": "arn:aws:ec2:us-east-1:891377192530:security-group/sg-0e2dd593188a28f92",
            "description": "default VPC security group",
            "egress": [],
            "id": "sg-0e2dd593188a28f92",
            "ingress": [],
            "name": "default",
            "name_prefix": "",
            "owner_id": "891377192530",
            "region": "us-east-1",
            "revoke_rules_on_delete": false,
            "tags": {
              "Name": "actividad6-dev-vpc-default"
            },
            "tags_all": {
              "Environment": "dev",
              "ManagedBy": "Terraform",
              "Name": "actividad6-dev-vpc-default",
              "OwnerName": "Francisco Briones",
              "Project": "actividad6"
            },
            "vpc_id": "vpc-0210f79b57b3b7199"
          },
          "sensitive_attributes": [],
          "private": "eyJzY2hlbWFfdmVyc2lvbiI6IjEifQ==",
          "dependencies": [
            "module.vpc.aws_vpc.this"
          ],
          "create_before_destroy": true
        }
      ]
    },
    {
      "module": "module.vpc",
      "mode": "managed",
      "type": "aws_default_vpc",
      "name": "this",
      "provider": "provider[\"registry.terraform.io/hashicorp/aws\"]",
      "instances": []
    },
    {
      "module": "module.vpc",
      "mode": "managed",
      "type": "aws_egress_only_internet_gateway",
      "name": "this",
      "provider": "provider[\"registry.terraform.io/hashicorp/aws\"]",
      "instances": []
    },
    {
      "module": "module.vpc",
      "mode": "managed",
      "type": "aws_eip",
      "name": "nat",
      "provider": "provider[\"registry.terraform.io/hashicorp/aws\"]",
      "instances": []
    },
    {
      "module": "module.vpc",
      "mode": "managed",
      "type": "aws_elasticache_subnet_group",
      "name": "elasticache",
      "provider": "provider[\"registry.terraform.io/hashicorp/aws\"]",
      "instances": []
    },
    {
      "module": "module.vpc",
      "mode": "managed",
      "type": "aws_flow_log",
      "name": "this",
      "provider": "provider[\"registry.terraform.io/hashicorp/aws\"]",
      "instances": []
    },
    {
      "module": "module.vpc",
      "mode": "managed",
      "type": "aws_iam_role",
      "name": "vpc_flow_log_cloudwatch",
      "provider": "provider[\"registry.terraform.io/hashicorp/aws\"]",
      "instances": []
    },
    {
      "module": "module.vpc",
      "mode": "managed",
      "type": "aws_internet_gateway",
      "name": "this",
      "provider": "provider[\"registry.terraform.io/hashicorp/aws\"]",
      "instances": [
        {
          "index_key": 0,
          "schema_version": 0,
          "attributes": {
            "arn": "arn:aws:ec2:us-east-1:891377192530:internet-gateway/igw-0e65eaecc41f05d87",
            "id": "igw-0e65eaecc41f05d87",
            "owner_id": "891377192530",
            "region": "us-east-1",
            "tags": {
              "Name": "actividad6-dev-igw"
            },
            "tags_all": {
              "Environment": "dev",
              "ManagedBy": "Terraform",
              "Name": "actividad6-dev-igw",
              "OwnerName": "Francisco Briones",
              "Project": "actividad6"
            },
            "timeouts": null,
            "vpc_id": "vpc-0210f79b57b3b7199"
          },
          "sensitive_attributes": [],
          "private": "eyJlMmJmYjczMC1lY2FhLTExZTYtOGY4OC0zNDM2M2JjN2M0YzAiOnsiY3JlYXRlIjoxMjAwMDAwMDAwMDAwLCJkZWxldGUiOjEyMDAwMDAwMDAwMDAsInVwZGF0ZSI6MTIwMDAwMDAwMDAwMH19",
          "dependencies": [
            "module.vpc.aws_vpc.this",
            "module.vpc.aws_vpc_ipv4_cidr_block_association.this"
          ],
          "create_before_destroy": true
        }
      ]
    },
    {
      "module": "module.vpc",
      "mode": "managed",
      "type": "aws_nat_gateway",
      "name": "this",
      "provider": "provider[\"registry.terraform.io/hashicorp/aws\"]",
      "instances": []
    },
    {
      "module": "module.vpc",
      "mode": "managed",
      "type": "aws_network_acl",
      "name": "database",
      "provider": "provider[\"registry.terraform.io/hashicorp/aws\"]",
      "instances": []
    },
    {
      "module": "module.vpc",
      "mode": "managed",
      "type": "aws_network_acl",
      "name": "elasticache",
      "provider": "provider[\"registry.terraform.io/hashicorp/aws\"]",
      "instances": []
    },
    {
      "module": "module.vpc",
      "mode": "managed",
      "type": "aws_network_acl",
      "name": "intra",
      "provider": "provider[\"registry.terraform.io/hashicorp/aws\"]",
      "instances": []
    },
    {
      "module": "module.vpc",
      "mode": "managed",
      "type": "aws_network_acl",
      "name": "outpost",
      "provider": "provider[\"registry.terraform.io/hashicorp/aws\"]",
      "instances": []
    },
    {
      "module": "module.vpc",
      "mode": "managed",
      "type": "aws_network_acl",
      "name": "private",
      "provider": "provider[\"registry.terraform.io/hashicorp/aws\"]",
      "instances": []
    },
    {
      "module": "module.vpc",
      "mode": "managed",
      "type": "aws_network_acl",
      "name": "public",
      "provider": "provider[\"registry.terraform.io/hashicorp/aws\"]",
      "instances": []
    },
    {
      "module": "module.vpc",
      "mode": "managed",
      "type": "aws_network_acl",
      "name": "redshift",
      "provider": "provider[\"registry.terraform.io/hashicorp/aws\"]",
      "instances": []
    },
    {
      "module": "module.vpc",
      "mode": "managed",
      "type": "aws_redshift_subnet_group",
      "name": "redshift",
      "provider": "provider[\"registry.terraform.io/hashicorp/aws\"]",
      "instances": []
    },
    {
      "module": "module.vpc",
      "mode": "managed",
      "type": "aws_route",
      "name": "database_internet_gateway",
      "provider": "provider[\"registry.terraform.io/hashicorp/aws\"]",
      "instances": []
    },
    {
      "module": "module.vpc",
      "mode": "managed",
      "type": "aws_route",
      "name": "database_ipv6_egress",
      "provider": "provider[\"registry.terraform.io/hashicorp/aws\"]",
      "instances": []
    },
    {
      "module": "module.vpc",
      "mode": "managed",
      "type": "aws_route",
      "name": "database_nat_gateway",
      "provider": "provider[\"registry.terraform.io/hashicorp/aws\"]",
      "instances": []
    },
    {
      "module": "module.vpc",
      "mode": "managed",
      "type": "aws_route",
      "name": "private_ipv6_egress",
      "provider": "provider[\"registry.terraform.io/hashicorp/aws\"]",
      "instances": []
    },
    {
      "module": "module.vpc",
      "mode": "managed",
      "type": "aws_route",
      "name": "private_nat_gateway",
      "provider": "provider[\"registry.terraform.io/hashicorp/aws\"]",
      "instances": []
    },
    {
      "module": "module.vpc",
      "mode": "managed",
      "type": "aws_route",
      "name": "public_internet_gateway",
      "provider": "provider[\"registry.terraform.io/hashicorp/aws\"]",
      "instances": [
        {
          "index_key": 0,
          "schema_version": 0,
          "attributes": {
            "carrier_gateway_id": "",
            "core_network_arn": "",
            "destination_cidr_block": "0.0.0.0/0",
            "destination_ipv6_cidr_block": "",
            "destination_prefix_list_id": "",
            "egress_only_gateway_id": "",
            "gateway_id": "igw-0e65eaecc41f05d87",
            "id": "r-rtb-0a508820411001a351080289494",
            "instance_id": "",
            "instance_owner_id": "",
            "local_gateway_id": "",
            "nat_gateway_id": "",
            "network_interface_id": "",
            "origin": "CreateRoute",
            "region": "us-east-1",
            "route_table_id": "rtb-0a508820411001a35",
            "state": "active",
            "timeouts": {
              "create": "5m",
              "delete": null,
              "update": null
            },
            "transit_gateway_id": "",
            "vpc_endpoint_id": "",
            "vpc_peering_connection_id": ""
          },
          "sensitive_attributes": [],
          "private": "eyJlMmJmYjczMC1lY2FhLTExZTYtOGY4OC0zNDM2M2JjN2M0YzAiOnsiY3JlYXRlIjozMDAwMDAwMDAwMDAsImRlbGV0ZSI6MzAwMDAwMDAwMDAwLCJ1cGRhdGUiOjEyMDAwMDAwMDAwMH19",
          "dependencies": [
            "module.vpc.aws_internet_gateway.this",
            "module.vpc.aws_route_table.public",
            "module.vpc.aws_vpc.this",
            "module.vpc.aws_vpc_ipv4_cidr_block_association.this"
          ],
          "create_before_destroy": true
        }
      ]
    },
    {
      "module": "module.vpc",
      "mode": "managed",
      "type": "aws_route",
      "name": "public_internet_gateway_ipv6",
      "provider": "provider[\"registry.terraform.io/hashicorp/aws\"]",
      "instances": []
    },
    {
      "module": "module.vpc",
      "mode": "managed",
      "type": "aws_route_table",
      "name": "database",
      "provider": "provider[\"registry.terraform.io/hashicorp/aws\"]",
      "instances": []
    },
    {
      "module": "module.vpc",
      "mode": "managed",
      "type": "aws_route_table",
      "name": "elasticache",
      "provider": "provider[\"registry.terraform.io/hashicorp/aws\"]",
      "instances": []
    },
    {
      "module": "module.vpc",
      "mode": "managed",
      "type": "aws_route_table",
      "name": "intra",
      "provider": "provider[\"registry.terraform.io/hashicorp/aws\"]",
      "instances": []
    },
    {
      "module": "module.vpc",
      "mode": "managed",
      "type": "aws_route_table",
      "name": "private",
      "provider": "provider[\"registry.terraform.io/hashicorp/aws\"]",
      "instances": [
        {
          "index_key": 0,
          "schema_version": 0,
          "attributes": {
            "arn": "arn:aws:ec2:us-east-1:891377192530:route-table/rtb-01a4a642c82a527df",
            "id": "rtb-01a4a642c82a527df",
            "owner_id": "891377192530",
            "propagating_vgws": [],
            "region": "us-east-1",
            "route": [
              {
                "carrier_gateway_id": "",
                "cidr_block": "0.0.0.0/0",
                "core_network_arn": "",
                "destination_prefix_list_id": "",
                "egress_only_gateway_id": "",
                "gateway_id": "",
                "ipv6_cidr_block": "",
                "local_gateway_id": "",
                "nat_gateway_id": "",
                "network_interface_id": "eni-076291b4f74f2cd1c",
                "transit_gateway_id": "",
                "vpc_endpoint_id": "",
                "vpc_peering_connection_id": ""
              }
            ],
            "tags": {
              "Name": "actividad6-dev-private-rt"
            },
            "tags_all": {
              "Environment": "dev",
              "ManagedBy": "Terraform",
              "Name": "actividad6-dev-private-rt",
              "OwnerName": "Francisco Briones",
              "Project": "actividad6"
            },
            "timeouts": null,
            "vpc_id": "vpc-0210f79b57b3b7199"
          },
          "sensitive_attributes": [],
          "private": "eyJlMmJmYjczMC1lY2FhLTExZTYtOGY4OC0zNDM2M2JjN2M0YzAiOnsiY3JlYXRlIjozMDAwMDAwMDAwMDAsImRlbGV0ZSI6MzAwMDAwMDAwMDAwLCJ1cGRhdGUiOjEyMDAwMDAwMDAwMH19",
          "dependencies": [
            "module.vpc.aws_vpc.this",
            "module.vpc.aws_vpc_ipv4_cidr_block_association.this"
          ],
          "create_before_destroy": true
        }
      ]
    },
    {
      "module": "module.vpc",
      "mode": "managed",
      "type": "aws_route_table",
      "name": "public",
      "provider": "provider[\"registry.terraform.io/hashicorp/aws\"]",
      "instances": [
        {
          "index_key": 0,
          "schema_version": 0,
          "attributes": {
            "arn": "arn:aws:ec2:us-east-1:891377192530:route-table/rtb-0a508820411001a35",
            "id": "rtb-0a508820411001a35",
            "owner_id": "891377192530",
            "propagating_vgws": [],
            "region": "us-east-1",
            "route": [
              {
                "carrier_gateway_id": "",
                "cidr_block": "0.0.0.0/0",
                "core_network_arn": "",
                "destination_prefix_list_id": "",
                "egress_only_gateway_id": "",
                "gateway_id": "igw-0e65eaecc41f05d87",
                "ipv6_cidr_block": "",
                "local_gateway_id": "",
                "nat_gateway_id": "",
                "network_interface_id": "",
                "transit_gateway_id": "",
                "vpc_endpoint_id": "",
                "vpc_peering_connection_id": ""
              }
            ],
            "tags": {
              "Name": "actividad6-dev-public-rt"
            },
            "tags_all": {
              "Environment": "dev",
              "ManagedBy": "Terraform",
              "Name": "actividad6-dev-public-rt",
              "OwnerName": "Francisco Briones",
              "Project": "actividad6"
            },
            "timeouts": null,
            "vpc_id": "vpc-0210f79b57b3b7199"
          },
          "sensitive_attributes": [],
          "private": "eyJlMmJmYjczMC1lY2FhLTExZTYtOGY4OC0zNDM2M2JjN2M0YzAiOnsiY3JlYXRlIjozMDAwMDAwMDAwMDAsImRlbGV0ZSI6MzAwMDAwMDAwMDAwLCJ1cGRhdGUiOjEyMDAwMDAwMDAwMH19",
          "dependencies": [
            "module.vpc.aws_vpc.this",
            "module.vpc.aws_vpc_ipv4_cidr_block_association.this"
          ],
          "create_before_destroy": true
        }
      ]
    },
    {
      "module": "module.vpc",
      "mode": "managed",
      "type": "aws_route_table",
      "name": "redshift",
      "provider": "provider[\"registry.terraform.io/hashicorp/aws\"]",
      "instances": []
    },
    {
      "module": "module.vpc",
      "mode": "managed",
      "type": "aws_route_table_association",
      "name": "database",
      "provider": "provider[\"registry.terraform.io/hashicorp/aws\"]",
      "instances": []
    },
    {
      "module": "module.vpc",
      "mode": "managed",
      "type": "aws_route_table_association",
      "name": "elasticache",
      "provider": "provider[\"registry.terraform.io/hashicorp/aws\"]",
      "instances": []
    },
    {
      "module": "module.vpc",
      "mode": "managed",
      "type": "aws_route_table_association",
      "name": "intra",
      "provider": "provider[\"registry.terraform.io/hashicorp/aws\"]",
      "instances": []
    },
    {
      "module": "module.vpc",
      "mode": "managed",
      "type": "aws_route_table_association",
      "name": "private",
      "provider": "provider[\"registry.terraform.io/hashicorp/aws\"]",
      "instances": [
        {
          "index_key": 0,
          "schema_version": 0,
          "attributes": {
            "gateway_id": "",
            "id": "rtbassoc-0ae8657d8996f1127",
            "region": "us-east-1",
            "route_table_id": "rtb-01a4a642c82a527df",
            "subnet_id": "subnet-00af34badc7e79092",
            "timeouts": null
          },
          "sensitive_attributes": [],
          "private": "eyJlMmJmYjczMC1lY2FhLTExZTYtOGY4OC0zNDM2M2JjN2M0YzAiOnsiY3JlYXRlIjozMDAwMDAwMDAwMDAsImRlbGV0ZSI6MzAwMDAwMDAwMDAwLCJ1cGRhdGUiOjEyMDAwMDAwMDAwMH19",
          "dependencies": [
            "module.vpc.aws_route_table.private",
            "module.vpc.aws_subnet.private",
            "module.vpc.aws_vpc.this",
            "module.vpc.aws_vpc_ipv4_cidr_block_association.this"
          ],
          "create_before_destroy": true
        },
        {
          "index_key": 1,
          "schema_version": 0,
          "attributes": {
            "gateway_id": "",
            "id": "rtbassoc-0bc5ba9bb04f98cfc",
            "region": "us-east-1",
            "route_table_id": "rtb-01a4a642c82a527df",
            "subnet_id": "subnet-03d049a95b7299d03",
            "timeouts": null
          },
          "sensitive_attributes": [],
          "private": "eyJlMmJmYjczMC1lY2FhLTExZTYtOGY4OC0zNDM2M2JjN2M0YzAiOnsiY3JlYXRlIjozMDAwMDAwMDAwMDAsImRlbGV0ZSI6MzAwMDAwMDAwMDAwLCJ1cGRhdGUiOjEyMDAwMDAwMDAwMH19",
          "dependencies": [
            "module.vpc.aws_route_table.private",
            "module.vpc.aws_subnet.private",
            "module.vpc.aws_vpc.this",
            "module.vpc.aws_vpc_ipv4_cidr_block_association.this"
          ],
          "create_before_destroy": true
        }
      ]
    },
    {
      "module": "module.vpc",
      "mode": "managed",
      "type": "aws_route_table_association",
      "name": "public",
      "provider": "provider[\"registry.terraform.io/hashicorp/aws\"]",
      "instances": [
        {
          "index_key": 0,
          "schema_version": 0,
          "attributes": {
            "gateway_id": "",
            "id": "rtbassoc-07909279c83671908",
            "region": "us-east-1",
            "route_table_id": "rtb-0a508820411001a35",
            "subnet_id": "subnet-01b7d1172ace1670e",
            "timeouts": null
          },
          "sensitive_attributes": [],
          "private": "eyJlMmJmYjczMC1lY2FhLTExZTYtOGY4OC0zNDM2M2JjN2M0YzAiOnsiY3JlYXRlIjozMDAwMDAwMDAwMDAsImRlbGV0ZSI6MzAwMDAwMDAwMDAwLCJ1cGRhdGUiOjEyMDAwMDAwMDAwMH19",
          "dependencies": [
            "module.vpc.aws_route_table.public",
            "module.vpc.aws_subnet.public",
            "module.vpc.aws_vpc.this",
            "module.vpc.aws_vpc_ipv4_cidr_block_association.this"
          ],
          "create_before_destroy": true
        },
        {
          "index_key": 1,
          "schema_version": 0,
          "attributes": {
            "gateway_id": "",
            "id": "rtbassoc-097ba6d10be2f87a8",
            "region": "us-east-1",
            "route_table_id": "rtb-0a508820411001a35",
            "subnet_id": "subnet-0120c96b00fd6e0f1",
            "timeouts": null
          },
          "sensitive_attributes": [],
          "private": "eyJlMmJmYjczMC1lY2FhLTExZTYtOGY4OC0zNDM2M2JjN2M0YzAiOnsiY3JlYXRlIjozMDAwMDAwMDAwMDAsImRlbGV0ZSI6MzAwMDAwMDAwMDAwLCJ1cGRhdGUiOjEyMDAwMDAwMDAwMH19",
          "dependencies": [
            "module.vpc.aws_route_table.public",
            "module.vpc.aws_subnet.public",
            "module.vpc.aws_vpc.this",
            "module.vpc.aws_vpc_ipv4_cidr_block_association.this"
          ],
          "create_before_destroy": true
        }
      ]
    },
    {
      "module": "module.vpc",
      "mode": "managed",
      "type": "aws_route_table_association",
      "name": "redshift",
      "provider": "provider[\"registry.terraform.io/hashicorp/aws\"]",
      "instances": []
    },
    {
      "module": "module.vpc",
      "mode": "managed",
      "type": "aws_route_table_association",
      "name": "redshift_public",
      "provider": "provider[\"registry.terraform.io/hashicorp/aws\"]",
      "instances": []
    },
    {
      "module": "module.vpc",
      "mode": "managed",
      "type": "aws_subnet",
      "name": "database",
      "provider": "provider[\"registry.terraform.io/hashicorp/aws\"]",
      "instances": []
    },
    {
      "module": "module.vpc",
      "mode": "managed",
      "type": "aws_subnet",
      "name": "elasticache",
      "provider": "provider[\"registry.terraform.io/hashicorp/aws\"]",
      "instances": []
    },
    {
      "module": "module.vpc",
      "mode": "managed",
      "type": "aws_subnet",
      "name": "intra",
      "provider": "provider[\"registry.terraform.io/hashicorp/aws\"]",
      "instances": []
    },
    {
      "module": "module.vpc",
      "mode": "managed",
      "type": "aws_subnet",
      "name": "outpost",
      "provider": "provider[\"registry.terraform.io/hashicorp/aws\"]",
      "instances": []
    },
    {
      "module": "module.vpc",
      "mode": "managed",
      "type": "aws_subnet",
      "name": "private",
      "provider": "provider[\"registry.terraform.io/hashicorp/aws\"]",
      "instances": [
        {
          "index_key": 0,
          "schema_version": 1,
          "attributes": {
            "arn": "arn:aws:ec2:us-east-1:891377192530:subnet/subnet-00af34badc7e79092",
            "assign_ipv6_address_on_creation": false,
            "availability_zone": "us-east-1a",
            "availability_zone_id": "use1-az2",
            "cidr_block": "10.10.0.0/24",
            "customer_owned_ipv4_pool": "",
            "enable_dns64": false,
            "enable_lni_at_device_index": 0,
            "enable_resource_name_dns_a_record_on_launch": false,
            "enable_resource_name_dns_aaaa_record_on_launch": false,
            "id": "subnet-00af34badc7e79092",
            "ipv4_ipam_pool_id": null,
            "ipv4_netmask_length": null,
            "ipv6_cidr_block": "",
            "ipv6_cidr_block_association_id": "",
            "ipv6_ipam_pool_id": null,
            "ipv6_native": false,
            "ipv6_netmask_length": null,
            "map_customer_owned_ip_on_launch": false,
            "map_public_ip_on_launch": false,
            "outpost_arn": "",
            "owner_id": "891377192530",
            "private_dns_hostname_type_on_launch": "ip-name",
            "region": "us-east-1",
            "tags": {
              "Name": "actividad6-dev-private-us-east-1a"
            },
            "tags_all": {
              "Environment": "dev",
              "ManagedBy": "Terraform",
              "Name": "actividad6-dev-private-us-east-1a",
              "OwnerName": "Francisco Briones",
              "Project": "actividad6"
            },
            "timeouts": null,
            "vpc_id": "vpc-0210f79b57b3b7199"
          },
          "sensitive_attributes": [],
          "private": "eyJlMmJmYjczMC1lY2FhLTExZTYtOGY4OC0zNDM2M2JjN2M0YzAiOnsiY3JlYXRlIjo2MDAwMDAwMDAwMDAsImRlbGV0ZSI6MTIwMDAwMDAwMDAwMH0sInNjaGVtYV92ZXJzaW9uIjoiMSJ9",
          "dependencies": [
            "module.vpc.aws_vpc.this",
            "module.vpc.aws_vpc_ipv4_cidr_block_association.this"
          ],
          "create_before_destroy": true
        },
        {
          "index_key": 1,
          "schema_version": 1,
          "attributes": {
            "arn": "arn:aws:ec2:us-east-1:891377192530:subnet/subnet-03d049a95b7299d03",
            "assign_ipv6_address_on_creation": false,
            "availability_zone": "us-east-1b",
            "availability_zone_id": "use1-az4",
            "cidr_block": "10.10.1.0/24",
            "customer_owned_ipv4_pool": "",
            "enable_dns64": false,
            "enable_lni_at_device_index": 0,
            "enable_resource_name_dns_a_record_on_launch": false,
            "enable_resource_name_dns_aaaa_record_on_launch": false,
            "id": "subnet-03d049a95b7299d03",
            "ipv4_ipam_pool_id": null,
            "ipv4_netmask_length": null,
            "ipv6_cidr_block": "",
            "ipv6_cidr_block_association_id": "",
            "ipv6_ipam_pool_id": null,
            "ipv6_native": false,
            "ipv6_netmask_length": null,
            "map_customer_owned_ip_on_launch": false,
            "map_public_ip_on_launch": false,
            "outpost_arn": "",
            "owner_id": "891377192530",
            "private_dns_hostname_type_on_launch": "ip-name",
            "region": "us-east-1",
            "tags": {
              "Name": "actividad6-dev-private-us-east-1b"
            },
            "tags_all": {
              "Environment": "dev",
              "ManagedBy": "Terraform",
              "Name": "actividad6-dev-private-us-east-1b",
              "OwnerName": "Francisco Briones",
              "Project": "actividad6"
            },
            "timeouts": null,
            "vpc_id": "vpc-0210f79b57b3b7199"
          },
          "sensitive_attributes": [],
          "private": "eyJlMmJmYjczMC1lY2FhLTExZTYtOGY4OC0zNDM2M2JjN2M0YzAiOnsiY3JlYXRlIjo2MDAwMDAwMDAwMDAsImRlbGV0ZSI6MTIwMDAwMDAwMDAwMH0sInNjaGVtYV92ZXJzaW9uIjoiMSJ9",
          "dependencies": [
            "module.vpc.aws_vpc.this",
            "module.vpc.aws_vpc_ipv4_cidr_block_association.this"
          ],
          "create_before_destroy": true
        }
      ]
    },
    {
      "module": "module.vpc",
      "mode": "managed",
      "type": "aws_subnet",
      "name": "public",
      "provider": "provider[\"registry.terraform.io/hashicorp/aws\"]",
      "instances": [
        {
          "index_key": 0,
          "schema_version": 1,
          "attributes": {
            "arn": "arn:aws:ec2:us-east-1:891377192530:subnet/subnet-01b7d1172ace1670e",
            "assign_ipv6_address_on_creation": false,
            "availability_zone": "us-east-1a",
            "availability_zone_id": "use1-az2",
            "cidr_block": "10.10.2.0/24",
            "customer_owned_ipv4_pool": "",
            "enable_dns64": false,
            "enable_lni_at_device_index": 0,
            "enable_resource_name_dns_a_record_on_launch": false,
            "enable_resource_name_dns_aaaa_record_on_launch": false,
            "id": "subnet-01b7d1172ace1670e",
            "ipv4_ipam_pool_id": null,
            "ipv4_netmask_length": null,
            "ipv6_cidr_block": "",
            "ipv6_cidr_block_association_id": "",
            "ipv6_ipam_pool_id": null,
            "ipv6_native": false,
            "ipv6_netmask_length": null,
            "map_customer_owned_ip_on_launch": false,
            "map_public_ip_on_launch": true,
            "outpost_arn": "",
            "owner_id": "891377192530",
            "private_dns_hostname_type_on_launch": "ip-name",
            "region": "us-east-1",
            "tags": {
              "Name": "actividad6-dev-public-us-east-1a"
            },
            "tags_all": {
              "Environment": "dev",
              "ManagedBy": "Terraform",
              "Name": "actividad6-dev-public-us-east-1a",
              "OwnerName": "Francisco Briones",
              "Project": "actividad6"
            },
            "timeouts": null,
            "vpc_id": "vpc-0210f79b57b3b7199"
          },
          "sensitive_attributes": [],
          "private": "eyJlMmJmYjczMC1lY2FhLTExZTYtOGY4OC0zNDM2M2JjN2M0YzAiOnsiY3JlYXRlIjo2MDAwMDAwMDAwMDAsImRlbGV0ZSI6MTIwMDAwMDAwMDAwMH0sInNjaGVtYV92ZXJzaW9uIjoiMSJ9",
          "dependencies": [
            "module.vpc.aws_vpc.this",
            "module.vpc.aws_vpc_ipv4_cidr_block_association.this"
          ],
          "create_before_destroy": true
        },
        {
          "index_key": 1,
          "schema_version": 1,
          "attributes": {
            "arn": "arn:aws:ec2:us-east-1:891377192530:subnet/subnet-0120c96b00fd6e0f1",
            "assign_ipv6_address_on_creation": false,
            "availability_zone": "us-east-1b",
            "availability_zone_id": "use1-az4",
            "cidr_block": "10.10.3.0/24",
            "customer_owned_ipv4_pool": "",
            "enable_dns64": false,
            "enable_lni_at_device_index": 0,
            "enable_resource_name_dns_a_record_on_launch": false,
            "enable_resource_name_dns_aaaa_record_on_launch": false,
            "id": "subnet-0120c96b00fd6e0f1",
            "ipv4_ipam_pool_id": null,
            "ipv4_netmask_length": null,
            "ipv6_cidr_block": "",
            "ipv6_cidr_block_association_id": "",
            "ipv6_ipam_pool_id": null,
            "ipv6_native": false,
            "ipv6_netmask_length": null,
            "map_customer_owned_ip_on_launch": false,
            "map_public_ip_on_launch": true,
            "outpost_arn": "",
            "owner_id": "891377192530",
            "private_dns_hostname_type_on_launch": "ip-name",
            "region": "us-east-1",
            "tags": {
              "Name": "actividad6-dev-public-us-east-1b"
            },
            "tags_all": {
              "Environment": "dev",
              "ManagedBy": "Terraform",
              "Name": "actividad6-dev-public-us-east-1b",
              "OwnerName": "Francisco Briones",
              "Project": "actividad6"
            },
            "timeouts": null,
            "vpc_id": "vpc-0210f79b57b3b7199"
          },
          "sensitive_attributes": [],
          "private": "eyJlMmJmYjczMC1lY2FhLTExZTYtOGY4OC0zNDM2M2JjN2M0YzAiOnsiY3JlYXRlIjo2MDAwMDAwMDAwMDAsImRlbGV0ZSI6MTIwMDAwMDAwMDAwMH0sInNjaGVtYV92ZXJzaW9uIjoiMSJ9",
          "dependencies": [
            "module.vpc.aws_vpc.this",
            "module.vpc.aws_vpc_ipv4_cidr_block_association.this"
          ],
          "create_before_destroy": true
        }
      ]
    },
    {
      "module": "module.vpc",
      "mode": "managed",
      "type": "aws_subnet",
      "name": "redshift",
      "provider": "provider[\"registry.terraform.io/hashicorp/aws\"]",
      "instances": []
    },
    {
      "module": "module.vpc",
      "mode": "managed",
      "type": "aws_vpc",
      "name": "this",
      "provider": "provider[\"registry.terraform.io/hashicorp/aws\"]",
      "instances": [
        {
          "index_key": 0,
          "schema_version": 1,
          "attributes": {
            "arn": "arn:aws:ec2:us-east-1:891377192530:vpc/vpc-0210f79b57b3b7199",
            "assign_generated_ipv6_cidr_block": false,
            "cidr_block": "10.10.0.0/22",
            "default_network_acl_id": "acl-0b65329e4a1a87890",
            "default_route_table_id": "rtb-01f84b2b864307479",
            "default_security_group_id": "sg-0e2dd593188a28f92",
            "dhcp_options_id": "dopt-0940d99666099a6d1",
            "enable_dns_hostnames": true,
            "enable_dns_support": true,
            "enable_network_address_usage_metrics": false,
            "id": "vpc-0210f79b57b3b7199",
            "instance_tenancy": "default",
            "ipv4_ipam_pool_id": null,
            "ipv4_netmask_length": null,
            "ipv6_association_id": "",
            "ipv6_cidr_block": "",
            "ipv6_cidr_block_network_border_group": "",
            "ipv6_ipam_pool_id": "",
            "ipv6_netmask_length": 0,
            "main_route_table_id": "rtb-01f84b2b864307479",
            "owner_id": "891377192530",
            "region": "us-east-1",
            "tags": {
              "Name": "actividad6-dev-vpc"
            },
            "tags_all": {
              "Environment": "dev",
              "ManagedBy": "Terraform",
              "Name": "actividad6-dev-vpc",
              "OwnerName": "Francisco Briones",
              "Project": "actividad6"
            }
          },
          "sensitive_attributes": [],
          "private": "eyJzY2hlbWFfdmVyc2lvbiI6IjEifQ==",
          "create_before_destroy": true
        }
      ]
    },
    {
      "module": "module.vpc",
      "mode": "managed",
      "type": "aws_vpc_block_public_access_exclusion",
      "name": "this",
      "provider": "provider[\"registry.terraform.io/hashicorp/aws\"]",
      "instances": []
    },
    {
      "module": "module.vpc",
      "mode": "managed",
      "type": "aws_vpc_dhcp_options",
      "name": "this",
      "provider": "provider[\"registry.terraform.io/hashicorp/aws\"]",
      "instances": []
    },
    {
      "module": "module.vpc",
      "mode": "managed",
      "type": "aws_vpc_ipv4_cidr_block_association",
      "name": "this",
      "provider": "provider[\"registry.terraform.io/hashicorp/aws\"]",
      "instances": []
    },
    {
      "module": "module.vpc",
      "mode": "managed",
      "type": "aws_vpn_gateway",
      "name": "this",
      "provider": "provider[\"registry.terraform.io/hashicorp/aws\"]",
      "instances": []
    },
    {
      "module": "module.vpc",
      "mode": "managed",
      "type": "aws_vpn_gateway_attachment",
      "name": "this",
      "provider": "provider[\"registry.terraform.io/hashicorp/aws\"]",
      "instances": []
    }
  ],
  "check_results": [
    {
      "object_kind": "var",
      "config_addr": "module.nat_instance.var.os_type",
      "status": "unknown",
      "objects": [
        {
          "object_addr": "module.nat_instance.var.os_type",
          "status": "unknown"
        }
      ]
    }
  ]
}
