{
  "version": 4,
  "terraform_version": "1.9.7",
  "serial": 184,
  "lineage": "309a971c-12e4-8bac-e9fe-6be70676dc41",
  "outputs": {
    "backend_instances_info": {
      "value": {
        "instance_id": "i-03b96fe73c2c7d6a8",
        "private_ip": "10.10.0.24",
        "ssm_connect": "aws ssm start-session --target i-03b96fe73c2c7d6a8"
      },
      "type": [
        "object",
        {
          "instance_id": "string",
          "private_ip": "string",
          "ssm_connect": "string"
        }
      ]
    },
    "db_instances_info": {
      "value": {
        "instance_id": "i-07ac4a4d8d45dfcfb",
        "private_ip": "10.10.0.12",
        "ssm_connect": "aws ssm start-session --target i-07ac4a4d8d45dfcfb"
      },
      "type": [
        "object",
        {
          "instance_id": "string",
          "private_ip": "string",
          "ssm_connect": "string"
        }
      ]
    },
    "frontend_instances_info": {
      "value": {
        "curl_test": "curl -I http://44.201.211.229/",
        "instance_id": "i-0cd9c3e18b25f3e35",
        "public_ip": "44.201.211.229",
        "ssm_connect": "aws ssm start-session --target i-0cd9c3e18b25f3e35"
      },
      "type": [
        "object",
        {
          "curl_test": "string",
          "instance_id": "string",
          "public_ip": "string",
          "ssm_connect": "string"
        }
      ]
    }
  },
  "resources": [
    {
      "mode": "data",
      "type": "archive_file",
      "name": "app_single",
      "provider": "provider[\"registry.terraform.io/hashicorp/archive\"]",
      "instances": [
        {
          "schema_version": 0,
          "attributes": {
            "exclude_symlink_directories": null,
            "excludes": null,
            "id": "c3976746aeb0c32739292ba44a8ef8e60e68891d",
            "output_base64sha256": "O5RIhKmK3poDlL2xvOff8XrnXNYPvgym1JIZKVXgYDc=",
            "output_base64sha512": "p6+Tip9Qv2+Eb66U/Aqh3xeXC+kP2u965dUJHXe1LWE7wTUbY/YKGjKl6XXA8ngCZIOxX+jrtKaB0GV5xGD4Aw==",
            "output_file_mode": null,
            "output_md5": "5df3eb62f5275b45436ea717188bbfa7",
            "output_path": "./pet_store.zip",
            "output_sha": "c3976746aeb0c32739292ba44a8ef8e60e68891d",
            "output_sha256": "3b944884a98ade9a0394bdb1bce7dff17ae75cd60fbe0ca6d492192955e06037",
            "output_sha512": "a7af938a9f50bf6f846fae94fc0aa1df17970be90fdaef7ae5d5091d77b52d613bc1351b63f60a1a32a5e975c0f278026483b15fe8ebb4a681d06579c460f803",
            "output_size": 7243,
            "source": [],
            "source_content": null,
            "source_content_filename": null,
            "source_dir": "./pet_store",
            "source_file": null,
            "type": "zip"
          },
          "sensitive_attributes": []
        }
      ]
    },
    {
      "mode": "data",
      "type": "aws_ami",
      "name": "ubuntu",
      "provider": "provider[\"registry.terraform.io/hashicorp/aws\"]",
      "instances": [
        {
          "schema_version": 0,
          "attributes": {
            "allow_unsafe_filter": null,
            "architecture": "x86_64",
            "arn": "arn:aws:ec2:us-east-1::image/ami-05cf1e9f73fbad2e2",
            "block_device_mappings": [
              {
                "device_name": "/dev/sda1",
                "ebs": {
                  "delete_on_termination": "true",
                  "encrypted": "false",
                  "iops": "0",
                  "snapshot_id": "snap-08f61f1d69ca25dd6",
                  "throughput": "0",
                  "volume_initialization_rate": "0",
                  "volume_size": "8",
                  "volume_type": "gp3"
                },
                "no_device": "",
                "virtual_name": ""
              },
              {
                "device_name": "/dev/sdb",
                "ebs": {},
                "no_device": "",
                "virtual_name": "ephemeral0"
              },
              {
                "device_name": "/dev/sdc",
                "ebs": {},
                "no_device": "",
                "virtual_name": "ephemeral1"
              }
            ],
            "boot_mode": "uefi-preferred",
            "creation_date": "2026-04-24T10:54:31.000Z",
            "deprecation_time": "2028-04-24T10:54:31.000Z",
            "description": "Canonical, Ubuntu, 24.04, amd64 noble image",
            "ena_support": true,
            "executable_users": null,
            "filter": [
              {
                "name": "name",
                "values": [
                  "ubuntu/images/hvm-ssd-gp3/ubuntu-noble-24.04-amd64-server-*"
                ]
              },
              {
                "name": "virtualization-type",
                "values": [
                  "hvm"
                ]
              }
            ],
            "hypervisor": "xen",
            "id": "ami-05cf1e9f73fbad2e2",
            "image_id": "ami-05cf1e9f73fbad2e2",
            "image_location": "amazon/ubuntu/images/hvm-ssd-gp3/ubuntu-noble-24.04-amd64-server-20260424",
            "image_owner_alias": "amazon",
            "image_type": "machine",
            "imds_support": "v2.0",
            "include_deprecated": false,
            "kernel_id": "",
            "last_launched_time": "",
            "most_recent": true,
            "name": "ubuntu/images/hvm-ssd-gp3/ubuntu-noble-24.04-amd64-server-20260424",
            "name_regex": null,
            "owner_id": "099720109477",
            "owners": [
              "099720109477"
            ],
            "platform": "",
            "platform_details": "Linux/UNIX",
            "product_codes": [],
            "public": true,
            "ramdisk_id": "",
            "region": "us-east-1",
            "root_device_name": "/dev/sda1",
            "root_device_type": "ebs",
            "root_snapshot_id": "snap-08f61f1d69ca25dd6",
            "sriov_net_support": "simple",
            "state": "available",
            "state_reason": {
              "code": "UNSET",
              "message": "UNSET"
            },
            "tags": {},
            "timeouts": null,
            "tpm_support": "",
            "uefi_data": null,
            "usage_operation": "RunInstances",
            "virtualization_type": "hvm"
          },
          "sensitive_attributes": []
        }
      ]
    },
    {
      "module": "module.backend_host",
      "mode": "managed",
      "type": "aws_instance",
      "name": "this",
      "provider": "provider[\"registry.terraform.io/hashicorp/aws\"]",
      "instances": [
        {
          "index_key": 0,
          "schema_version": 2,
          "attributes": {
            "ami": "ami-05cf1e9f73fbad2e2",
            "arn": "arn:aws:ec2:us-east-1:891377192530:instance/i-03b96fe73c2c7d6a8",
            "associate_public_ip_address": false,
            "availability_zone": "us-east-1b",
            "capacity_reservation_specification": [
              {
                "capacity_reservation_preference": "open",
                "capacity_reservation_target": []
              }
            ],
            "cpu_options": [
              {
                "amd_sev_snp": "",
                "core_count": 1,
                "nested_virtualization": "",
                "threads_per_core": 2
              }
            ],
            "credit_specification": [
              {
                "cpu_credits": "unlimited"
              }
            ],
            "disable_api_stop": false,
            "disable_api_termination": false,
            "ebs_block_device": [],
            "ebs_optimized": false,
            "enable_primary_ipv6": null,
            "enclave_options": [
              {
                "enabled": false
              }
            ],
            "ephemeral_block_device": [],
            "force_destroy": false,
            "get_password_data": false,
            "hibernation": false,
            "host_id": "",
            "host_resource_group_arn": null,
            "iam_instance_profile": "LabInstanceProfile",
            "id": "i-03b96fe73c2c7d6a8",
            "instance_initiated_shutdown_behavior": "stop",
            "instance_lifecycle": "",
            "instance_market_options": [],
            "instance_state": "running",
            "instance_type": "t3.micro",
            "ipv6_address_count": 0,
            "ipv6_addresses": [],
            "key_name": "",
            "launch_template": [],
            "maintenance_options": [
              {
                "auto_recovery": "default"
              }
            ],
            "metadata_options": [
              {
                "http_endpoint": "enabled",
                "http_protocol_ipv6": "disabled",
                "http_put_response_hop_limit": 2,
                "http_tokens": "required",
                "instance_metadata_tags": "disabled"
              }
            ],
            "monitoring": false,
            "network_interface": [],
            "outpost_arn": "",
            "password_data": "",
            "placement_group": "",
            "placement_group_id": "",
            "placement_partition_number": 0,
            "primary_network_interface": [
              {
                "delete_on_termination": true,
                "network_interface_id": "eni-06974da18d52d3f16"
              }
            ],
            "primary_network_interface_id": "eni-06974da18d52d3f16",
            "private_dns": "ip-10-10-0-24.ec2.internal",
            "private_dns_name_options": [
              {
                "enable_resource_name_dns_a_record": false,
                "enable_resource_name_dns_aaaa_record": false,
                "hostname_type": "ip-name"
              }
            ],
            "private_ip": "10.10.0.24",
            "public_dns": "",
            "public_ip": "",
            "region": "us-east-1",
            "root_block_device": [
              {
                "delete_on_termination": true,
                "device_name": "/dev/sda1",
                "encrypted": false,
                "iops": 3000,
                "kms_key_id": "",
                "tags": {
                  "Environment": "dev",
                  "ManagedBy": "Terraform",
                  "OwnerName": "Francisco Briones",
                  "Project": "actividad6"
                },
                "tags_all": {
                  "Environment": "dev",
                  "ManagedBy": "Terraform",
                  "OwnerName": "Francisco Briones",
                  "Project": "actividad6"
                },
                "throughput": 125,
                "volume_id": "vol-05ae53e9c6a22f6a4",
                "volume_size": 8,
                "volume_type": "gp3"
              }
            ],
            "secondary_network_interface": [],
            "secondary_private_ips": [],
            "security_groups": [],
            "source_dest_check": true,
            "spot_instance_request_id": "",
            "subnet_id": "subnet-029bcdca3202eacd3",
            "tags": {
              "Layer": "backend",
              "Name": "actividad6-dev-backend"
            },
            "tags_all": {
              "Environment": "dev",
              "Layer": "backend",
              "ManagedBy": "Terraform",
              "Name": "actividad6-dev-backend",
              "OwnerName": "Francisco Briones",
              "Project": "actividad6"
            },
            "tenancy": "default",
            "timeouts": null,
            "user_data": "#!/bin/bash\n# 1. Extract application\nAPP_ZIP_B64=\"UEsDBBQACAAIAAAAIYoAAAAAAAAAAAAAAAASAAAAYmFja2VuZC9Eb2NrZXJmaWxlLMuxCsIwEADQ/b7iyCg2bXER17aCSE2JiIo4HG2QaHo5mvj/Ln7A21vTI8fJ7eptQUE8O4Crscf2YLEkEYDGDHcUGj/0civ9TpFRlwD2ckKWGT2nTCFgUcgSp++YfeQ/0qgButtgzh1uqqoGaPoWH4plVmtUKdOS1RN+AQAA//9QSwcI0HoDU4AAAACEAAAAUEsDBBQACAAIAAAAIYoAAAAAAAAAAAAAAAAUAAAAYmFja2VuZC9wYWNrYWdlLmpzb25Mjz1OAzEQhfs9xcg1sZIAEqSjpOMESMP6FYbs2MxYEQjt3dGsjUjp9/P5zc9EFIQXhBOFliGJdxWquRXbvfH8AUnhxkMXqOUinjvEfdx3NcFmzbUN5+nlmUaLKitTR1IC8TkvkFasG3+fdMzCeesb9AKN70PubAsn8p0uNNbmQSkJ9J+eiNaxp0ISZM64qs1F/RVej/Eh3m9sooCvqrBu3MXD47jJ53zb5/m4GbfRdedP6/QbAAD//1BLBwh3xXzVuQAAAC4BAABQSwMEFAAIAAgAAAAhigAAAAAAAAAAAAAAABEAAABiYWNrZW5kL3NlcnZlci5qc+xX3U4bSRO9n6eob/RdjKWRMSG7F7a8EcETBYlg1nY2WiGUtKcL6GTcNXT3hHgTP9U+wr7Yqv8GGxw2idjkZiWEzemumqpzTvXQJUltAD/UCrWGISi8aoTCLA1Q2hkkfk9JamOD/ftmdbHUV9X6sgMe7dSKFkKj3Rh2srqGYXxi1iY4GU9mMIRaUYlad1G+7zro0yfY6/V22/CPCcDo6evn46ndnvJ5mnvk5bSYWEQRmYid7E+nr8aTkcUZXwi5+2gvrh3vvygsbgRKzl7XqJQwpNtQX8/eXu/nPFltVjZIElbX3UZjZlnIOp1BC4TGum81SbeQVGigJqoGSbKzA4dSlIJV4g+mHAocoSSJHwRJ1AnTS1nCeSNLI0iCkMKM5lnHtW3U0n2CDxx60rulQmbwhKjK/CrAJWnTjzTlAWw0qn5kKoI10/qaFO+v0xUXOTNszjT2I19tFCmf37IUwWsmzDNSByQluup1H4xqMK6X7cKRWAjTh91eXLpqsMGABnDVGSQhSlOF3YousvTkDmHwYjn99cjyFFjl1E1d6ApKZspLyFCpTuAtJkOlSGVpYT+AVWvhN6K4xP00BxvvEiYrp+BzrGpUUDPFYMEkvmUKXELUSSvcJZO8QveATKHO/Y4cFqg1u0BrPP90IQ0qScCxAo3qveCkUl/vZrXutytEoe5qw0yjs596vY632sc2tWXOVzqeG5SowBAnDRVpa2LelIa08+sFmizdYbXYafE0B2/BTOFVbh/VgeEvt+znJ/FU0bU+gyEwq7zjrXvVoFpm6bQ4Kg5mIHgOkhZzhTlw1KUSdSlI5lArLAXloA2V7+DZZPzipjIYT0bFBJ7+DoLDqJgepMEJtm3Xqn3uZyXeRnwO6TGBRqgbLlCRBArMbHASjZNYBtf5a2S7yVofDkefo2+nL/g9FIYjzHa28odl19pooQffkd9Xz4tJYUsYwpM0h1PBzwLD4hwcud0K5YW5hOFwCL1IrBXANEqu2+9x7/Ft+/UhPYlcSQKUJUmj3Fi2M726q+dp7+ybJaVWTqzaPu+IeaCQOSllg++p3eeUrEl/zSREGb+A+yjznPhykCSe4//5QPtu87thOATZVJVFfFwAIgXbqL8z+X3Lia8opF2GbNpZvhIXzJAS1ulBi1Wy1Xiom8pstV6wQnp4PC0mMzg8no3XrJX9MyMd+G3/6GUxhexJDuGnk8YXwemWBJYUy8WtRGcuZO0tYbyyh9xRbjvoCqlRmUM++AFjFYo5Wzu9gnSPerudh3J+6Vx9n+/3S9OEV9vaOeZt3zzoAfbfWKQvT0b7s2LNFdNiFviwvtj0tQNip/Z76BGe3DLT1w9HDoK3A3JztvupYOfnWBrkE7rW/+IZ/wNmTmyM2wONGLsZoPvmrKjEQsgtU8axQoMPOWhf48x0VBwVs+LLmfv+RtnQa2ssem7teUdKYWnYAqXBm3n9JmExKnavrJLXJKSxVwLNqobf+tfvElllLtN8i4ZrPXmK+pDSuzRf6/ApK9+h5Da5v4fab/EqCigB32LZlOKvP2VoNtbl75GqvTO4siqhDcrM3cqitTYsFW9Sb6YhDOahAtRlU1rOrExQN6gMwf8/2lSrN44Tb614I/WV/B0AAP//UEsHCI6EzUjHBAAAPxAAAFBLAwQUAAgACAAAACGKAAAAAAAAAAAAAAAADQAAAGRiL0RvY2tlcmZpbGVkkcFOKjEUhvd9ipPM5t4FcK8khpiwGGFMTMCBKaKsyKE9mmqnLW2HCG/DM/gIvJjpaCLGbb+T/3x/Twa3NT6TgQ0GgumezycwAPukhELNbqpyCvU+bPXVgLEMlugVbjQFkARkovXGwp9AgE4rgf50NIBNtPXpGJXAmkwkQA3KpDwPpEFYE8mQtP4vK+6WMF3x+WRdleViPcs5fyir8RBlrcz/i/7ZwDhf5Nc5L4ZRkZG4duS9ijacjdzzohqibmpjz16/Q1uSUlkGI+u+fILwysXU51NSqwMKdXo3IMlEbxPRCKr9JZYBJ6AXEk3E3001gvOqJo+wowNsG4JAoGmHif4oz0blbJVWxm7YauhJK17Jd9LKvbPKxE5ictOVveRbvDlrqBV2DfnYarXXYsXjrOQF9Pv/LtlHAAAA//9QSwcID3dJKz4BAADOAQAAUEsDBBQACAAIAAAAIYoAAAAAAAAAAAAAAAALAAAAZGIvaW5pdC5zcWxkz0Fu2zAQBdC9TvF3sgAu5BRGa3jFyCwqVJYDiQ6aVcCIRENE0rAktWhu1TP0YoWlNDCc7cznm8+iEVwK7Lnkt7wVKL+iPkqIH2UrW0RrRq0enfHeRgq75NSKj8PkDZH8troWnCc9dZECVgkAWI2yluAneXws66IRB1FL3DXlgTcP+C4e2BwbaXjyBve8Kb7xZrXO82xW61NVLQltQuet6yyN77GbzSZbts6bzhL2oigPvFqtc3ZzDYRI3ctc5v88yXZJUtataOR5frwsvxRil2fZ2xW2UBnueXUSbbJKeW8HM0ZCobpn8p5w581gpyFlSFv1RB6O+p4YvHpVAc78mszfPyqkDOvtdpszrM8/uZC4nvpIqOzP53hWChqjpx7awJnwLg1GWzUu0OcZ+jI77ai6l4C9GaPqzXmd8t+TVlDoFXo7OGteFfS8Txk289tPebZL/gUAAP//UEsHCCrR2IhaAQAAIgIAAFBLAwQUAAgACAAAACGKAAAAAAAAAAAAAAAAEgAAAGRvY2tlci1jb21wb3NlLnltbKSRQUv7QBDF7/kUQy89tf/0H5Ayt5QUPFij2Yh4WjbdUZa2u2F2TfXbS9KURmxV8DIsj98M771tiL1xFmGcTOfjKPLEjVmTxwhAV+0EqF7NVh+eAGtnA70FhOk/XXUa2cawszuy4QitnsT9jSzyvJR3qRCPeZEhKL0zdvY/+cRkaZkuUrFECIasVrImZhOc76jacfDHoxMYJUl8he0YdZqlsHe8GRCqrie92mlMPigOCGq7V+8+igAqtd6Q1d9H66FL+bKFvM5FidBX0CkPYlkgsHPhpF1Mny3kbbq6EPuwmhclQhv2fBVxPMN2/LYKTTVZ7aWzJ6a3f6alZ27L+KmmI3XW4TzGefwXd8NP+GJxeHJw7LCt2TTECBUb/ULRRwAAAP//UEsHCDMTGWIlAQAA5QIAAFBLAwQUAAgACAAAACGKAAAAAAAAAAAAAAAAEwAAAGZyb250ZW5kL0RvY2tlcmZpbGV0zrFKBDEQxvE+T/GBneDGUmyPs9Lb40TQMiST25FsJkyycu/lI/hiktVimyuHmf+PeTqNL8hnzpdHlwpnMuYGzzwXdvCSG2UOgiKKQJF8E3N6O0Bn3GmEXaraOjkluxJ2anOyt53YSReSVDj1E39JRaCEqKsZzG48foBzoMvQI7hShs96RdyA61eRz4s6zz/fGX6pTWYEwqEHf3Cg6JbUhn4LS83/a30egt2ujdm/H8fXPR7ufwMAAP//UEsHCPF8uea7AAAADAEAAFBLAwQUAAgACAAAACGKAAAAAAAAAAAAAAAADwAAAGZyb250ZW5kL2FwcC5qc8RY23Ibtxm+51P8RX2xdOVdObmjRHsUiW7dcWVPJF9X4OInCQsLbACsHJXhw/QZcpebzEQv1sFhj1zRSjMZX5EE/vPxA7PnzyfwHN5oJS1KBoYXpUAoqaZw/v3HC2AIpVasyq0y7oegYDlKRv0Nas2tMukEnmeTSZbBBVrUBZdUO8qP37+DJTUYGc8+vAWD64dfJKCAjTLWsayi7oyWZfrJTCa5ksY64n9/d3a1gDmQjJY8a8wgJ17V4hMWpVAz2KffWFvOsuzlcXqcfpN+ezz79vj45b6QiUALyLilkqm3DOYgKyFOagvsUrF7mANTeVWgtOka7UKg+/rd/VuWEE/woZE4PYmMSyvPqV5TfYi5Ierx/b2imn2RMVINNMocxRdZa7KWd6V0cc2twEOcDVHLZyy1lbngd4f4ApFjilxclpW9VMVSH9QnPUWrzLNdoMk1L3Ou5CFe1pINBHzQmHN1iLf0FAO2K6vy28NeqvzWO7mqZG6dfQbtlfc9KVAa+gmPwPLS6SbqlkxhO4E2gqnFH+25bwMLc4gcJz2SXFBjLmnhwhbDCgT+5qWeTHaTCTX3MofGgNwXV1OdSVBp9b3/hNg1Gg3MgX6m3MIKbb5J6j6anngyvoLkLxpNqm6nYDdafQaJn2GhtdIJ8R9ARdTWjgoS2YMWRi1t1Dhhn4ySSSTRKBl2DHXE8aoNImnugyrmviitMbfU5QFTchQi6zh3kFObbyBBracdf5XAFL3l7mJPx6UCg1BWjKNuIghCmdavFH77dWHsw3/dBFvS/NYNTYF3VFrK1GtnhFcQ7XB5aTIydLQRGlPjpknKpUT9j+t/vXNpJk5Iq3ul9ILmmyQppzB/1cuj7fV9rpFajCWaEOvN8dRW9zTc+EOAU8tePduWKWe708yyV4Pj0I2jV51mg59+AkL2qZ5tL6tiiTop09Be09SqN/xHZMk301Ghvp/2buJXgNNlZa2SvqxecDYn0XQCvknmbs698HNdk1cL/3maBZ7fK0TwsMwYlWt00uLBUF5r600daZ9OWpYo2fmGC5bYUHK7kIssgzPD10443qF0lU19rS2VVRLNBNp8/lChvr9CgblV+kyIhKQdF6dtYSyt7JTG0sqUMrZw4t9xY1GiTkgueH5LjiDpUNZlxN0SdGxrtGfWar6sLCYkxqhuaghLsynlhLN4s+t6+EXzYyy/hgNurOVKrrguEvLbr1e4rrSCHyoHVQxSA03m0dgWAr0m02mjERqi/UC43u8HpDsJBC9KTvUbpYtKUM1VnM4jWATa/TzYEuSywjvVmOZnRWe7pndUVNhMkeECHbsO63Hsxm/A3kXXHbX0mbmgVpk9nzTaSssYtDBIZvt2plbzIpkeearOTJk9YniPPkyVmUOtBt8IRW2y508k9ZMlUr6Vka7j3RG8PPaku76Ld1Rw1km0i3rwzy9I9zNOyWntMVmI6C+gAbUUfE2t0lylIa4rSLi5pJdeVj0Z3Qzt/IZTOO4JjMcMlwgGNVQS5MMvBWoFBb1XGhTwdUUFUDge1eMD0KrxP/e0hNPfoSTyhpLdxyLrgFeb6IXIhY6t6xfmj9bRSUPsdyvMR9Phvkxrjz1h3artivfH/R1dGx/2dQ8iueeBRtMCobY/2yng5nhuKyr4f6iOZ/uo6ubZtgZWu+zZthW0uznqDJQC7UaxGZAPH6/JUXO8QcpQmxlsgcQB8OL6vkQyA0LLUvCcujhnDlYR2LWMbgfN4J9X7y9TYzWXa766b4NV0+3q6Q0oDHY9O9d4wKnao3EP3l99DRcmTbIa1NrfEI9g0dQjxiTslGS7mzaDfAh6nYC0QGPoGj3kaUBwLHMHDZup3LdrZPCH+2DOHmYfQtTOgngNDSYGWhcgU0NUDLMOncOF+yR/HDi/zyut+cPPblLggWikY/h4MCv2ocUTHy6DFuNsd/OkN0yD+lU9gMYSGIfVo6+Y3up2QDIcP7a8bwIsbaffXyP8vIkmjyzyGod3KMYW+ggm73AMdnwNyTsU/V0fwfheyhfR335u/2AddVIRH1+dTIQ/pUJ5iKeV0gg8+/+L6Qi27XS7WLxbXC9IM3ee+ExuUOWwvJ7Y/20rR0l/Rjd3stCi4C80cZbBIrxiJs0fWweg+8DR6cmk/VfrANsARwS2+h+tJ70UHhnA/cLO+cPP7vnv5TLaial/2bi9OPi7w+WWS55zqicjSfxfAAAA//9QSwcIPCKVGHwGAABmFQAAUEsDBBQACAAIAAAAIYoAAAAAAAAAAAAAAAAVAAAAZnJvbnRlbmQvZGVmYXVsdC5jb25mfFDP6tNAEL73KQZ+Oeih2VQRSnPqoaKiGPTibZlmp+7idjfMTGqK9GF8Fl9MkrRSirqHYfab788wQnwihh8LAIAYRCnBuqqn7zyzCY8EdoZajyyk0Othua4XE8Y5K5he2IhHJpO+hjQYr8c4a0JyNMy1nNEJfoIttz6csgCJ/vqpoc0Cz7SHz80WhFIbYsTn82K5RQ05gbluOj7lsz2ESAJFz2EqBsx9zsi63NIazsMZPLYBgSLssf1GyQEliAjS75kcdBxO6PAhE7twn9uNRrZDEfCq3caYq9fmZVWt6j+8J9i9231o3n/c/EWyqsqqfFG+qq6iB3chtZ7QEcObLAqFz6L1v0lflp8I4/JtAwXTMStZdI7/K3id+TuyIzd2UMwMdM4O9nAbjd3tjJfF7wAAAP//UEsHCNCz9ZI1AQAALAIAAFBLAwQUAAgACAAAACGKAAAAAAAAAAAAAAAAEwAAAGZyb250ZW5kL2luZGV4Lmh0bWycV11y27oVfs8qTuhpx56KEqnIjkyTmnHtJNOZNnUb56GPIHEoIgYBBABtOZ0uqQ93DXc99ykbuAP+ibRoz01GMxKB84Pv/OA7VPz6+p9Xt/+5eQeFLfnmVex+gBOxTTw0nttAQjevAOISLYGsINqgTbzPt+/9tQeLWmSZ5bi5ZSgoAYpwyVmJwkoDimgCN6g1c6s/H4XLdXC6uogXjUnvV5ASE++e4YOS2nqQSWFR2MR7YNQWCcV7lqFfL2bABLOMcN9khGMSzoMOh7GPjVOAVNJH+G/9CJBLYf2clIw/RnCpGeEzMEQY36Bm+UWrVRK9ZSKCoNtQhFImtoOdlGR3Wy0rQSM4yk/dpxH9r/52uULdHzvSfpOul/lZ5yiTXOoIHgpm8eC48Eztuk2LO+sTzrYiggyFRT08sCRM9MeVZNdkKIIwCIK9jy6wZaB2QCorp8KZhrIcuEmlpqh9TSirTATroWTnm4JQ+RBBAEu1g5Xagd6m5DiY1Z95eDJKVDiDYjlA7gD6Vqo+143enGSWSWGeaqbSWlkOM9Xop5W1cp+RPoy12o2y2rrRbFvYJ5G4GCMQUuAzca/22lmljSujkmxfmR+s+xD43GAmBSX6cbqHztK3y3UwYUeJ2D7XeJivVqvV0MiSlGOvvG+ZPz2JOJOcE2Uwgu7pYqJgT2vgbqileyxtRkO1AyM5o3BEKT1otPV0y3PM7dj5M0Ge4ltMR5o6Erbws4Jxeoz3KE6mLfPznOQjy3kudelvNdsHQZlRnDxG4HY7nO7Zt1gqTiy6ZFWlMBFoVEjssbtnfs7sDEomSrI7DteB2s0gzPXJSe+CuAQeXNXpxHKSIj+ElHKZ3XX2NdM9YNPXqeT0iePu4qzGrplQlZ3VmScayUu90Vfs7FlmWB3ep2H1Q3pK0xF1sG+1x9ZNKkfY5sYSWx1QQJOiQerq0A37hhEE83ON5YSTubzr/bRX8Sg8I29WZEoZtZb6QJ9my7Pl2V4/XrRjJ140szJ2s6eeR808aAZSXIQ/NiGLsDVUmw9oLPsu4Orfn6+dtdKSVpnTR9GOSqRSo4Frmd2hhuP3ut6l8Bf4K8numqd/PH76199P4oWqwS326GI3R9rTDNaUu2mjjovl5qY7Ll4Uy15A2T1knBiTeC1Le50MIG6ZmNHES624InpLtLdpfvf440Wj1ztdUHbfL2qeGvi03bvIfkcPl7XK5m/X8cIWh/sfZZlqnJZdo8k0Uxn7LqYVbjRmTE7LPlmZ3U2LLrOMSYHmqTReDJE76Siy2NavLy559VNfAG/k5LXvw+XX6rf/g0FgwqC2REDOODFAmSAly4jrMgTfH53WNWi73Kc5XvTlf64balSOIW/dG5y3+Vjhvewr+lyH9JQ67JFBret1Q3C51Ikn6mJ5fdFq0Ui5piywjwoTz/GWVwNr7UBxkmEhOUWdeO++RP2FgxuNJatKuCJZIbWW7btjl4wRppcQ0q5lpPDG/XOItedVB3FoCFo+mMRbTgD+RFKpQUnO5Qw0+UYMKPxa4a+/EONt4kXn86fAq7qdvb6tX06vqMoUdZPg1hKMRZV4wTwIPTfgEi+YiCE8Pz8PfjbBxl0rr7tdfxxhY/cCqBcQjRcTDAc11yfeaAgt1e7iee77UBFNHfm1D085b4IsRYacaK87vH8rdATayF4mTge8SYWbY3s/zXIzUB5ceLdo5kD9V8r1qAWjs8QjSs2/1HbNrht1DYXEi+Zv4+8BAAD//1BLBwiCt//PHgUAAEcOAABQSwECFAMUAAgACAAAACGK0HoDU4AAAACEAAAAEgAAAAAAAAAAAAAApIEAAAAAYmFja2VuZC9Eb2NrZXJmaWxlUEsBAhQDFAAIAAgAAAAhinfFfNW5AAAALgEAABQAAAAAAAAAAAAAAKSBwAAAAGJhY2tlbmQvcGFja2FnZS5qc29uUEsBAhQDFAAIAAgAAAAhio6EzUjHBAAAPxAAABEAAAAAAAAAAAAAAKSBuwEAAGJhY2tlbmQvc2VydmVyLmpzUEsBAhQDFAAIAAgAAAAhig93SSs+AQAAzgEAAA0AAAAAAAAAAAAAAKSBwQYAAGRiL0RvY2tlcmZpbGVQSwECFAMUAAgACAAAACGKKtHYiFoBAAAiAgAACwAAAAAAAAAAAAAApIE6CAAAZGIvaW5pdC5zcWxQSwECFAMUAAgACAAAACGKMxMZYiUBAADlAgAAEgAAAAAAAAAAAAAApIHNCQAAZG9ja2VyLWNvbXBvc2UueW1sUEsBAhQDFAAIAAgAAAAhivF8uea7AAAADAEAABMAAAAAAAAAAAAAAKSBMgsAAGZyb250ZW5kL0RvY2tlcmZpbGVQSwECFAMUAAgACAAAACGKPCKVGHwGAABmFQAADwAAAAAAAAAAAAAApIEuDAAAZnJvbnRlbmQvYXBwLmpzUEsBAhQDFAAIAAgAAAAhitCz9ZI1AQAALAIAABUAAAAAAAAAAAAAAKSB5xIAAGZyb250ZW5kL2RlZmF1bHQuY29uZlBLAQIUAxQACAAIAAAAIYqCt//PHgUAAEcOAAATAAAAAAAAAAAAAACkgV8UAABmcm9udGVuZC9pbmRleC5odG1sUEsFBgAAAAAKAAoAdwIAAL4ZAAAAAA==\"\napt-get update\napt-get install -y unzip docker.io\nsystemctl start docker\nsystemctl enable docker\nmkdir -p /home/ubuntu/app\necho \"$APP_ZIP_B64\" | base64 -d \u003e /home/ubuntu/app.zip\nunzip /home/ubuntu/app.zip -d /home/ubuntu/app\nchown -R ubuntu:ubuntu /home/ubuntu/app\n\n# Dar permisos a docker a los usuarios ubuntu y ssm-user\nusermod -aG docker ubuntu\nusermod -aG docker ssm-user\n\n# 2. Run Backend\ncd /home/ubuntu/app/backend\n\n# Esperar a que la base de datos esté lista (aproximadamente)\nsleep 20\n\ndocker build -t tienda-backend .\ndocker run -d --name backend -p 3001:3001 \\\n  -e DB_HOST=10.10.0.12 \\\n  -e DB_USER=alumno \\\n  -e DB_PASSWORD=alumno123 \\\n  -e DB_NAME=tienda_perritos \\\n  -e DB_PORT=3306 \\\n  tienda-backend\n",
            "user_data_base64": null,
            "user_data_replace_on_change": true,
            "volume_tags": null,
            "vpc_security_group_ids": [
              "sg-05e49dd8931ed825d"
            ]
          },
          "sensitive_attributes": [],
          "private": "eyJlMmJmYjczMC1lY2FhLTExZTYtOGY4OC0zNDM2M2JjN2M0YzAiOnsiY3JlYXRlIjo2MDAwMDAwMDAwMDAsImRlbGV0ZSI6MTIwMDAwMDAwMDAwMCwicmVhZCI6OTAwMDAwMDAwMDAwLCJ1cGRhdGUiOjYwMDAwMDAwMDAwMH0sInNjaGVtYV92ZXJzaW9uIjoiMiJ9",
          "dependencies": [
            "data.archive_file.app_single",
            "data.aws_ami.ubuntu",
            "module.backend_sg.aws_security_group.this",
            "module.db_host.aws_instance.this",
            "module.db_sg.aws_security_group.this",
            "module.frontend_sg.aws_security_group.this",
            "module.vpc.aws_subnet.private",
            "module.vpc.aws_vpc.this",
            "module.vpc.aws_vpc_ipv4_cidr_block_association.this"
          ]
        }
      ]
    },
    {
      "module": "module.backend_sg",
      "mode": "managed",
      "type": "aws_security_group",
      "name": "this",
      "provider": "provider[\"registry.terraform.io/hashicorp/aws\"]",
      "instances": [
        {
          "schema_version": 1,
          "attributes": {
            "arn": "arn:aws:ec2:us-east-1:891377192530:security-group/sg-05e49dd8931ed825d",
            "description": "Security group for Backend (Private)",
            "egress": [
              {
                "cidr_blocks": [
                  "0.0.0.0/0"
                ],
                "description": "Allow all outbound traffic",
                "from_port": 0,
                "ipv6_cidr_blocks": [],
                "prefix_list_ids": [],
                "protocol": "-1",
                "security_groups": [],
                "self": false,
                "to_port": 0
              }
            ],
            "id": "sg-05e49dd8931ed825d",
            "ingress": [
              {
                "cidr_blocks": [],
                "description": "Backend access from Frontend SG",
                "from_port": 3001,
                "ipv6_cidr_blocks": [],
                "prefix_list_ids": [],
                "protocol": "tcp",
                "security_groups": [
                  "sg-0f7dcadede986d07c"
                ],
                "self": false,
                "to_port": 3001
              },
              {
                "cidr_blocks": [],
                "description": "ICMP access",
                "from_port": -1,
                "ipv6_cidr_blocks": [],
                "prefix_list_ids": [],
                "protocol": "icmp",
                "security_groups": [
                  "sg-0f7dcadede986d07c"
                ],
                "self": false,
                "to_port": -1
              }
            ],
            "name": "actividad6-dev-backend-sg",
            "name_prefix": "",
            "owner_id": "891377192530",
            "region": "us-east-1",
            "revoke_rules_on_delete": false,
            "tags": {},
            "tags_all": {
              "Environment": "dev",
              "ManagedBy": "Terraform",
              "OwnerName": "Francisco Briones",
              "Project": "actividad6"
            },
            "timeouts": null,
            "vpc_id": "vpc-0692caee7166cd6b0"
          },
          "sensitive_attributes": [],
          "private": "eyJlMmJmYjczMC1lY2FhLTExZTYtOGY4OC0zNDM2M2JjN2M0YzAiOnsiY3JlYXRlIjo2MDAwMDAwMDAwMDAsImRlbGV0ZSI6OTAwMDAwMDAwMDAwfSwic2NoZW1hX3ZlcnNpb24iOiIxIn0=",
          "dependencies": [
            "module.frontend_sg.aws_security_group.this",
            "module.vpc.aws_vpc.this"
          ]
        }
      ]
    },
    {
      "module": "module.db_host",
      "mode": "managed",
      "type": "aws_instance",
      "name": "this",
      "provider": "provider[\"registry.terraform.io/hashicorp/aws\"]",
      "instances": [
        {
          "index_key": 0,
          "schema_version": 2,
          "attributes": {
            "ami": "ami-05cf1e9f73fbad2e2",
            "arn": "arn:aws:ec2:us-east-1:891377192530:instance/i-07ac4a4d8d45dfcfb",
            "associate_public_ip_address": false,
            "availability_zone": "us-east-1a",
            "capacity_reservation_specification": [
              {
                "capacity_reservation_preference": "open",
                "capacity_reservation_target": []
              }
            ],
            "cpu_options": [
              {
                "amd_sev_snp": "",
                "core_count": 1,
                "nested_virtualization": "",
                "threads_per_core": 2
              }
            ],
            "credit_specification": [
              {
                "cpu_credits": "unlimited"
              }
            ],
            "disable_api_stop": false,
            "disable_api_termination": false,
            "ebs_block_device": [],
            "ebs_optimized": false,
            "enable_primary_ipv6": null,
            "enclave_options": [
              {
                "enabled": false
              }
            ],
            "ephemeral_block_device": [],
            "force_destroy": false,
            "get_password_data": false,
            "hibernation": false,
            "host_id": "",
            "host_resource_group_arn": null,
            "iam_instance_profile": "LabInstanceProfile",
            "id": "i-07ac4a4d8d45dfcfb",
            "instance_initiated_shutdown_behavior": "stop",
            "instance_lifecycle": "",
            "instance_market_options": [],
            "instance_state": "running",
            "instance_type": "t3.micro",
            "ipv6_address_count": 0,
            "ipv6_addresses": [],
            "key_name": "",
            "launch_template": [],
            "maintenance_options": [
              {
                "auto_recovery": "default"
              }
            ],
            "metadata_options": [
              {
                "http_endpoint": "enabled",
                "http_protocol_ipv6": "disabled",
                "http_put_response_hop_limit": 2,
                "http_tokens": "required",
                "instance_metadata_tags": "disabled"
              }
            ],
            "monitoring": false,
            "network_interface": [],
            "outpost_arn": "",
            "password_data": "",
            "placement_group": "",
            "placement_group_id": "",
            "placement_partition_number": 0,
            "primary_network_interface": [
              {
                "delete_on_termination": true,
                "network_interface_id": "eni-04833a99d8ec3e3b6"
              }
            ],
            "primary_network_interface_id": "eni-04833a99d8ec3e3b6",
            "private_dns": "ip-10-10-0-12.ec2.internal",
            "private_dns_name_options": [
              {
                "enable_resource_name_dns_a_record": false,
                "enable_resource_name_dns_aaaa_record": false,
                "hostname_type": "ip-name"
              }
            ],
            "private_ip": "10.10.0.12",
            "public_dns": "",
            "public_ip": "",
            "region": "us-east-1",
            "root_block_device": [
              {
                "delete_on_termination": true,
                "device_name": "/dev/sda1",
                "encrypted": false,
                "iops": 3000,
                "kms_key_id": "",
                "tags": {
                  "Environment": "dev",
                  "ManagedBy": "Terraform",
                  "OwnerName": "Francisco Briones",
                  "Project": "actividad6"
                },
                "tags_all": {
                  "Environment": "dev",
                  "ManagedBy": "Terraform",
                  "OwnerName": "Francisco Briones",
                  "Project": "actividad6"
                },
                "throughput": 125,
                "volume_id": "vol-0ce2ae98bd0aed138",
                "volume_size": 8,
                "volume_type": "gp3"
              }
            ],
            "secondary_network_interface": [],
            "secondary_private_ips": [],
            "security_groups": [],
            "source_dest_check": true,
            "spot_instance_request_id": "",
            "subnet_id": "subnet-0894432fdd9b3369b",
            "tags": {
              "Layer": "database",
              "Name": "actividad6-dev-db"
            },
            "tags_all": {
              "Environment": "dev",
              "Layer": "database",
              "ManagedBy": "Terraform",
              "Name": "actividad6-dev-db",
              "OwnerName": "Francisco Briones",
              "Project": "actividad6"
            },
            "tenancy": "default",
            "timeouts": null,
            "user_data": "#!/bin/bash\n# 1. Extract application\nAPP_ZIP_B64=\"UEsDBBQACAAIAAAAIYoAAAAAAAAAAAAAAAASAAAAYmFja2VuZC9Eb2NrZXJmaWxlLMuxCsIwEADQ/b7iyCg2bXER17aCSE2JiIo4HG2QaHo5mvj/Ln7A21vTI8fJ7eptQUE8O4Crscf2YLEkEYDGDHcUGj/0civ9TpFRlwD2ckKWGT2nTCFgUcgSp++YfeQ/0qgButtgzh1uqqoGaPoWH4plVmtUKdOS1RN+AQAA//9QSwcI0HoDU4AAAACEAAAAUEsDBBQACAAIAAAAIYoAAAAAAAAAAAAAAAAUAAAAYmFja2VuZC9wYWNrYWdlLmpzb25Mjz1OAzEQhfs9xcg1sZIAEqSjpOMESMP6FYbs2MxYEQjt3dGsjUjp9/P5zc9EFIQXhBOFliGJdxWquRXbvfH8AUnhxkMXqOUinjvEfdx3NcFmzbUN5+nlmUaLKitTR1IC8TkvkFasG3+fdMzCeesb9AKN70PubAsn8p0uNNbmQSkJ9J+eiNaxp0ISZM64qs1F/RVej/Eh3m9sooCvqrBu3MXD47jJ53zb5/m4GbfRdedP6/QbAAD//1BLBwh3xXzVuQAAAC4BAABQSwMEFAAIAAgAAAAhigAAAAAAAAAAAAAAABEAAABiYWNrZW5kL3NlcnZlci5qc+xX3U4bSRO9n6eob/RdjKWRMSG7F7a8EcETBYlg1nY2WiGUtKcL6GTcNXT3hHgTP9U+wr7Yqv8GGxw2idjkZiWEzemumqpzTvXQJUltAD/UCrWGISi8aoTCLA1Q2hkkfk9JamOD/ftmdbHUV9X6sgMe7dSKFkKj3Rh2srqGYXxi1iY4GU9mMIRaUYlad1G+7zro0yfY6/V22/CPCcDo6evn46ndnvJ5mnvk5bSYWEQRmYid7E+nr8aTkcUZXwi5+2gvrh3vvygsbgRKzl7XqJQwpNtQX8/eXu/nPFltVjZIElbX3UZjZlnIOp1BC4TGum81SbeQVGigJqoGSbKzA4dSlIJV4g+mHAocoSSJHwRJ1AnTS1nCeSNLI0iCkMKM5lnHtW3U0n2CDxx60rulQmbwhKjK/CrAJWnTjzTlAWw0qn5kKoI10/qaFO+v0xUXOTNszjT2I19tFCmf37IUwWsmzDNSByQluup1H4xqMK6X7cKRWAjTh91eXLpqsMGABnDVGSQhSlOF3YousvTkDmHwYjn99cjyFFjl1E1d6ApKZspLyFCpTuAtJkOlSGVpYT+AVWvhN6K4xP00BxvvEiYrp+BzrGpUUDPFYMEkvmUKXELUSSvcJZO8QveATKHO/Y4cFqg1u0BrPP90IQ0qScCxAo3qveCkUl/vZrXutytEoe5qw0yjs596vY632sc2tWXOVzqeG5SowBAnDRVpa2LelIa08+sFmizdYbXYafE0B2/BTOFVbh/VgeEvt+znJ/FU0bU+gyEwq7zjrXvVoFpm6bQ4Kg5mIHgOkhZzhTlw1KUSdSlI5lArLAXloA2V7+DZZPzipjIYT0bFBJ7+DoLDqJgepMEJtm3Xqn3uZyXeRnwO6TGBRqgbLlCRBArMbHASjZNYBtf5a2S7yVofDkefo2+nL/g9FIYjzHa28odl19pooQffkd9Xz4tJYUsYwpM0h1PBzwLD4hwcud0K5YW5hOFwCL1IrBXANEqu2+9x7/Ft+/UhPYlcSQKUJUmj3Fi2M726q+dp7+ybJaVWTqzaPu+IeaCQOSllg++p3eeUrEl/zSREGb+A+yjznPhykCSe4//5QPtu87thOATZVJVFfFwAIgXbqL8z+X3Lia8opF2GbNpZvhIXzJAS1ulBi1Wy1Xiom8pstV6wQnp4PC0mMzg8no3XrJX9MyMd+G3/6GUxhexJDuGnk8YXwemWBJYUy8WtRGcuZO0tYbyyh9xRbjvoCqlRmUM++AFjFYo5Wzu9gnSPerudh3J+6Vx9n+/3S9OEV9vaOeZt3zzoAfbfWKQvT0b7s2LNFdNiFviwvtj0tQNip/Z76BGe3DLT1w9HDoK3A3JztvupYOfnWBrkE7rW/+IZ/wNmTmyM2wONGLsZoPvmrKjEQsgtU8axQoMPOWhf48x0VBwVs+LLmfv+RtnQa2ssem7teUdKYWnYAqXBm3n9JmExKnavrJLXJKSxVwLNqobf+tfvElllLtN8i4ZrPXmK+pDSuzRf6/ApK9+h5Da5v4fab/EqCigB32LZlOKvP2VoNtbl75GqvTO4siqhDcrM3cqitTYsFW9Sb6YhDOahAtRlU1rOrExQN6gMwf8/2lSrN44Tb614I/WV/B0AAP//UEsHCI6EzUjHBAAAPxAAAFBLAwQUAAgACAAAACGKAAAAAAAAAAAAAAAADQAAAGRiL0RvY2tlcmZpbGVkkcFOKjEUhvd9ipPM5t4FcK8khpiwGGFMTMCBKaKsyKE9mmqnLW2HCG/DM/gIvJjpaCLGbb+T/3x/Twa3NT6TgQ0GgumezycwAPukhELNbqpyCvU+bPXVgLEMlugVbjQFkARkovXGwp9AgE4rgf50NIBNtPXpGJXAmkwkQA3KpDwPpEFYE8mQtP4vK+6WMF3x+WRdleViPcs5fyir8RBlrcz/i/7ZwDhf5Nc5L4ZRkZG4duS9ijacjdzzohqibmpjz16/Q1uSUlkGI+u+fILwysXU51NSqwMKdXo3IMlEbxPRCKr9JZYBJ6AXEk3E3001gvOqJo+wowNsG4JAoGmHif4oz0blbJVWxm7YauhJK17Jd9LKvbPKxE5ictOVveRbvDlrqBV2DfnYarXXYsXjrOQF9Pv/LtlHAAAA//9QSwcID3dJKz4BAADOAQAAUEsDBBQACAAIAAAAIYoAAAAAAAAAAAAAAAALAAAAZGIvaW5pdC5zcWxkz0Fu2zAQBdC9TvF3sgAu5BRGa3jFyCwqVJYDiQ6aVcCIRENE0rAktWhu1TP0YoWlNDCc7cznm8+iEVwK7Lnkt7wVKL+iPkqIH2UrW0RrRq0enfHeRgq75NSKj8PkDZH8troWnCc9dZECVgkAWI2yluAneXws66IRB1FL3DXlgTcP+C4e2BwbaXjyBve8Kb7xZrXO82xW61NVLQltQuet6yyN77GbzSZbts6bzhL2oigPvFqtc3ZzDYRI3ctc5v88yXZJUtataOR5frwsvxRil2fZ2xW2UBnueXUSbbJKeW8HM0ZCobpn8p5w581gpyFlSFv1RB6O+p4YvHpVAc78mszfPyqkDOvtdpszrM8/uZC4nvpIqOzP53hWChqjpx7awJnwLg1GWzUu0OcZ+jI77ai6l4C9GaPqzXmd8t+TVlDoFXo7OGteFfS8Txk289tPebZL/gUAAP//UEsHCCrR2IhaAQAAIgIAAFBLAwQUAAgACAAAACGKAAAAAAAAAAAAAAAAEgAAAGRvY2tlci1jb21wb3NlLnltbKSRQUv7QBDF7/kUQy89tf/0H5Ayt5QUPFij2Yh4WjbdUZa2u2F2TfXbS9KURmxV8DIsj98M771tiL1xFmGcTOfjKPLEjVmTxwhAV+0EqF7NVh+eAGtnA70FhOk/XXUa2cawszuy4QitnsT9jSzyvJR3qRCPeZEhKL0zdvY/+cRkaZkuUrFECIasVrImZhOc76jacfDHoxMYJUl8he0YdZqlsHe8GRCqrie92mlMPigOCGq7V+8+igAqtd6Q1d9H66FL+bKFvM5FidBX0CkPYlkgsHPhpF1Mny3kbbq6EPuwmhclQhv2fBVxPMN2/LYKTTVZ7aWzJ6a3f6alZ27L+KmmI3XW4TzGefwXd8NP+GJxeHJw7LCt2TTECBUb/ULRRwAAAP//UEsHCDMTGWIlAQAA5QIAAFBLAwQUAAgACAAAACGKAAAAAAAAAAAAAAAAEwAAAGZyb250ZW5kL0RvY2tlcmZpbGV0zrFKBDEQxvE+T/GBneDGUmyPs9Lb40TQMiST25FsJkyycu/lI/hiktVimyuHmf+PeTqNL8hnzpdHlwpnMuYGzzwXdvCSG2UOgiKKQJF8E3N6O0Bn3GmEXaraOjkluxJ2anOyt53YSReSVDj1E39JRaCEqKsZzG48foBzoMvQI7hShs96RdyA61eRz4s6zz/fGX6pTWYEwqEHf3Cg6JbUhn4LS83/a30egt2ujdm/H8fXPR7ufwMAAP//UEsHCPF8uea7AAAADAEAAFBLAwQUAAgACAAAACGKAAAAAAAAAAAAAAAADwAAAGZyb250ZW5kL2FwcC5qc8RY23Ibtxm+51P8RX2xdOVdObmjRHsUiW7dcWVPJF9X4OInCQsLbACsHJXhw/QZcpebzEQv1sFhj1zRSjMZX5EE/vPxA7PnzyfwHN5oJS1KBoYXpUAoqaZw/v3HC2AIpVasyq0y7oegYDlKRv0Nas2tMukEnmeTSZbBBVrUBZdUO8qP37+DJTUYGc8+vAWD64dfJKCAjTLWsayi7oyWZfrJTCa5ksY64n9/d3a1gDmQjJY8a8wgJ17V4hMWpVAz2KffWFvOsuzlcXqcfpN+ezz79vj45b6QiUALyLilkqm3DOYgKyFOagvsUrF7mANTeVWgtOka7UKg+/rd/VuWEE/woZE4PYmMSyvPqV5TfYi5Ierx/b2imn2RMVINNMocxRdZa7KWd6V0cc2twEOcDVHLZyy1lbngd4f4ApFjilxclpW9VMVSH9QnPUWrzLNdoMk1L3Ou5CFe1pINBHzQmHN1iLf0FAO2K6vy28NeqvzWO7mqZG6dfQbtlfc9KVAa+gmPwPLS6SbqlkxhO4E2gqnFH+25bwMLc4gcJz2SXFBjLmnhwhbDCgT+5qWeTHaTCTX3MofGgNwXV1OdSVBp9b3/hNg1Gg3MgX6m3MIKbb5J6j6anngyvoLkLxpNqm6nYDdafQaJn2GhtdIJ8R9ARdTWjgoS2YMWRi1t1Dhhn4ySSSTRKBl2DHXE8aoNImnugyrmviitMbfU5QFTchQi6zh3kFObbyBBracdf5XAFL3l7mJPx6UCg1BWjKNuIghCmdavFH77dWHsw3/dBFvS/NYNTYF3VFrK1GtnhFcQ7XB5aTIydLQRGlPjpknKpUT9j+t/vXNpJk5Iq3ul9ILmmyQppzB/1cuj7fV9rpFajCWaEOvN8dRW9zTc+EOAU8tePduWKWe708yyV4Pj0I2jV51mg59+AkL2qZ5tL6tiiTop09Be09SqN/xHZMk301Ghvp/2buJXgNNlZa2SvqxecDYn0XQCvknmbs698HNdk1cL/3maBZ7fK0TwsMwYlWt00uLBUF5r600daZ9OWpYo2fmGC5bYUHK7kIssgzPD10443qF0lU19rS2VVRLNBNp8/lChvr9CgblV+kyIhKQdF6dtYSyt7JTG0sqUMrZw4t9xY1GiTkgueH5LjiDpUNZlxN0SdGxrtGfWar6sLCYkxqhuaghLsynlhLN4s+t6+EXzYyy/hgNurOVKrrguEvLbr1e4rrSCHyoHVQxSA03m0dgWAr0m02mjERqi/UC43u8HpDsJBC9KTvUbpYtKUM1VnM4jWATa/TzYEuSywjvVmOZnRWe7pndUVNhMkeECHbsO63Hsxm/A3kXXHbX0mbmgVpk9nzTaSssYtDBIZvt2plbzIpkeearOTJk9YniPPkyVmUOtBt8IRW2y508k9ZMlUr6Vka7j3RG8PPaku76Ld1Rw1km0i3rwzy9I9zNOyWntMVmI6C+gAbUUfE2t0lylIa4rSLi5pJdeVj0Z3Qzt/IZTOO4JjMcMlwgGNVQS5MMvBWoFBb1XGhTwdUUFUDge1eMD0KrxP/e0hNPfoSTyhpLdxyLrgFeb6IXIhY6t6xfmj9bRSUPsdyvMR9Phvkxrjz1h3artivfH/R1dGx/2dQ8iueeBRtMCobY/2yng5nhuKyr4f6iOZ/uo6ubZtgZWu+zZthW0uznqDJQC7UaxGZAPH6/JUXO8QcpQmxlsgcQB8OL6vkQyA0LLUvCcujhnDlYR2LWMbgfN4J9X7y9TYzWXa766b4NV0+3q6Q0oDHY9O9d4wKnao3EP3l99DRcmTbIa1NrfEI9g0dQjxiTslGS7mzaDfAh6nYC0QGPoGj3kaUBwLHMHDZup3LdrZPCH+2DOHmYfQtTOgngNDSYGWhcgU0NUDLMOncOF+yR/HDi/zyut+cPPblLggWikY/h4MCv2ocUTHy6DFuNsd/OkN0yD+lU9gMYSGIfVo6+Y3up2QDIcP7a8bwIsbaffXyP8vIkmjyzyGod3KMYW+ggm73AMdnwNyTsU/V0fwfheyhfR335u/2AddVIRH1+dTIQ/pUJ5iKeV0gg8+/+L6Qi27XS7WLxbXC9IM3ee+ExuUOWwvJ7Y/20rR0l/Rjd3stCi4C80cZbBIrxiJs0fWweg+8DR6cmk/VfrANsARwS2+h+tJ70UHhnA/cLO+cPP7vnv5TLaial/2bi9OPi7w+WWS55zqicjSfxfAAAA//9QSwcIPCKVGHwGAABmFQAAUEsDBBQACAAIAAAAIYoAAAAAAAAAAAAAAAAVAAAAZnJvbnRlbmQvZGVmYXVsdC5jb25mfFDP6tNAEL73KQZ+Oeih2VQRSnPqoaKiGPTibZlmp+7idjfMTGqK9GF8Fl9MkrRSirqHYfab788wQnwihh8LAIAYRCnBuqqn7zyzCY8EdoZajyyk0Othua4XE8Y5K5he2IhHJpO+hjQYr8c4a0JyNMy1nNEJfoIttz6csgCJ/vqpoc0Cz7SHz80WhFIbYsTn82K5RQ05gbluOj7lsz2ESAJFz2EqBsx9zsi63NIazsMZPLYBgSLssf1GyQEliAjS75kcdBxO6PAhE7twn9uNRrZDEfCq3caYq9fmZVWt6j+8J9i9231o3n/c/EWyqsqqfFG+qq6iB3chtZ7QEcObLAqFz6L1v0lflp8I4/JtAwXTMStZdI7/K3id+TuyIzd2UMwMdM4O9nAbjd3tjJfF7wAAAP//UEsHCNCz9ZI1AQAALAIAAFBLAwQUAAgACAAAACGKAAAAAAAAAAAAAAAAEwAAAGZyb250ZW5kL2luZGV4Lmh0bWycV11y27oVfs8qTuhpx56KEqnIjkyTmnHtJNOZNnUb56GPIHEoIgYBBABtOZ0uqQ93DXc99ykbuAP+ibRoz01GMxKB84Pv/OA7VPz6+p9Xt/+5eQeFLfnmVex+gBOxTTw0nttAQjevAOISLYGsINqgTbzPt+/9tQeLWmSZ5bi5ZSgoAYpwyVmJwkoDimgCN6g1c6s/H4XLdXC6uogXjUnvV5ASE++e4YOS2nqQSWFR2MR7YNQWCcV7lqFfL2bABLOMcN9khGMSzoMOh7GPjVOAVNJH+G/9CJBLYf2clIw/RnCpGeEzMEQY36Bm+UWrVRK9ZSKCoNtQhFImtoOdlGR3Wy0rQSM4yk/dpxH9r/52uULdHzvSfpOul/lZ5yiTXOoIHgpm8eC48Eztuk2LO+sTzrYiggyFRT08sCRM9MeVZNdkKIIwCIK9jy6wZaB2QCorp8KZhrIcuEmlpqh9TSirTATroWTnm4JQ+RBBAEu1g5Xagd6m5DiY1Z95eDJKVDiDYjlA7gD6Vqo+143enGSWSWGeaqbSWlkOM9Xop5W1cp+RPoy12o2y2rrRbFvYJ5G4GCMQUuAzca/22lmljSujkmxfmR+s+xD43GAmBSX6cbqHztK3y3UwYUeJ2D7XeJivVqvV0MiSlGOvvG+ZPz2JOJOcE2Uwgu7pYqJgT2vgbqileyxtRkO1AyM5o3BEKT1otPV0y3PM7dj5M0Ge4ltMR5o6Erbws4Jxeoz3KE6mLfPznOQjy3kudelvNdsHQZlRnDxG4HY7nO7Zt1gqTiy6ZFWlMBFoVEjssbtnfs7sDEomSrI7DteB2s0gzPXJSe+CuAQeXNXpxHKSIj+ElHKZ3XX2NdM9YNPXqeT0iePu4qzGrplQlZ3VmScayUu90Vfs7FlmWB3ep2H1Q3pK0xF1sG+1x9ZNKkfY5sYSWx1QQJOiQerq0A37hhEE83ON5YSTubzr/bRX8Sg8I29WZEoZtZb6QJ9my7Pl2V4/XrRjJ140szJ2s6eeR808aAZSXIQ/NiGLsDVUmw9oLPsu4Orfn6+dtdKSVpnTR9GOSqRSo4Frmd2hhuP3ut6l8Bf4K8numqd/PH76199P4oWqwS326GI3R9rTDNaUu2mjjovl5qY7Ll4Uy15A2T1knBiTeC1Le50MIG6ZmNHES624InpLtLdpfvf440Wj1ztdUHbfL2qeGvi03bvIfkcPl7XK5m/X8cIWh/sfZZlqnJZdo8k0Uxn7LqYVbjRmTE7LPlmZ3U2LLrOMSYHmqTReDJE76Siy2NavLy559VNfAG/k5LXvw+XX6rf/g0FgwqC2REDOODFAmSAly4jrMgTfH53WNWi73Kc5XvTlf64balSOIW/dG5y3+Vjhvewr+lyH9JQ67JFBret1Q3C51Ikn6mJ5fdFq0Ui5piywjwoTz/GWVwNr7UBxkmEhOUWdeO++RP2FgxuNJatKuCJZIbWW7btjl4wRppcQ0q5lpPDG/XOItedVB3FoCFo+mMRbTgD+RFKpQUnO5Qw0+UYMKPxa4a+/EONt4kXn86fAq7qdvb6tX06vqMoUdZPg1hKMRZV4wTwIPTfgEi+YiCE8Pz8PfjbBxl0rr7tdfxxhY/cCqBcQjRcTDAc11yfeaAgt1e7iee77UBFNHfm1D085b4IsRYacaK87vH8rdATayF4mTge8SYWbY3s/zXIzUB5ceLdo5kD9V8r1qAWjs8QjSs2/1HbNrht1DYXEi+Zv4+8BAAD//1BLBwiCt//PHgUAAEcOAABQSwECFAMUAAgACAAAACGK0HoDU4AAAACEAAAAEgAAAAAAAAAAAAAApIEAAAAAYmFja2VuZC9Eb2NrZXJmaWxlUEsBAhQDFAAIAAgAAAAhinfFfNW5AAAALgEAABQAAAAAAAAAAAAAAKSBwAAAAGJhY2tlbmQvcGFja2FnZS5qc29uUEsBAhQDFAAIAAgAAAAhio6EzUjHBAAAPxAAABEAAAAAAAAAAAAAAKSBuwEAAGJhY2tlbmQvc2VydmVyLmpzUEsBAhQDFAAIAAgAAAAhig93SSs+AQAAzgEAAA0AAAAAAAAAAAAAAKSBwQYAAGRiL0RvY2tlcmZpbGVQSwECFAMUAAgACAAAACGKKtHYiFoBAAAiAgAACwAAAAAAAAAAAAAApIE6CAAAZGIvaW5pdC5zcWxQSwECFAMUAAgACAAAACGKMxMZYiUBAADlAgAAEgAAAAAAAAAAAAAApIHNCQAAZG9ja2VyLWNvbXBvc2UueW1sUEsBAhQDFAAIAAgAAAAhivF8uea7AAAADAEAABMAAAAAAAAAAAAAAKSBMgsAAGZyb250ZW5kL0RvY2tlcmZpbGVQSwECFAMUAAgACAAAACGKPCKVGHwGAABmFQAADwAAAAAAAAAAAAAApIEuDAAAZnJvbnRlbmQvYXBwLmpzUEsBAhQDFAAIAAgAAAAhitCz9ZI1AQAALAIAABUAAAAAAAAAAAAAAKSB5xIAAGZyb250ZW5kL2RlZmF1bHQuY29uZlBLAQIUAxQACAAIAAAAIYqCt//PHgUAAEcOAAATAAAAAAAAAAAAAACkgV8UAABmcm9udGVuZC9pbmRleC5odG1sUEsFBgAAAAAKAAoAdwIAAL4ZAAAAAA==\"\napt-get update\napt-get install -y unzip docker.io\nsystemctl start docker\nsystemctl enable docker\nmkdir -p /home/ubuntu/app\necho \"$APP_ZIP_B64\" | base64 -d \u003e /home/ubuntu/app.zip\nunzip /home/ubuntu/app.zip -d /home/ubuntu/app\nchown -R ubuntu:ubuntu /home/ubuntu/app\n\n# Dar permisos a docker a los usuarios ubuntu y ssm-user\nusermod -aG docker ubuntu\nusermod -aG docker ssm-user\n\n# 2. Run DB\ncd /home/ubuntu/app/db\ndocker build -t tienda-db .\ndocker run -d --name db -p 3306:3306 \\\n  -e MYSQL_ROOT_PASSWORD=admin123 \\\n  -e MYSQL_DATABASE=tienda_perritos \\\n  tienda-db\n",
            "user_data_base64": null,
            "user_data_replace_on_change": true,
            "volume_tags": null,
            "vpc_security_group_ids": [
              "sg-02080b7b2deb43fad"
            ]
          },
          "sensitive_attributes": [],
          "private": "eyJlMmJmYjczMC1lY2FhLTExZTYtOGY4OC0zNDM2M2JjN2M0YzAiOnsiY3JlYXRlIjo2MDAwMDAwMDAwMDAsImRlbGV0ZSI6MTIwMDAwMDAwMDAwMCwicmVhZCI6OTAwMDAwMDAwMDAwLCJ1cGRhdGUiOjYwMDAwMDAwMDAwMH0sInNjaGVtYV92ZXJzaW9uIjoiMiJ9",
          "dependencies": [
            "data.archive_file.app_single",
            "data.aws_ami.ubuntu",
            "module.backend_sg.aws_security_group.this",
            "module.db_sg.aws_security_group.this",
            "module.frontend_sg.aws_security_group.this",
            "module.vpc.aws_subnet.private",
            "module.vpc.aws_vpc.this",
            "module.vpc.aws_vpc_ipv4_cidr_block_association.this"
          ]
        }
      ]
    },
    {
      "module": "module.db_sg",
      "mode": "managed",
      "type": "aws_security_group",
      "name": "this",
      "provider": "provider[\"registry.terraform.io/hashicorp/aws\"]",
      "instances": [
        {
          "schema_version": 1,
          "attributes": {
            "arn": "arn:aws:ec2:us-east-1:891377192530:security-group/sg-02080b7b2deb43fad",
            "description": "Security group for Database (Private)",
            "egress": [
              {
                "cidr_blocks": [
                  "0.0.0.0/0"
                ],
                "description": "Allow all outbound traffic",
                "from_port": 0,
                "ipv6_cidr_blocks": [],
                "prefix_list_ids": [],
                "protocol": "-1",
                "security_groups": [],
                "self": false,
                "to_port": 0
              }
            ],
            "id": "sg-02080b7b2deb43fad",
            "ingress": [
              {
                "cidr_blocks": [],
                "description": "ICMP access",
                "from_port": -1,
                "ipv6_cidr_blocks": [],
                "prefix_list_ids": [],
                "protocol": "icmp",
                "security_groups": [
                  "sg-05e49dd8931ed825d"
                ],
                "self": false,
                "to_port": -1
              },
              {
                "cidr_blocks": [],
                "description": "MySQL access from Backend SG",
                "from_port": 3306,
                "ipv6_cidr_blocks": [],
                "prefix_list_ids": [],
                "protocol": "tcp",
                "security_groups": [
                  "sg-05e49dd8931ed825d"
                ],
                "self": false,
                "to_port": 3306
              }
            ],
            "name": "actividad6-dev-db-sg",
            "name_prefix": "",
            "owner_id": "891377192530",
            "region": "us-east-1",
            "revoke_rules_on_delete": false,
            "tags": {},
            "tags_all": {
              "Environment": "dev",
              "ManagedBy": "Terraform",
              "OwnerName": "Francisco Briones",
              "Project": "actividad6"
            },
            "timeouts": null,
            "vpc_id": "vpc-0692caee7166cd6b0"
          },
          "sensitive_attributes": [],
          "private": "eyJlMmJmYjczMC1lY2FhLTExZTYtOGY4OC0zNDM2M2JjN2M0YzAiOnsiY3JlYXRlIjo2MDAwMDAwMDAwMDAsImRlbGV0ZSI6OTAwMDAwMDAwMDAwfSwic2NoZW1hX3ZlcnNpb24iOiIxIn0=",
          "dependencies": [
            "module.backend_sg.aws_security_group.this",
            "module.frontend_sg.aws_security_group.this",
            "module.vpc.aws_vpc.this"
          ]
        }
      ]
    },
    {
      "module": "module.frontend_host",
      "mode": "managed",
      "type": "aws_instance",
      "name": "this",
      "provider": "provider[\"registry.terraform.io/hashicorp/aws\"]",
      "instances": [
        {
          "index_key": 0,
          "schema_version": 2,
          "attributes": {
            "ami": "ami-05cf1e9f73fbad2e2",
            "arn": "arn:aws:ec2:us-east-1:891377192530:instance/i-0cd9c3e18b25f3e35",
            "associate_public_ip_address": true,
            "availability_zone": "us-east-1a",
            "capacity_reservation_specification": [
              {
                "capacity_reservation_preference": "open",
                "capacity_reservation_target": []
              }
            ],
            "cpu_options": [
              {
                "amd_sev_snp": "",
                "core_count": 1,
                "nested_virtualization": "",
                "threads_per_core": 2
              }
            ],
            "credit_specification": [
              {
                "cpu_credits": "unlimited"
              }
            ],
            "disable_api_stop": false,
            "disable_api_termination": false,
            "ebs_block_device": [],
            "ebs_optimized": false,
            "enable_primary_ipv6": null,
            "enclave_options": [
              {
                "enabled": false
              }
            ],
            "ephemeral_block_device": [],
            "force_destroy": false,
            "get_password_data": false,
            "hibernation": false,
            "host_id": "",
            "host_resource_group_arn": null,
            "iam_instance_profile": "LabInstanceProfile",
            "id": "i-0cd9c3e18b25f3e35",
            "instance_initiated_shutdown_behavior": "stop",
            "instance_lifecycle": "",
            "instance_market_options": [],
            "instance_state": "running",
            "instance_type": "t3.micro",
            "ipv6_address_count": 0,
            "ipv6_addresses": [],
            "key_name": "",
            "launch_template": [],
            "maintenance_options": [
              {
                "auto_recovery": "default"
              }
            ],
            "metadata_options": [
              {
                "http_endpoint": "enabled",
                "http_protocol_ipv6": "disabled",
                "http_put_response_hop_limit": 2,
                "http_tokens": "required",
                "instance_metadata_tags": "disabled"
              }
            ],
            "monitoring": false,
            "network_interface": [],
            "outpost_arn": "",
            "password_data": "",
            "placement_group": "",
            "placement_group_id": "",
            "placement_partition_number": 0,
            "primary_network_interface": [
              {
                "delete_on_termination": true,
                "network_interface_id": "eni-0f6ecc68e6e9b56f3"
              }
            ],
            "primary_network_interface_id": "eni-0f6ecc68e6e9b56f3",
            "private_dns": "ip-10-10-0-44.ec2.internal",
            "private_dns_name_options": [
              {
                "enable_resource_name_dns_a_record": false,
                "enable_resource_name_dns_aaaa_record": false,
                "hostname_type": "ip-name"
              }
            ],
            "private_ip": "10.10.0.44",
            "public_dns": "ec2-44-201-211-229.compute-1.amazonaws.com",
            "public_ip": "44.201.211.229",
            "region": "us-east-1",
            "root_block_device": [
              {
                "delete_on_termination": true,
                "device_name": "/dev/sda1",
                "encrypted": false,
                "iops": 3000,
                "kms_key_id": "",
                "tags": {
                  "Environment": "dev",
                  "ManagedBy": "Terraform",
                  "OwnerName": "Francisco Briones",
                  "Project": "actividad6"
                },
                "tags_all": {
                  "Environment": "dev",
                  "ManagedBy": "Terraform",
                  "OwnerName": "Francisco Briones",
                  "Project": "actividad6"
                },
                "throughput": 125,
                "volume_id": "vol-055ee8b0b36990075",
                "volume_size": 8,
                "volume_type": "gp3"
              }
            ],
            "secondary_network_interface": [],
            "secondary_private_ips": [],
            "security_groups": [],
            "source_dest_check": true,
            "spot_instance_request_id": "",
            "subnet_id": "subnet-0890eb9978bb39fec",
            "tags": {
              "Layer": "frontend",
              "Name": "actividad6-dev-frontend"
            },
            "tags_all": {
              "Environment": "dev",
              "Layer": "frontend",
              "ManagedBy": "Terraform",
              "Name": "actividad6-dev-frontend",
              "OwnerName": "Francisco Briones",
              "Project": "actividad6"
            },
            "tenancy": "default",
            "timeouts": null,
            "user_data": "#!/bin/bash\n# 1. Extract application\nAPP_ZIP_B64=\"UEsDBBQACAAIAAAAIYoAAAAAAAAAAAAAAAASAAAAYmFja2VuZC9Eb2NrZXJmaWxlLMuxCsIwEADQ/b7iyCg2bXER17aCSE2JiIo4HG2QaHo5mvj/Ln7A21vTI8fJ7eptQUE8O4Crscf2YLEkEYDGDHcUGj/0civ9TpFRlwD2ckKWGT2nTCFgUcgSp++YfeQ/0qgButtgzh1uqqoGaPoWH4plVmtUKdOS1RN+AQAA//9QSwcI0HoDU4AAAACEAAAAUEsDBBQACAAIAAAAIYoAAAAAAAAAAAAAAAAUAAAAYmFja2VuZC9wYWNrYWdlLmpzb25Mjz1OAzEQhfs9xcg1sZIAEqSjpOMESMP6FYbs2MxYEQjt3dGsjUjp9/P5zc9EFIQXhBOFliGJdxWquRXbvfH8AUnhxkMXqOUinjvEfdx3NcFmzbUN5+nlmUaLKitTR1IC8TkvkFasG3+fdMzCeesb9AKN70PubAsn8p0uNNbmQSkJ9J+eiNaxp0ISZM64qs1F/RVej/Eh3m9sooCvqrBu3MXD47jJ53zb5/m4GbfRdedP6/QbAAD//1BLBwh3xXzVuQAAAC4BAABQSwMEFAAIAAgAAAAhigAAAAAAAAAAAAAAABEAAABiYWNrZW5kL3NlcnZlci5qc+xX3U4bSRO9n6eob/RdjKWRMSG7F7a8EcETBYlg1nY2WiGUtKcL6GTcNXT3hHgTP9U+wr7Yqv8GGxw2idjkZiWEzemumqpzTvXQJUltAD/UCrWGISi8aoTCLA1Q2hkkfk9JamOD/ftmdbHUV9X6sgMe7dSKFkKj3Rh2srqGYXxi1iY4GU9mMIRaUYlad1G+7zro0yfY6/V22/CPCcDo6evn46ndnvJ5mnvk5bSYWEQRmYid7E+nr8aTkcUZXwi5+2gvrh3vvygsbgRKzl7XqJQwpNtQX8/eXu/nPFltVjZIElbX3UZjZlnIOp1BC4TGum81SbeQVGigJqoGSbKzA4dSlIJV4g+mHAocoSSJHwRJ1AnTS1nCeSNLI0iCkMKM5lnHtW3U0n2CDxx60rulQmbwhKjK/CrAJWnTjzTlAWw0qn5kKoI10/qaFO+v0xUXOTNszjT2I19tFCmf37IUwWsmzDNSByQluup1H4xqMK6X7cKRWAjTh91eXLpqsMGABnDVGSQhSlOF3YousvTkDmHwYjn99cjyFFjl1E1d6ApKZspLyFCpTuAtJkOlSGVpYT+AVWvhN6K4xP00BxvvEiYrp+BzrGpUUDPFYMEkvmUKXELUSSvcJZO8QveATKHO/Y4cFqg1u0BrPP90IQ0qScCxAo3qveCkUl/vZrXutytEoe5qw0yjs596vY632sc2tWXOVzqeG5SowBAnDRVpa2LelIa08+sFmizdYbXYafE0B2/BTOFVbh/VgeEvt+znJ/FU0bU+gyEwq7zjrXvVoFpm6bQ4Kg5mIHgOkhZzhTlw1KUSdSlI5lArLAXloA2V7+DZZPzipjIYT0bFBJ7+DoLDqJgepMEJtm3Xqn3uZyXeRnwO6TGBRqgbLlCRBArMbHASjZNYBtf5a2S7yVofDkefo2+nL/g9FIYjzHa28odl19pooQffkd9Xz4tJYUsYwpM0h1PBzwLD4hwcud0K5YW5hOFwCL1IrBXANEqu2+9x7/Ft+/UhPYlcSQKUJUmj3Fi2M726q+dp7+ybJaVWTqzaPu+IeaCQOSllg++p3eeUrEl/zSREGb+A+yjznPhykCSe4//5QPtu87thOATZVJVFfFwAIgXbqL8z+X3Lia8opF2GbNpZvhIXzJAS1ulBi1Wy1Xiom8pstV6wQnp4PC0mMzg8no3XrJX9MyMd+G3/6GUxhexJDuGnk8YXwemWBJYUy8WtRGcuZO0tYbyyh9xRbjvoCqlRmUM++AFjFYo5Wzu9gnSPerudh3J+6Vx9n+/3S9OEV9vaOeZt3zzoAfbfWKQvT0b7s2LNFdNiFviwvtj0tQNip/Z76BGe3DLT1w9HDoK3A3JztvupYOfnWBrkE7rW/+IZ/wNmTmyM2wONGLsZoPvmrKjEQsgtU8axQoMPOWhf48x0VBwVs+LLmfv+RtnQa2ssem7teUdKYWnYAqXBm3n9JmExKnavrJLXJKSxVwLNqobf+tfvElllLtN8i4ZrPXmK+pDSuzRf6/ApK9+h5Da5v4fab/EqCigB32LZlOKvP2VoNtbl75GqvTO4siqhDcrM3cqitTYsFW9Sb6YhDOahAtRlU1rOrExQN6gMwf8/2lSrN44Tb614I/WV/B0AAP//UEsHCI6EzUjHBAAAPxAAAFBLAwQUAAgACAAAACGKAAAAAAAAAAAAAAAADQAAAGRiL0RvY2tlcmZpbGVkkcFOKjEUhvd9ipPM5t4FcK8khpiwGGFMTMCBKaKsyKE9mmqnLW2HCG/DM/gIvJjpaCLGbb+T/3x/Twa3NT6TgQ0GgumezycwAPukhELNbqpyCvU+bPXVgLEMlugVbjQFkARkovXGwp9AgE4rgf50NIBNtPXpGJXAmkwkQA3KpDwPpEFYE8mQtP4vK+6WMF3x+WRdleViPcs5fyir8RBlrcz/i/7ZwDhf5Nc5L4ZRkZG4duS9ijacjdzzohqibmpjz16/Q1uSUlkGI+u+fILwysXU51NSqwMKdXo3IMlEbxPRCKr9JZYBJ6AXEk3E3001gvOqJo+wowNsG4JAoGmHif4oz0blbJVWxm7YauhJK17Jd9LKvbPKxE5ictOVveRbvDlrqBV2DfnYarXXYsXjrOQF9Pv/LtlHAAAA//9QSwcID3dJKz4BAADOAQAAUEsDBBQACAAIAAAAIYoAAAAAAAAAAAAAAAALAAAAZGIvaW5pdC5zcWxkz0Fu2zAQBdC9TvF3sgAu5BRGa3jFyCwqVJYDiQ6aVcCIRENE0rAktWhu1TP0YoWlNDCc7cznm8+iEVwK7Lnkt7wVKL+iPkqIH2UrW0RrRq0enfHeRgq75NSKj8PkDZH8troWnCc9dZECVgkAWI2yluAneXws66IRB1FL3DXlgTcP+C4e2BwbaXjyBve8Kb7xZrXO82xW61NVLQltQuet6yyN77GbzSZbts6bzhL2oigPvFqtc3ZzDYRI3ctc5v88yXZJUtataOR5frwsvxRil2fZ2xW2UBnueXUSbbJKeW8HM0ZCobpn8p5w581gpyFlSFv1RB6O+p4YvHpVAc78mszfPyqkDOvtdpszrM8/uZC4nvpIqOzP53hWChqjpx7awJnwLg1GWzUu0OcZ+jI77ai6l4C9GaPqzXmd8t+TVlDoFXo7OGteFfS8Txk289tPebZL/gUAAP//UEsHCCrR2IhaAQAAIgIAAFBLAwQUAAgACAAAACGKAAAAAAAAAAAAAAAAEgAAAGRvY2tlci1jb21wb3NlLnltbKSRQUv7QBDF7/kUQy89tf/0H5Ayt5QUPFij2Yh4WjbdUZa2u2F2TfXbS9KURmxV8DIsj98M771tiL1xFmGcTOfjKPLEjVmTxwhAV+0EqF7NVh+eAGtnA70FhOk/XXUa2cawszuy4QitnsT9jSzyvJR3qRCPeZEhKL0zdvY/+cRkaZkuUrFECIasVrImZhOc76jacfDHoxMYJUl8he0YdZqlsHe8GRCqrie92mlMPigOCGq7V+8+igAqtd6Q1d9H66FL+bKFvM5FidBX0CkPYlkgsHPhpF1Mny3kbbq6EPuwmhclQhv2fBVxPMN2/LYKTTVZ7aWzJ6a3f6alZ27L+KmmI3XW4TzGefwXd8NP+GJxeHJw7LCt2TTECBUb/ULRRwAAAP//UEsHCDMTGWIlAQAA5QIAAFBLAwQUAAgACAAAACGKAAAAAAAAAAAAAAAAEwAAAGZyb250ZW5kL0RvY2tlcmZpbGV0zrFKBDEQxvE+T/GBneDGUmyPs9Lb40TQMiST25FsJkyycu/lI/hiktVimyuHmf+PeTqNL8hnzpdHlwpnMuYGzzwXdvCSG2UOgiKKQJF8E3N6O0Bn3GmEXaraOjkluxJ2anOyt53YSReSVDj1E39JRaCEqKsZzG48foBzoMvQI7hShs96RdyA61eRz4s6zz/fGX6pTWYEwqEHf3Cg6JbUhn4LS83/a30egt2ujdm/H8fXPR7ufwMAAP//UEsHCPF8uea7AAAADAEAAFBLAwQUAAgACAAAACGKAAAAAAAAAAAAAAAADwAAAGZyb250ZW5kL2FwcC5qc8RY23Ibtxm+51P8RX2xdOVdObmjRHsUiW7dcWVPJF9X4OInCQsLbACsHJXhw/QZcpebzEQv1sFhj1zRSjMZX5EE/vPxA7PnzyfwHN5oJS1KBoYXpUAoqaZw/v3HC2AIpVasyq0y7oegYDlKRv0Nas2tMukEnmeTSZbBBVrUBZdUO8qP37+DJTUYGc8+vAWD64dfJKCAjTLWsayi7oyWZfrJTCa5ksY64n9/d3a1gDmQjJY8a8wgJ17V4hMWpVAz2KffWFvOsuzlcXqcfpN+ezz79vj45b6QiUALyLilkqm3DOYgKyFOagvsUrF7mANTeVWgtOka7UKg+/rd/VuWEE/woZE4PYmMSyvPqV5TfYi5Ierx/b2imn2RMVINNMocxRdZa7KWd6V0cc2twEOcDVHLZyy1lbngd4f4ApFjilxclpW9VMVSH9QnPUWrzLNdoMk1L3Ou5CFe1pINBHzQmHN1iLf0FAO2K6vy28NeqvzWO7mqZG6dfQbtlfc9KVAa+gmPwPLS6SbqlkxhO4E2gqnFH+25bwMLc4gcJz2SXFBjLmnhwhbDCgT+5qWeTHaTCTX3MofGgNwXV1OdSVBp9b3/hNg1Gg3MgX6m3MIKbb5J6j6anngyvoLkLxpNqm6nYDdafQaJn2GhtdIJ8R9ARdTWjgoS2YMWRi1t1Dhhn4ySSSTRKBl2DHXE8aoNImnugyrmviitMbfU5QFTchQi6zh3kFObbyBBracdf5XAFL3l7mJPx6UCg1BWjKNuIghCmdavFH77dWHsw3/dBFvS/NYNTYF3VFrK1GtnhFcQ7XB5aTIydLQRGlPjpknKpUT9j+t/vXNpJk5Iq3ul9ILmmyQppzB/1cuj7fV9rpFajCWaEOvN8dRW9zTc+EOAU8tePduWKWe708yyV4Pj0I2jV51mg59+AkL2qZ5tL6tiiTop09Be09SqN/xHZMk301Ghvp/2buJXgNNlZa2SvqxecDYn0XQCvknmbs698HNdk1cL/3maBZ7fK0TwsMwYlWt00uLBUF5r600daZ9OWpYo2fmGC5bYUHK7kIssgzPD10443qF0lU19rS2VVRLNBNp8/lChvr9CgblV+kyIhKQdF6dtYSyt7JTG0sqUMrZw4t9xY1GiTkgueH5LjiDpUNZlxN0SdGxrtGfWar6sLCYkxqhuaghLsynlhLN4s+t6+EXzYyy/hgNurOVKrrguEvLbr1e4rrSCHyoHVQxSA03m0dgWAr0m02mjERqi/UC43u8HpDsJBC9KTvUbpYtKUM1VnM4jWATa/TzYEuSywjvVmOZnRWe7pndUVNhMkeECHbsO63Hsxm/A3kXXHbX0mbmgVpk9nzTaSssYtDBIZvt2plbzIpkeearOTJk9YniPPkyVmUOtBt8IRW2y508k9ZMlUr6Vka7j3RG8PPaku76Ld1Rw1km0i3rwzy9I9zNOyWntMVmI6C+gAbUUfE2t0lylIa4rSLi5pJdeVj0Z3Qzt/IZTOO4JjMcMlwgGNVQS5MMvBWoFBb1XGhTwdUUFUDge1eMD0KrxP/e0hNPfoSTyhpLdxyLrgFeb6IXIhY6t6xfmj9bRSUPsdyvMR9Phvkxrjz1h3artivfH/R1dGx/2dQ8iueeBRtMCobY/2yng5nhuKyr4f6iOZ/uo6ubZtgZWu+zZthW0uznqDJQC7UaxGZAPH6/JUXO8QcpQmxlsgcQB8OL6vkQyA0LLUvCcujhnDlYR2LWMbgfN4J9X7y9TYzWXa766b4NV0+3q6Q0oDHY9O9d4wKnao3EP3l99DRcmTbIa1NrfEI9g0dQjxiTslGS7mzaDfAh6nYC0QGPoGj3kaUBwLHMHDZup3LdrZPCH+2DOHmYfQtTOgngNDSYGWhcgU0NUDLMOncOF+yR/HDi/zyut+cPPblLggWikY/h4MCv2ocUTHy6DFuNsd/OkN0yD+lU9gMYSGIfVo6+Y3up2QDIcP7a8bwIsbaffXyP8vIkmjyzyGod3KMYW+ggm73AMdnwNyTsU/V0fwfheyhfR335u/2AddVIRH1+dTIQ/pUJ5iKeV0gg8+/+L6Qi27XS7WLxbXC9IM3ee+ExuUOWwvJ7Y/20rR0l/Rjd3stCi4C80cZbBIrxiJs0fWweg+8DR6cmk/VfrANsARwS2+h+tJ70UHhnA/cLO+cPP7vnv5TLaial/2bi9OPi7w+WWS55zqicjSfxfAAAA//9QSwcIPCKVGHwGAABmFQAAUEsDBBQACAAIAAAAIYoAAAAAAAAAAAAAAAAVAAAAZnJvbnRlbmQvZGVmYXVsdC5jb25mfFDP6tNAEL73KQZ+Oeih2VQRSnPqoaKiGPTibZlmp+7idjfMTGqK9GF8Fl9MkrRSirqHYfab788wQnwihh8LAIAYRCnBuqqn7zyzCY8EdoZajyyk0Othua4XE8Y5K5he2IhHJpO+hjQYr8c4a0JyNMy1nNEJfoIttz6csgCJ/vqpoc0Cz7SHz80WhFIbYsTn82K5RQ05gbluOj7lsz2ESAJFz2EqBsx9zsi63NIazsMZPLYBgSLssf1GyQEliAjS75kcdBxO6PAhE7twn9uNRrZDEfCq3caYq9fmZVWt6j+8J9i9231o3n/c/EWyqsqqfFG+qq6iB3chtZ7QEcObLAqFz6L1v0lflp8I4/JtAwXTMStZdI7/K3id+TuyIzd2UMwMdM4O9nAbjd3tjJfF7wAAAP//UEsHCNCz9ZI1AQAALAIAAFBLAwQUAAgACAAAACGKAAAAAAAAAAAAAAAAEwAAAGZyb250ZW5kL2luZGV4Lmh0bWycV11y27oVfs8qTuhpx56KEqnIjkyTmnHtJNOZNnUb56GPIHEoIgYBBABtOZ0uqQ93DXc99ykbuAP+ibRoz01GMxKB84Pv/OA7VPz6+p9Xt/+5eQeFLfnmVex+gBOxTTw0nttAQjevAOISLYGsINqgTbzPt+/9tQeLWmSZ5bi5ZSgoAYpwyVmJwkoDimgCN6g1c6s/H4XLdXC6uogXjUnvV5ASE++e4YOS2nqQSWFR2MR7YNQWCcV7lqFfL2bABLOMcN9khGMSzoMOh7GPjVOAVNJH+G/9CJBLYf2clIw/RnCpGeEzMEQY36Bm+UWrVRK9ZSKCoNtQhFImtoOdlGR3Wy0rQSM4yk/dpxH9r/52uULdHzvSfpOul/lZ5yiTXOoIHgpm8eC48Eztuk2LO+sTzrYiggyFRT08sCRM9MeVZNdkKIIwCIK9jy6wZaB2QCorp8KZhrIcuEmlpqh9TSirTATroWTnm4JQ+RBBAEu1g5Xagd6m5DiY1Z95eDJKVDiDYjlA7gD6Vqo+143enGSWSWGeaqbSWlkOM9Xop5W1cp+RPoy12o2y2rrRbFvYJ5G4GCMQUuAzca/22lmljSujkmxfmR+s+xD43GAmBSX6cbqHztK3y3UwYUeJ2D7XeJivVqvV0MiSlGOvvG+ZPz2JOJOcE2Uwgu7pYqJgT2vgbqileyxtRkO1AyM5o3BEKT1otPV0y3PM7dj5M0Ge4ltMR5o6Erbws4Jxeoz3KE6mLfPznOQjy3kudelvNdsHQZlRnDxG4HY7nO7Zt1gqTiy6ZFWlMBFoVEjssbtnfs7sDEomSrI7DteB2s0gzPXJSe+CuAQeXNXpxHKSIj+ElHKZ3XX2NdM9YNPXqeT0iePu4qzGrplQlZ3VmScayUu90Vfs7FlmWB3ep2H1Q3pK0xF1sG+1x9ZNKkfY5sYSWx1QQJOiQerq0A37hhEE83ON5YSTubzr/bRX8Sg8I29WZEoZtZb6QJ9my7Pl2V4/XrRjJ140szJ2s6eeR808aAZSXIQ/NiGLsDVUmw9oLPsu4Orfn6+dtdKSVpnTR9GOSqRSo4Frmd2hhuP3ut6l8Bf4K8numqd/PH76199P4oWqwS326GI3R9rTDNaUu2mjjovl5qY7Ll4Uy15A2T1knBiTeC1Le50MIG6ZmNHES624InpLtLdpfvf440Wj1ztdUHbfL2qeGvi03bvIfkcPl7XK5m/X8cIWh/sfZZlqnJZdo8k0Uxn7LqYVbjRmTE7LPlmZ3U2LLrOMSYHmqTReDJE76Siy2NavLy559VNfAG/k5LXvw+XX6rf/g0FgwqC2REDOODFAmSAly4jrMgTfH53WNWi73Kc5XvTlf64balSOIW/dG5y3+Vjhvewr+lyH9JQ67JFBret1Q3C51Ikn6mJ5fdFq0Ui5piywjwoTz/GWVwNr7UBxkmEhOUWdeO++RP2FgxuNJatKuCJZIbWW7btjl4wRppcQ0q5lpPDG/XOItedVB3FoCFo+mMRbTgD+RFKpQUnO5Qw0+UYMKPxa4a+/EONt4kXn86fAq7qdvb6tX06vqMoUdZPg1hKMRZV4wTwIPTfgEi+YiCE8Pz8PfjbBxl0rr7tdfxxhY/cCqBcQjRcTDAc11yfeaAgt1e7iee77UBFNHfm1D085b4IsRYacaK87vH8rdATayF4mTge8SYWbY3s/zXIzUB5ceLdo5kD9V8r1qAWjs8QjSs2/1HbNrht1DYXEi+Zv4+8BAAD//1BLBwiCt//PHgUAAEcOAABQSwECFAMUAAgACAAAACGK0HoDU4AAAACEAAAAEgAAAAAAAAAAAAAApIEAAAAAYmFja2VuZC9Eb2NrZXJmaWxlUEsBAhQDFAAIAAgAAAAhinfFfNW5AAAALgEAABQAAAAAAAAAAAAAAKSBwAAAAGJhY2tlbmQvcGFja2FnZS5qc29uUEsBAhQDFAAIAAgAAAAhio6EzUjHBAAAPxAAABEAAAAAAAAAAAAAAKSBuwEAAGJhY2tlbmQvc2VydmVyLmpzUEsBAhQDFAAIAAgAAAAhig93SSs+AQAAzgEAAA0AAAAAAAAAAAAAAKSBwQYAAGRiL0RvY2tlcmZpbGVQSwECFAMUAAgACAAAACGKKtHYiFoBAAAiAgAACwAAAAAAAAAAAAAApIE6CAAAZGIvaW5pdC5zcWxQSwECFAMUAAgACAAAACGKMxMZYiUBAADlAgAAEgAAAAAAAAAAAAAApIHNCQAAZG9ja2VyLWNvbXBvc2UueW1sUEsBAhQDFAAIAAgAAAAhivF8uea7AAAADAEAABMAAAAAAAAAAAAAAKSBMgsAAGZyb250ZW5kL0RvY2tlcmZpbGVQSwECFAMUAAgACAAAACGKPCKVGHwGAABmFQAADwAAAAAAAAAAAAAApIEuDAAAZnJvbnRlbmQvYXBwLmpzUEsBAhQDFAAIAAgAAAAhitCz9ZI1AQAALAIAABUAAAAAAAAAAAAAAKSB5xIAAGZyb250ZW5kL2RlZmF1bHQuY29uZlBLAQIUAxQACAAIAAAAIYqCt//PHgUAAEcOAAATAAAAAAAAAAAAAACkgV8UAABmcm9udGVuZC9pbmRleC5odG1sUEsFBgAAAAAKAAoAdwIAAL4ZAAAAAA==\"\napt-get update\napt-get install -y unzip docker.io\nsystemctl start docker\nsystemctl enable docker\nmkdir -p /home/ubuntu/app\necho \"$APP_ZIP_B64\" | base64 -d \u003e /home/ubuntu/app.zip\nunzip /home/ubuntu/app.zip -d /home/ubuntu/app\nchown -R ubuntu:ubuntu /home/ubuntu/app\n\n#Dar permisos a docker a los usuarios ubuntu y ssm-user\nusermod -aG docker ubuntu\nusermod -aG docker ssm-user\n\n# 2. Configure Nginx proxy to Backend\n# Modificamos la configuración de Nginx para apuntar al IP del backend\nsed -i \"s/backend:3001/10.10.0.24:3001/g\" /home/ubuntu/app/frontend/default.conf\n\n# 3. Run Frontend\ncd /home/ubuntu/app/frontend\ndocker build -t tienda-frontend .\ndocker run -d --name frontend -p 80:80 tienda-frontend\n",
            "user_data_base64": null,
            "user_data_replace_on_change": true,
            "volume_tags": null,
            "vpc_security_group_ids": [
              "sg-0f7dcadede986d07c"
            ]
          },
          "sensitive_attributes": [],
          "private": "eyJlMmJmYjczMC1lY2FhLTExZTYtOGY4OC0zNDM2M2JjN2M0YzAiOnsiY3JlYXRlIjo2MDAwMDAwMDAwMDAsImRlbGV0ZSI6MTIwMDAwMDAwMDAwMCwicmVhZCI6OTAwMDAwMDAwMDAwLCJ1cGRhdGUiOjYwMDAwMDAwMDAwMH0sInNjaGVtYV92ZXJzaW9uIjoiMiJ9",
          "dependencies": [
            "data.archive_file.app_single",
            "data.aws_ami.ubuntu",
            "module.backend_host.aws_instance.this",
            "module.backend_sg.aws_security_group.this",
            "module.db_host.aws_instance.this",
            "module.db_sg.aws_security_group.this",
            "module.frontend_sg.aws_security_group.this",
            "module.vpc.aws_subnet.private",
            "module.vpc.aws_subnet.public",
            "module.vpc.aws_vpc.this",
            "module.vpc.aws_vpc_ipv4_cidr_block_association.this"
          ]
        }
      ]
    },
    {
      "module": "module.frontend_sg",
      "mode": "managed",
      "type": "aws_security_group",
      "name": "this",
      "provider": "provider[\"registry.terraform.io/hashicorp/aws\"]",
      "instances": [
        {
          "schema_version": 1,
          "attributes": {
            "arn": "arn:aws:ec2:us-east-1:891377192530:security-group/sg-0f7dcadede986d07c",
            "description": "Security group for Frontend (Public)",
            "egress": [
              {
                "cidr_blocks": [
                  "0.0.0.0/0"
                ],
                "description": "Allow all outbound traffic",
                "from_port": 0,
                "ipv6_cidr_blocks": [],
                "prefix_list_ids": [],
                "protocol": "-1",
                "security_groups": [],
                "self": false,
                "to_port": 0
              }
            ],
            "id": "sg-0f7dcadede986d07c",
            "ingress": [
              {
                "cidr_blocks": [
                  "0.0.0.0/0"
                ],
                "description": "HTTP access from world",
                "from_port": 80,
                "ipv6_cidr_blocks": [],
                "prefix_list_ids": [],
                "protocol": "tcp",
                "security_groups": [],
                "self": false,
                "to_port": 80
              },
              {
                "cidr_blocks": [
                  "200.28.85.233/32",
                  "152.230.70.114/32",
                  "201.223.101.14/32",
                  "200.28.83.34/32"
                ],
                "description": "ICMP",
                "from_port": -1,
                "ipv6_cidr_blocks": [],
                "prefix_list_ids": [],
                "protocol": "icmp",
                "security_groups": [],
                "self": false,
                "to_port": -1
              }
            ],
            "name": "actividad6-dev-frontend-sg",
            "name_prefix": "",
            "owner_id": "891377192530",
            "region": "us-east-1",
            "revoke_rules_on_delete": false,
            "tags": {},
            "tags_all": {
              "Environment": "dev",
              "ManagedBy": "Terraform",
              "OwnerName": "Francisco Briones",
              "Project": "actividad6"
            },
            "timeouts": null,
            "vpc_id": "vpc-0692caee7166cd6b0"
          },
          "sensitive_attributes": [],
          "private": "eyJlMmJmYjczMC1lY2FhLTExZTYtOGY4OC0zNDM2M2JjN2M0YzAiOnsiY3JlYXRlIjo2MDAwMDAwMDAwMDAsImRlbGV0ZSI6OTAwMDAwMDAwMDAwfSwic2NoZW1hX3ZlcnNpb24iOiIxIn0=",
          "dependencies": [
            "module.vpc.aws_vpc.this"
          ]
        }
      ]
    },
    {
      "module": "module.nat_instance",
      "mode": "data",
      "type": "aws_ami",
      "name": "amazon_linux_2",
      "provider": "provider[\"registry.terraform.io/hashicorp/aws\"]",
      "instances": [
        {
          "index_key": 0,
          "schema_version": 0,
          "attributes": {
            "allow_unsafe_filter": null,
            "architecture": "x86_64",
            "arn": "arn:aws:ec2:us-east-1::image/ami-0397ca8b680a9745f",
            "block_device_mappings": [
              {
                "device_name": "/dev/xvda",
                "ebs": {
                  "delete_on_termination": "true",
                  "encrypted": "false",
                  "iops": "0",
                  "snapshot_id": "snap-002cf8024f289c546",
                  "throughput": "0",
                  "volume_initialization_rate": "0",
                  "volume_size": "8",
                  "volume_type": "standard"
                },
                "no_device": "",
                "virtual_name": ""
              }
            ],
            "boot_mode": "",
            "creation_date": "2026-04-27T17:24:45.000Z",
            "deprecation_time": "2026-07-26T17:30:00.000Z",
            "description": "Amazon Linux 2 AMI 2.0.20260427.1 x86_64 HVM ebs",
            "ena_support": true,
            "executable_users": null,
            "filter": [
              {
                "name": "name",
                "values": [
                  "amzn2-ami-hvm-*-x86_64-ebs"
                ]
              },
              {
                "name": "virtualization-type",
                "values": [
                  "hvm"
                ]
              }
            ],
            "hypervisor": "xen",
            "id": "ami-0397ca8b680a9745f",
            "image_id": "ami-0397ca8b680a9745f",
            "image_location": "amazon/amzn2-ami-hvm-2.0.20260427.1-x86_64-ebs",
            "image_owner_alias": "amazon",
            "image_type": "machine",
            "imds_support": "",
            "include_deprecated": false,
            "kernel_id": "",
            "last_launched_time": "",
            "most_recent": true,
            "name": "amzn2-ami-hvm-2.0.20260427.1-x86_64-ebs",
            "name_regex": null,
            "owner_id": "137112412989",
            "owners": [
              "amazon"
            ],
            "platform": "",
            "platform_details": "Linux/UNIX",
            "product_codes": [],
            "public": true,
            "ramdisk_id": "",
            "region": "us-east-1",
            "root_device_name": "/dev/xvda",
            "root_device_type": "ebs",
            "root_snapshot_id": "snap-002cf8024f289c546",
            "sriov_net_support": "simple",
            "state": "available",
            "state_reason": {
              "code": "UNSET",
              "message": "UNSET"
            },
            "tags": {},
            "timeouts": null,
            "tpm_support": "",
            "uefi_data": null,
            "usage_operation": "RunInstances",
            "virtualization_type": "hvm"
          },
          "sensitive_attributes": []
        }
      ]
    },
    {
      "module": "module.nat_instance",
      "mode": "managed",
      "type": "aws_eip",
      "name": "nat",
      "provider": "provider[\"registry.terraform.io/hashicorp/aws\"]",
      "instances": [
        {
          "schema_version": 0,
          "attributes": {
            "address": null,
            "allocation_id": "eipalloc-08dbf3a75072ac073",
            "arn": "arn:aws:ec2:us-east-1:891377192530:elastic-ip/eipalloc-08dbf3a75072ac073",
            "associate_with_private_ip": null,
            "association_id": "eipassoc-0dded69683962b601",
            "carrier_ip": "",
            "customer_owned_ip": "",
            "customer_owned_ipv4_pool": "",
            "domain": "vpc",
            "id": "eipalloc-08dbf3a75072ac073",
            "instance": "i-08d53853b48c01778",
            "ipam_pool_id": "",
            "network_border_group": "us-east-1",
            "network_interface": "eni-0f45654174caa5076",
            "private_dns": "ip-10-10-0-42.ec2.internal",
            "private_ip": "10.10.0.42",
            "ptr_record": "",
            "public_dns": "ec2-18-215-0-25.compute-1.amazonaws.com",
            "public_ip": "18.215.0.25",
            "public_ipv4_pool": "amazon",
            "region": "us-east-1",
            "tags": {
              "Environment": "dev",
              "ManagedBy": "Terraform",
              "Name": "dev-actividad6-dev-nat-eip",
              "OwnerName": "Francisco Briones",
              "ProjectName": "actividad6-dev-nat"
            },
            "tags_all": {
              "Environment": "dev",
              "ManagedBy": "Terraform",
              "Name": "dev-actividad6-dev-nat-eip",
              "OwnerName": "Francisco Briones",
              "Project": "actividad6",
              "ProjectName": "actividad6-dev-nat"
            },
            "timeouts": null
          },
          "sensitive_attributes": [],
          "private": "eyJlMmJmYjczMC1lY2FhLTExZTYtOGY4OC0zNDM2M2JjN2M0YzAiOnsiZGVsZXRlIjoxODAwMDAwMDAwMDAsInJlYWQiOjkwMDAwMDAwMDAwMCwidXBkYXRlIjozMDAwMDAwMDAwMDB9fQ==",
          "dependencies": [
            "module.vpc.aws_cloudwatch_log_group.flow_log",
            "module.vpc.aws_customer_gateway.this",
            "module.vpc.aws_db_subnet_group.database",
            "module.vpc.aws_default_network_acl.this",
            "module.vpc.aws_default_route_table.default",
            "module.vpc.aws_default_security_group.this",
            "module.vpc.aws_default_vpc.this",
            "module.vpc.aws_egress_only_internet_gateway.this",
            "module.vpc.aws_eip.nat",
            "module.vpc.aws_elasticache_subnet_group.elasticache",
            "module.vpc.aws_flow_log.this",
            "module.vpc.aws_iam_policy.vpc_flow_log_cloudwatch",
            "module.vpc.aws_iam_role.vpc_flow_log_cloudwatch",
            "module.vpc.aws_iam_role_policy_attachment.vpc_flow_log_cloudwatch",
            "module.vpc.aws_internet_gateway.this",
            "module.vpc.aws_nat_gateway.this",
            "module.vpc.aws_network_acl.database",
            "module.vpc.aws_network_acl.elasticache",
            "module.vpc.aws_network_acl.intra",
            "module.vpc.aws_network_acl.outpost",
            "module.vpc.aws_network_acl.private",
            "module.vpc.aws_network_acl.public",
            "module.vpc.aws_network_acl.redshift",
            "module.vpc.aws_network_acl_rule.database_inbound",
            "module.vpc.aws_network_acl_rule.database_outbound",
            "module.vpc.aws_network_acl_rule.elasticache_inbound",
            "module.vpc.aws_network_acl_rule.elasticache_outbound",
            "module.vpc.aws_network_acl_rule.intra_inbound",
            "module.vpc.aws_network_acl_rule.intra_outbound",
            "module.vpc.aws_network_acl_rule.outpost_inbound",
            "module.vpc.aws_network_acl_rule.outpost_outbound",
            "module.vpc.aws_network_acl_rule.private_inbound",
            "module.vpc.aws_network_acl_rule.private_outbound",
            "module.vpc.aws_network_acl_rule.public_inbound",
            "module.vpc.aws_network_acl_rule.public_outbound",
            "module.vpc.aws_network_acl_rule.redshift_inbound",
            "module.vpc.aws_network_acl_rule.redshift_outbound",
            "module.vpc.aws_redshift_subnet_group.redshift",
            "module.vpc.aws_route.database_dns64_nat_gateway",
            "module.vpc.aws_route.database_internet_gateway",
            "module.vpc.aws_route.database_ipv6_egress",
            "module.vpc.aws_route.database_nat_gateway",
            "module.vpc.aws_route.private_dns64_nat_gateway",
            "module.vpc.aws_route.private_ipv6_egress",
            "module.vpc.aws_route.private_nat_gateway",
            "module.vpc.aws_route.public_internet_gateway",
            "module.vpc.aws_route.public_internet_gateway_ipv6",
            "module.vpc.aws_route_table.database",
            "module.vpc.aws_route_table.elasticache",
            "module.vpc.aws_route_table.intra",
            "module.vpc.aws_route_table.private",
            "module.vpc.aws_route_table.public",
            "module.vpc.aws_route_table.redshift",
            "module.vpc.aws_route_table_association.database",
            "module.vpc.aws_route_table_association.elasticache",
            "module.vpc.aws_route_table_association.intra",
            "module.vpc.aws_route_table_association.outpost",
            "module.vpc.aws_route_table_association.private",
            "module.vpc.aws_route_table_association.public",
            "module.vpc.aws_route_table_association.redshift",
            "module.vpc.aws_route_table_association.redshift_public",
            "module.vpc.aws_subnet.database",
            "module.vpc.aws_subnet.elasticache",
            "module.vpc.aws_subnet.intra",
            "module.vpc.aws_subnet.outpost",
            "module.vpc.aws_subnet.private",
            "module.vpc.aws_subnet.public",
            "module.vpc.aws_subnet.redshift",
            "module.vpc.aws_vpc.this",
            "module.vpc.aws_vpc_block_public_access_exclusion.this",
            "module.vpc.aws_vpc_block_public_access_options.this",
            "module.vpc.aws_vpc_dhcp_options.this",
            "module.vpc.aws_vpc_dhcp_options_association.this",
            "module.vpc.aws_vpc_ipv4_cidr_block_association.this",
            "module.vpc.aws_vpn_gateway.this",
            "module.vpc.aws_vpn_gateway_attachment.this",
            "module.vpc.aws_vpn_gateway_route_propagation.intra",
            "module.vpc.aws_vpn_gateway_route_propagation.private",
            "module.vpc.aws_vpn_gateway_route_propagation.public",
            "module.vpc.data.aws_caller_identity.current",
            "module.vpc.data.aws_iam_policy_document.flow_log_cloudwatch_assume_role",
            "module.vpc.data.aws_iam_policy_document.vpc_flow_log_cloudwatch",
            "module.vpc.data.aws_partition.current",
            "module.vpc.data.aws_region.current"
          ]
        }
      ]
    },
    {
      "module": "module.nat_instance",
      "mode": "managed",
      "type": "aws_eip_association",
      "name": "nat_eip",
      "provider": "provider[\"registry.terraform.io/hashicorp/aws\"]",
      "instances": [
        {
          "schema_version": 0,
          "attributes": {
            "allocation_id": "eipalloc-08dbf3a75072ac073",
            "allow_reassociation": null,
            "id": "eipassoc-0dded69683962b601",
            "instance_id": "i-08d53853b48c01778",
            "network_interface_id": "eni-0f45654174caa5076",
            "private_ip_address": "10.10.0.42",
            "public_ip": "18.215.0.25",
            "region": "us-east-1"
          },
          "sensitive_attributes": [],
          "private": "bnVsbA==",
          "dependencies": [
            "module.nat_instance.aws_eip.nat",
            "module.nat_instance.aws_instance.nat_instance",
            "module.nat_instance.aws_security_group.nat_instance",
            "module.nat_instance.data.aws_ami.amazon_linux_2",
            "module.nat_instance.data.aws_ami.ubuntu",
            "module.vpc.aws_cloudwatch_log_group.flow_log",
            "module.vpc.aws_customer_gateway.this",
            "module.vpc.aws_db_subnet_group.database",
            "module.vpc.aws_default_network_acl.this",
            "module.vpc.aws_default_route_table.default",
            "module.vpc.aws_default_security_group.this",
            "module.vpc.aws_default_vpc.this",
            "module.vpc.aws_egress_only_internet_gateway.this",
            "module.vpc.aws_eip.nat",
            "module.vpc.aws_elasticache_subnet_group.elasticache",
            "module.vpc.aws_flow_log.this",
            "module.vpc.aws_iam_policy.vpc_flow_log_cloudwatch",
            "module.vpc.aws_iam_role.vpc_flow_log_cloudwatch",
            "module.vpc.aws_iam_role_policy_attachment.vpc_flow_log_cloudwatch",
            "module.vpc.aws_internet_gateway.this",
            "module.vpc.aws_nat_gateway.this",
            "module.vpc.aws_network_acl.database",
            "module.vpc.aws_network_acl.elasticache",
            "module.vpc.aws_network_acl.intra",
            "module.vpc.aws_network_acl.outpost",
            "module.vpc.aws_network_acl.private",
            "module.vpc.aws_network_acl.public",
            "module.vpc.aws_network_acl.redshift",
            "module.vpc.aws_network_acl_rule.database_inbound",
            "module.vpc.aws_network_acl_rule.database_outbound",
            "module.vpc.aws_network_acl_rule.elasticache_inbound",
            "module.vpc.aws_network_acl_rule.elasticache_outbound",
            "module.vpc.aws_network_acl_rule.intra_inbound",
            "module.vpc.aws_network_acl_rule.intra_outbound",
            "module.vpc.aws_network_acl_rule.outpost_inbound",
            "module.vpc.aws_network_acl_rule.outpost_outbound",
            "module.vpc.aws_network_acl_rule.private_inbound",
            "module.vpc.aws_network_acl_rule.private_outbound",
            "module.vpc.aws_network_acl_rule.public_inbound",
            "module.vpc.aws_network_acl_rule.public_outbound",
            "module.vpc.aws_network_acl_rule.redshift_inbound",
            "module.vpc.aws_network_acl_rule.redshift_outbound",
            "module.vpc.aws_redshift_subnet_group.redshift",
            "module.vpc.aws_route.database_dns64_nat_gateway",
            "module.vpc.aws_route.database_internet_gateway",
            "module.vpc.aws_route.database_ipv6_egress",
            "module.vpc.aws_route.database_nat_gateway",
            "module.vpc.aws_route.private_dns64_nat_gateway",
            "module.vpc.aws_route.private_ipv6_egress",
            "module.vpc.aws_route.private_nat_gateway",
            "module.vpc.aws_route.public_internet_gateway",
            "module.vpc.aws_route.public_internet_gateway_ipv6",
            "module.vpc.aws_route_table.database",
            "module.vpc.aws_route_table.elasticache",
            "module.vpc.aws_route_table.intra",
            "module.vpc.aws_route_table.private",
            "module.vpc.aws_route_table.public",
            "module.vpc.aws_route_table.redshift",
            "module.vpc.aws_route_table_association.database",
            "module.vpc.aws_route_table_association.elasticache",
            "module.vpc.aws_route_table_association.intra",
            "module.vpc.aws_route_table_association.outpost",
            "module.vpc.aws_route_table_association.private",
            "module.vpc.aws_route_table_association.public",
            "module.vpc.aws_route_table_association.redshift",
            "module.vpc.aws_route_table_association.redshift_public",
            "module.vpc.aws_subnet.database",
            "module.vpc.aws_subnet.elasticache",
            "module.vpc.aws_subnet.intra",
            "module.vpc.aws_subnet.outpost",
            "module.vpc.aws_subnet.private",
            "module.vpc.aws_subnet.public",
            "module.vpc.aws_subnet.redshift",
            "module.vpc.aws_vpc.this",
            "module.vpc.aws_vpc_block_public_access_exclusion.this",
            "module.vpc.aws_vpc_block_public_access_options.this",
            "module.vpc.aws_vpc_dhcp_options.this",
            "module.vpc.aws_vpc_dhcp_options_association.this",
            "module.vpc.aws_vpc_ipv4_cidr_block_association.this",
            "module.vpc.aws_vpn_gateway.this",
            "module.vpc.aws_vpn_gateway_attachment.this",
            "module.vpc.aws_vpn_gateway_route_propagation.intra",
            "module.vpc.aws_vpn_gateway_route_propagation.private",
            "module.vpc.aws_vpn_gateway_route_propagation.public",
            "module.vpc.data.aws_caller_identity.current",
            "module.vpc.data.aws_iam_policy_document.flow_log_cloudwatch_assume_role",
            "module.vpc.data.aws_iam_policy_document.vpc_flow_log_cloudwatch",
            "module.vpc.data.aws_partition.current",
            "module.vpc.data.aws_region.current"
          ]
        }
      ]
    },
    {
      "module": "module.nat_instance",
      "mode": "managed",
      "type": "aws_instance",
      "name": "nat_instance",
      "provider": "provider[\"registry.terraform.io/hashicorp/aws\"]",
      "instances": [
        {
          "schema_version": 2,
          "attributes": {
            "ami": "ami-0397ca8b680a9745f",
            "arn": "arn:aws:ec2:us-east-1:891377192530:instance/i-08d53853b48c01778",
            "associate_public_ip_address": true,
            "availability_zone": "us-east-1a",
            "capacity_reservation_specification": [
              {
                "capacity_reservation_preference": "open",
                "capacity_reservation_target": []
              }
            ],
            "cpu_options": [
              {
                "amd_sev_snp": "",
                "core_count": 1,
                "nested_virtualization": "",
                "threads_per_core": 2
              }
            ],
            "credit_specification": [
              {
                "cpu_credits": "unlimited"
              }
            ],
            "disable_api_stop": false,
            "disable_api_termination": false,
            "ebs_block_device": [],
            "ebs_optimized": false,
            "enable_primary_ipv6": null,
            "enclave_options": [
              {
                "enabled": false
              }
            ],
            "ephemeral_block_device": [],
            "force_destroy": false,
            "get_password_data": false,
            "hibernation": false,
            "host_id": "",
            "host_resource_group_arn": null,
            "iam_instance_profile": "",
            "id": "i-08d53853b48c01778",
            "instance_initiated_shutdown_behavior": "stop",
            "instance_lifecycle": "",
            "instance_market_options": [],
            "instance_state": "running",
            "instance_type": "t3.micro",
            "ipv6_address_count": 0,
            "ipv6_addresses": [],
            "key_name": "",
            "launch_template": [],
            "maintenance_options": [
              {
                "auto_recovery": "default"
              }
            ],
            "metadata_options": [
              {
                "http_endpoint": "enabled",
                "http_protocol_ipv6": "disabled",
                "http_put_response_hop_limit": 1,
                "http_tokens": "optional",
                "instance_metadata_tags": "disabled"
              }
            ],
            "monitoring": false,
            "network_interface": [],
            "outpost_arn": "",
            "password_data": "",
            "placement_group": "",
            "placement_group_id": "",
            "placement_partition_number": 0,
            "primary_network_interface": [
              {
                "delete_on_termination": true,
                "network_interface_id": "eni-0f45654174caa5076"
              }
            ],
            "primary_network_interface_id": "eni-0f45654174caa5076",
            "private_dns": "ip-10-10-0-42.ec2.internal",
            "private_dns_name_options": [
              {
                "enable_resource_name_dns_a_record": false,
                "enable_resource_name_dns_aaaa_record": false,
                "hostname_type": "ip-name"
              }
            ],
            "private_ip": "10.10.0.42",
            "public_dns": "ec2-18-215-0-25.compute-1.amazonaws.com",
            "public_ip": "18.215.0.25",
            "region": "us-east-1",
            "root_block_device": [
              {
                "delete_on_termination": true,
                "device_name": "/dev/xvda",
                "encrypted": false,
                "iops": 3000,
                "kms_key_id": "",
                "tags": {},
                "tags_all": {
                  "Environment": "dev",
                  "ManagedBy": "Terraform",
                  "OwnerName": "Francisco Briones",
                  "Project": "actividad6"
                },
                "throughput": 125,
                "volume_id": "vol-0a1987266e3c38177",
                "volume_size": 8,
                "volume_type": "gp3"
              }
            ],
            "secondary_network_interface": [],
            "secondary_private_ips": [],
            "security_groups": [],
            "source_dest_check": false,
            "spot_instance_request_id": "",
            "subnet_id": "subnet-0890eb9978bb39fec",
            "tags": {
              "Environment": "dev",
              "ManagedBy": "Terraform",
              "Name": "ec2-dev-actividad6-dev-nat",
              "OwnerName": "Francisco Briones",
              "ProjectName": "actividad6-dev-nat"
            },
            "tags_all": {
              "Environment": "dev",
              "ManagedBy": "Terraform",
              "Name": "ec2-dev-actividad6-dev-nat",
              "OwnerName": "Francisco Briones",
              "Project": "actividad6",
              "ProjectName": "actividad6-dev-nat"
            },
            "tenancy": "default",
            "timeouts": null,
            "user_data": "#!/bin/bash\nset -e\n\n# Usar yum en lugar de dnf para máxima compatibilidad\nyum update -y\n\necho 'net.ipv4.ip_forward = 1' | tee -a /etc/sysctl.conf\nsysctl -p\n\nyum install -y iptables-services\n\niptables -t nat -A POSTROUTING -o eth0 -j MASQUERADE\niptables -A FORWARD -i eth0 -o eth0 -j ACCEPT\n\n# Guardar reglas para persistencia\niptables-save \u003e /etc/sysconfig/iptables\n\nsystemctl enable iptables\nsystemctl start iptables\n\nyum install -y tcpdump curl wget\n    \necho \"NAT Instance configured successfully\"\n",
            "user_data_base64": null,
            "user_data_replace_on_change": false,
            "volume_tags": null,
            "vpc_security_group_ids": [
              "sg-02e011f0f6315057e"
            ]
          },
          "sensitive_attributes": [],
          "private": "eyJlMmJmYjczMC1lY2FhLTExZTYtOGY4OC0zNDM2M2JjN2M0YzAiOnsiY3JlYXRlIjo2MDAwMDAwMDAwMDAsImRlbGV0ZSI6MTIwMDAwMDAwMDAwMCwicmVhZCI6OTAwMDAwMDAwMDAwLCJ1cGRhdGUiOjYwMDAwMDAwMDAwMH0sInNjaGVtYV92ZXJzaW9uIjoiMiJ9",
          "dependencies": [
            "module.nat_instance.aws_security_group.nat_instance",
            "module.nat_instance.data.aws_ami.amazon_linux_2",
            "module.nat_instance.data.aws_ami.ubuntu",
            "module.vpc.aws_cloudwatch_log_group.flow_log",
            "module.vpc.aws_customer_gateway.this",
            "module.vpc.aws_db_subnet_group.database",
            "module.vpc.aws_default_network_acl.this",
            "module.vpc.aws_default_route_table.default",
            "module.vpc.aws_default_security_group.this",
            "module.vpc.aws_default_vpc.this",
            "module.vpc.aws_egress_only_internet_gateway.this",
            "module.vpc.aws_eip.nat",
            "module.vpc.aws_elasticache_subnet_group.elasticache",
            "module.vpc.aws_flow_log.this",
            "module.vpc.aws_iam_policy.vpc_flow_log_cloudwatch",
            "module.vpc.aws_iam_role.vpc_flow_log_cloudwatch",
            "module.vpc.aws_iam_role_policy_attachment.vpc_flow_log_cloudwatch",
            "module.vpc.aws_internet_gateway.this",
            "module.vpc.aws_nat_gateway.this",
            "module.vpc.aws_network_acl.database",
            "module.vpc.aws_network_acl.elasticache",
            "module.vpc.aws_network_acl.intra",
            "module.vpc.aws_network_acl.outpost",
            "module.vpc.aws_network_acl.private",
            "module.vpc.aws_network_acl.public",
            "module.vpc.aws_network_acl.redshift",
            "module.vpc.aws_network_acl_rule.database_inbound",
            "module.vpc.aws_network_acl_rule.database_outbound",
            "module.vpc.aws_network_acl_rule.elasticache_inbound",
            "module.vpc.aws_network_acl_rule.elasticache_outbound",
            "module.vpc.aws_network_acl_rule.intra_inbound",
            "module.vpc.aws_network_acl_rule.intra_outbound",
            "module.vpc.aws_network_acl_rule.outpost_inbound",
            "module.vpc.aws_network_acl_rule.outpost_outbound",
            "module.vpc.aws_network_acl_rule.private_inbound",
            "module.vpc.aws_network_acl_rule.private_outbound",
            "module.vpc.aws_network_acl_rule.public_inbound",
            "module.vpc.aws_network_acl_rule.public_outbound",
            "module.vpc.aws_network_acl_rule.redshift_inbound",
            "module.vpc.aws_network_acl_rule.redshift_outbound",
            "module.vpc.aws_redshift_subnet_group.redshift",
            "module.vpc.aws_route.database_dns64_nat_gateway",
            "module.vpc.aws_route.database_internet_gateway",
            "module.vpc.aws_route.database_ipv6_egress",
            "module.vpc.aws_route.database_nat_gateway",
            "module.vpc.aws_route.private_dns64_nat_gateway",
            "module.vpc.aws_route.private_ipv6_egress",
            "module.vpc.aws_route.private_nat_gateway",
            "module.vpc.aws_route.public_internet_gateway",
            "module.vpc.aws_route.public_internet_gateway_ipv6",
            "module.vpc.aws_route_table.database",
            "module.vpc.aws_route_table.elasticache",
            "module.vpc.aws_route_table.intra",
            "module.vpc.aws_route_table.private",
            "module.vpc.aws_route_table.public",
            "module.vpc.aws_route_table.redshift",
            "module.vpc.aws_route_table_association.database",
            "module.vpc.aws_route_table_association.elasticache",
            "module.vpc.aws_route_table_association.intra",
            "module.vpc.aws_route_table_association.outpost",
            "module.vpc.aws_route_table_association.private",
            "module.vpc.aws_route_table_association.public",
            "module.vpc.aws_route_table_association.redshift",
            "module.vpc.aws_route_table_association.redshift_public",
            "module.vpc.aws_subnet.database",
            "module.vpc.aws_subnet.elasticache",
            "module.vpc.aws_subnet.intra",
            "module.vpc.aws_subnet.outpost",
            "module.vpc.aws_subnet.private",
            "module.vpc.aws_subnet.public",
            "module.vpc.aws_subnet.redshift",
            "module.vpc.aws_vpc.this",
            "module.vpc.aws_vpc_block_public_access_exclusion.this",
            "module.vpc.aws_vpc_block_public_access_options.this",
            "module.vpc.aws_vpc_dhcp_options.this",
            "module.vpc.aws_vpc_dhcp_options_association.this",
            "module.vpc.aws_vpc_ipv4_cidr_block_association.this",
            "module.vpc.aws_vpn_gateway.this",
            "module.vpc.aws_vpn_gateway_attachment.this",
            "module.vpc.aws_vpn_gateway_route_propagation.intra",
            "module.vpc.aws_vpn_gateway_route_propagation.private",
            "module.vpc.aws_vpn_gateway_route_propagation.public",
            "module.vpc.data.aws_caller_identity.current",
            "module.vpc.data.aws_iam_policy_document.flow_log_cloudwatch_assume_role",
            "module.vpc.data.aws_iam_policy_document.vpc_flow_log_cloudwatch",
            "module.vpc.data.aws_partition.current",
            "module.vpc.data.aws_region.current"
          ],
          "create_before_destroy": true
        }
      ]
    },
    {
      "module": "module.nat_instance",
      "mode": "managed",
      "type": "aws_route",
      "name": "nat_instance",
      "provider": "provider[\"registry.terraform.io/hashicorp/aws\"]",
      "instances": [
        {
          "index_key": 0,
          "schema_version": 0,
          "attributes": {
            "carrier_gateway_id": "",
            "core_network_arn": "",
            "destination_cidr_block": "0.0.0.0/0",
            "destination_ipv6_cidr_block": "",
            "destination_prefix_list_id": "",
            "egress_only_gateway_id": "",
            "gateway_id": "",
            "id": "r-rtb-0002b97d3e02dc5911080289494",
            "instance_id": "i-08d53853b48c01778",
            "instance_owner_id": "891377192530",
            "local_gateway_id": "",
            "nat_gateway_id": "",
            "network_interface_id": "eni-0f45654174caa5076",
            "origin": "CreateRoute",
            "region": "us-east-1",
            "route_table_id": "rtb-0002b97d3e02dc591",
            "state": "active",
            "timeouts": null,
            "transit_gateway_id": "",
            "vpc_endpoint_id": "",
            "vpc_peering_connection_id": ""
          },
          "sensitive_attributes": [],
          "private": "eyJlMmJmYjczMC1lY2FhLTExZTYtOGY4OC0zNDM2M2JjN2M0YzAiOnsiY3JlYXRlIjozMDAwMDAwMDAwMDAsImRlbGV0ZSI6MzAwMDAwMDAwMDAwLCJ1cGRhdGUiOjEyMDAwMDAwMDAwMH19",
          "dependencies": [
            "module.nat_instance.aws_instance.nat_instance",
            "module.nat_instance.aws_security_group.nat_instance",
            "module.nat_instance.data.aws_ami.amazon_linux_2",
            "module.nat_instance.data.aws_ami.ubuntu",
            "module.vpc.aws_cloudwatch_log_group.flow_log",
            "module.vpc.aws_customer_gateway.this",
            "module.vpc.aws_db_subnet_group.database",
            "module.vpc.aws_default_network_acl.this",
            "module.vpc.aws_default_route_table.default",
            "module.vpc.aws_default_security_group.this",
            "module.vpc.aws_default_vpc.this",
            "module.vpc.aws_egress_only_internet_gateway.this",
            "module.vpc.aws_eip.nat",
            "module.vpc.aws_elasticache_subnet_group.elasticache",
            "module.vpc.aws_flow_log.this",
            "module.vpc.aws_iam_policy.vpc_flow_log_cloudwatch",
            "module.vpc.aws_iam_role.vpc_flow_log_cloudwatch",
            "module.vpc.aws_iam_role_policy_attachment.vpc_flow_log_cloudwatch",
            "module.vpc.aws_internet_gateway.this",
            "module.vpc.aws_nat_gateway.this",
            "module.vpc.aws_network_acl.database",
            "module.vpc.aws_network_acl.elasticache",
            "module.vpc.aws_network_acl.intra",
            "module.vpc.aws_network_acl.outpost",
            "module.vpc.aws_network_acl.private",
            "module.vpc.aws_network_acl.public",
            "module.vpc.aws_network_acl.redshift",
            "module.vpc.aws_network_acl_rule.database_inbound",
            "module.vpc.aws_network_acl_rule.database_outbound",
            "module.vpc.aws_network_acl_rule.elasticache_inbound",
            "module.vpc.aws_network_acl_rule.elasticache_outbound",
            "module.vpc.aws_network_acl_rule.intra_inbound",
            "module.vpc.aws_network_acl_rule.intra_outbound",
            "module.vpc.aws_network_acl_rule.outpost_inbound",
            "module.vpc.aws_network_acl_rule.outpost_outbound",
            "module.vpc.aws_network_acl_rule.private_inbound",
            "module.vpc.aws_network_acl_rule.private_outbound",
            "module.vpc.aws_network_acl_rule.public_inbound",
            "module.vpc.aws_network_acl_rule.public_outbound",
            "module.vpc.aws_network_acl_rule.redshift_inbound",
            "module.vpc.aws_network_acl_rule.redshift_outbound",
            "module.vpc.aws_redshift_subnet_group.redshift",
            "module.vpc.aws_route.database_dns64_nat_gateway",
            "module.vpc.aws_route.database_internet_gateway",
            "module.vpc.aws_route.database_ipv6_egress",
            "module.vpc.aws_route.database_nat_gateway",
            "module.vpc.aws_route.private_dns64_nat_gateway",
            "module.vpc.aws_route.private_ipv6_egress",
            "module.vpc.aws_route.private_nat_gateway",
            "module.vpc.aws_route.public_internet_gateway",
            "module.vpc.aws_route.public_internet_gateway_ipv6",
            "module.vpc.aws_route_table.database",
            "module.vpc.aws_route_table.elasticache",
            "module.vpc.aws_route_table.intra",
            "module.vpc.aws_route_table.private",
            "module.vpc.aws_route_table.public",
            "module.vpc.aws_route_table.redshift",
            "module.vpc.aws_route_table_association.database",
            "module.vpc.aws_route_table_association.elasticache",
            "module.vpc.aws_route_table_association.intra",
            "module.vpc.aws_route_table_association.outpost",
            "module.vpc.aws_route_table_association.private",
            "module.vpc.aws_route_table_association.public",
            "module.vpc.aws_route_table_association.redshift",
            "module.vpc.aws_route_table_association.redshift_public",
            "module.vpc.aws_subnet.database",
            "module.vpc.aws_subnet.elasticache",
            "module.vpc.aws_subnet.intra",
            "module.vpc.aws_subnet.outpost",
            "module.vpc.aws_subnet.private",
            "module.vpc.aws_subnet.public",
            "module.vpc.aws_subnet.redshift",
            "module.vpc.aws_vpc.this",
            "module.vpc.aws_vpc_block_public_access_exclusion.this",
            "module.vpc.aws_vpc_block_public_access_options.this",
            "module.vpc.aws_vpc_dhcp_options.this",
            "module.vpc.aws_vpc_dhcp_options_association.this",
            "module.vpc.aws_vpc_ipv4_cidr_block_association.this",
            "module.vpc.aws_vpn_gateway.this",
            "module.vpc.aws_vpn_gateway_attachment.this",
            "module.vpc.aws_vpn_gateway_route_propagation.intra",
            "module.vpc.aws_vpn_gateway_route_propagation.private",
            "module.vpc.aws_vpn_gateway_route_propagation.public",
            "module.vpc.data.aws_caller_identity.current",
            "module.vpc.data.aws_iam_policy_document.flow_log_cloudwatch_assume_role",
            "module.vpc.data.aws_iam_policy_document.vpc_flow_log_cloudwatch",
            "module.vpc.data.aws_partition.current",
            "module.vpc.data.aws_region.current"
          ],
          "create_before_destroy": true
        }
      ]
    },
    {
      "module": "module.nat_instance",
      "mode": "managed",
      "type": "aws_security_group",
      "name": "nat_instance",
      "provider": "provider[\"registry.terraform.io/hashicorp/aws\"]",
      "instances": [
        {
          "schema_version": 1,
          "attributes": {
            "arn": "arn:aws:ec2:us-east-1:891377192530:security-group/sg-02e011f0f6315057e",
            "description": "Security group for NAT Instance",
            "egress": [
              {
                "cidr_blocks": [
                  "0.0.0.0/0"
                ],
                "description": "Allow all outbound traffic",
                "from_port": 0,
                "ipv6_cidr_blocks": [],
                "prefix_list_ids": [],
                "protocol": "-1",
                "security_groups": [],
                "self": false,
                "to_port": 0
              }
            ],
            "id": "sg-02e011f0f6315057e",
            "ingress": [
              {
                "cidr_blocks": [
                  "10.10.0.0/28",
                  "10.10.0.16/28"
                ],
                "description": "TCP from private subnets",
                "from_port": 0,
                "ipv6_cidr_blocks": [],
                "prefix_list_ids": [],
                "protocol": "tcp",
                "security_groups": [],
                "self": false,
                "to_port": 65535
              },
              {
                "cidr_blocks": [
                  "10.10.0.0/28",
                  "10.10.0.16/28"
                ],
                "description": "UDP from private subnets",
                "from_port": 0,
                "ipv6_cidr_blocks": [],
                "prefix_list_ids": [],
                "protocol": "udp",
                "security_groups": [],
                "self": false,
                "to_port": 65535
              },
              {
                "cidr_blocks": [
                  "200.28.85.233/32",
                  "152.230.70.114/32",
                  "201.223.101.14/32",
                  "200.28.83.34/32"
                ],
                "description": "ICMP (ping) from allowed CIDRs",
                "from_port": -1,
                "ipv6_cidr_blocks": [],
                "prefix_list_ids": [],
                "protocol": "icmp",
                "security_groups": [],
                "self": false,
                "to_port": -1
              },
              {
                "cidr_blocks": [
                  "200.28.85.233/32",
                  "152.230.70.114/32",
                  "201.223.101.14/32",
                  "200.28.83.34/32"
                ],
                "description": "SSH access from allowed CIDRs",
                "from_port": 22,
                "ipv6_cidr_blocks": [],
                "prefix_list_ids": [],
                "protocol": "tcp",
                "security_groups": [],
                "self": false,
                "to_port": 22
              }
            ],
            "name": "dev-actividad6-dev-nat-nat-sg",
            "name_prefix": "",
            "owner_id": "891377192530",
            "region": "us-east-1",
            "revoke_rules_on_delete": false,
            "tags": {
              "Environment": "dev",
              "ManagedBy": "Terraform",
              "Name": "dev-actividad6-dev-nat-nat-instance-sg",
              "OwnerName": "Francisco Briones",
              "ProjectName": "actividad6-dev-nat"
            },
            "tags_all": {
              "Environment": "dev",
              "ManagedBy": "Terraform",
              "Name": "dev-actividad6-dev-nat-nat-instance-sg",
              "OwnerName": "Francisco Briones",
              "Project": "actividad6",
              "ProjectName": "actividad6-dev-nat"
            },
            "timeouts": null,
            "vpc_id": "vpc-0692caee7166cd6b0"
          },
          "sensitive_attributes": [],
          "private": "eyJlMmJmYjczMC1lY2FhLTExZTYtOGY4OC0zNDM2M2JjN2M0YzAiOnsiY3JlYXRlIjo2MDAwMDAwMDAwMDAsImRlbGV0ZSI6OTAwMDAwMDAwMDAwfSwic2NoZW1hX3ZlcnNpb24iOiIxIn0=",
          "dependencies": [
            "module.vpc.aws_cloudwatch_log_group.flow_log",
            "module.vpc.aws_customer_gateway.this",
            "module.vpc.aws_db_subnet_group.database",
            "module.vpc.aws_default_network_acl.this",
            "module.vpc.aws_default_route_table.default",
            "module.vpc.aws_default_security_group.this",
            "module.vpc.aws_default_vpc.this",
            "module.vpc.aws_egress_only_internet_gateway.this",
            "module.vpc.aws_eip.nat",
            "module.vpc.aws_elasticache_subnet_group.elasticache",
            "module.vpc.aws_flow_log.this",
            "module.vpc.aws_iam_policy.vpc_flow_log_cloudwatch",
            "module.vpc.aws_iam_role.vpc_flow_log_cloudwatch",
            "module.vpc.aws_iam_role_policy_attachment.vpc_flow_log_cloudwatch",
            "module.vpc.aws_internet_gateway.this",
            "module.vpc.aws_nat_gateway.this",
            "module.vpc.aws_network_acl.database",
            "module.vpc.aws_network_acl.elasticache",
            "module.vpc.aws_network_acl.intra",
            "module.vpc.aws_network_acl.outpost",
            "module.vpc.aws_network_acl.private",
            "module.vpc.aws_network_acl.public",
            "module.vpc.aws_network_acl.redshift",
            "module.vpc.aws_network_acl_rule.database_inbound",
            "module.vpc.aws_network_acl_rule.database_outbound",
            "module.vpc.aws_network_acl_rule.elasticache_inbound",
            "module.vpc.aws_network_acl_rule.elasticache_outbound",
            "module.vpc.aws_network_acl_rule.intra_inbound",
            "module.vpc.aws_network_acl_rule.intra_outbound",
            "module.vpc.aws_network_acl_rule.outpost_inbound",
            "module.vpc.aws_network_acl_rule.outpost_outbound",
            "module.vpc.aws_network_acl_rule.private_inbound",
            "module.vpc.aws_network_acl_rule.private_outbound",
            "module.vpc.aws_network_acl_rule.public_inbound",
            "module.vpc.aws_network_acl_rule.public_outbound",
            "module.vpc.aws_network_acl_rule.redshift_inbound",
            "module.vpc.aws_network_acl_rule.redshift_outbound",
            "module.vpc.aws_redshift_subnet_group.redshift",
            "module.vpc.aws_route.database_dns64_nat_gateway",
            "module.vpc.aws_route.database_internet_gateway",
            "module.vpc.aws_route.database_ipv6_egress",
            "module.vpc.aws_route.database_nat_gateway",
            "module.vpc.aws_route.private_dns64_nat_gateway",
            "module.vpc.aws_route.private_ipv6_egress",
            "module.vpc.aws_route.private_nat_gateway",
            "module.vpc.aws_route.public_internet_gateway",
            "module.vpc.aws_route.public_internet_gateway_ipv6",
            "module.vpc.aws_route_table.database",
            "module.vpc.aws_route_table.elasticache",
            "module.vpc.aws_route_table.intra",
            "module.vpc.aws_route_table.private",
            "module.vpc.aws_route_table.public",
            "module.vpc.aws_route_table.redshift",
            "module.vpc.aws_route_table_association.database",
            "module.vpc.aws_route_table_association.elasticache",
            "module.vpc.aws_route_table_association.intra",
            "module.vpc.aws_route_table_association.outpost",
            "module.vpc.aws_route_table_association.private",
            "module.vpc.aws_route_table_association.public",
            "module.vpc.aws_route_table_association.redshift",
            "module.vpc.aws_route_table_association.redshift_public",
            "module.vpc.aws_subnet.database",
            "module.vpc.aws_subnet.elasticache",
            "module.vpc.aws_subnet.intra",
            "module.vpc.aws_subnet.outpost",
            "module.vpc.aws_subnet.private",
            "module.vpc.aws_subnet.public",
            "module.vpc.aws_subnet.redshift",
            "module.vpc.aws_vpc.this",
            "module.vpc.aws_vpc_block_public_access_exclusion.this",
            "module.vpc.aws_vpc_block_public_access_options.this",
            "module.vpc.aws_vpc_dhcp_options.this",
            "module.vpc.aws_vpc_dhcp_options_association.this",
            "module.vpc.aws_vpc_ipv4_cidr_block_association.this",
            "module.vpc.aws_vpn_gateway.this",
            "module.vpc.aws_vpn_gateway_attachment.this",
            "module.vpc.aws_vpn_gateway_route_propagation.intra",
            "module.vpc.aws_vpn_gateway_route_propagation.private",
            "module.vpc.aws_vpn_gateway_route_propagation.public",
            "module.vpc.data.aws_caller_identity.current",
            "module.vpc.data.aws_iam_policy_document.flow_log_cloudwatch_assume_role",
            "module.vpc.data.aws_iam_policy_document.vpc_flow_log_cloudwatch",
            "module.vpc.data.aws_partition.current",
            "module.vpc.data.aws_region.current"
          ],
          "create_before_destroy": true
        }
      ]
    },
    {
      "module": "module.vpc",
      "mode": "managed",
      "type": "aws_default_network_acl",
      "name": "this",
      "provider": "provider[\"registry.terraform.io/hashicorp/aws\"]",
      "instances": [
        {
          "index_key": 0,
          "schema_version": 0,
          "attributes": {
            "arn": "arn:aws:ec2:us-east-1:891377192530:network-acl/acl-0d9f54a99ee00de3a",
            "default_network_acl_id": "acl-0d9f54a99ee00de3a",
            "egress": [
              {
                "action": "allow",
                "cidr_block": "",
                "from_port": 0,
                "icmp_code": 0,
                "icmp_type": 0,
                "ipv6_cidr_block": "::/0",
                "protocol": "-1",
                "rule_no": 101,
                "to_port": 0
              },
              {
                "action": "allow",
                "cidr_block": "0.0.0.0/0",
                "from_port": 0,
                "icmp_code": 0,
                "icmp_type": 0,
                "ipv6_cidr_block": "",
                "protocol": "-1",
                "rule_no": 100,
                "to_port": 0
              }
            ],
            "id": "acl-0d9f54a99ee00de3a",
            "ingress": [
              {
                "action": "allow",
                "cidr_block": "",
                "from_port": 0,
                "icmp_code": 0,
                "icmp_type": 0,
                "ipv6_cidr_block": "::/0",
                "protocol": "-1",
                "rule_no": 101,
                "to_port": 0
              },
              {
                "action": "allow",
                "cidr_block": "0.0.0.0/0",
                "from_port": 0,
                "icmp_code": 0,
                "icmp_type": 0,
                "ipv6_cidr_block": "",
                "protocol": "-1",
                "rule_no": 100,
                "to_port": 0
              }
            ],
            "owner_id": "891377192530",
            "region": "us-east-1",
            "subnet_ids": [
              "subnet-029bcdca3202eacd3",
              "subnet-0890eb9978bb39fec",
              "subnet-0894432fdd9b3369b",
              "subnet-0a5b2111787d26e6a"
            ],
            "tags": {
              "Name": "actividad6-dev-vpc-default"
            },
            "tags_all": {
              "Environment": "dev",
              "ManagedBy": "Terraform",
              "Name": "actividad6-dev-vpc-default",
              "OwnerName": "Francisco Briones",
              "Project": "actividad6"
            },
            "vpc_id": "vpc-0692caee7166cd6b0"
          },
          "sensitive_attributes": [],
          "private": "bnVsbA==",
          "dependencies": [
            "module.vpc.aws_vpc.this"
          ],
          "create_before_destroy": true
        }
      ]
    },
    {
      "module": "module.vpc",
      "mode": "managed",
      "type": "aws_default_route_table",
      "name": "default",
      "provider": "provider[\"registry.terraform.io/hashicorp/aws\"]",
      "instances": [
        {
          "index_key": 0,
          "schema_version": 0,
          "attributes": {
            "arn": "arn:aws:ec2:us-east-1:891377192530:route-table/rtb-0eb31e10542ed8a47",
            "default_route_table_id": "rtb-0eb31e10542ed8a47",
            "id": "rtb-0eb31e10542ed8a47",
            "owner_id": "891377192530",
            "propagating_vgws": [],
            "region": "us-east-1",
            "route": [],
            "tags": {
              "Name": "actividad6-dev-vpc-default"
            },
            "tags_all": {
              "Environment": "dev",
              "ManagedBy": "Terraform",
              "Name": "actividad6-dev-vpc-default",
              "OwnerName": "Francisco Briones",
              "Project": "actividad6"
            },
            "timeouts": {
              "create": "5m",
              "update": "5m"
            },
            "vpc_id": "vpc-0692caee7166cd6b0"
          },
          "sensitive_attributes": [],
          "private": "eyJlMmJmYjczMC1lY2FhLTExZTYtOGY4OC0zNDM2M2JjN2M0YzAiOnsiY3JlYXRlIjozMDAwMDAwMDAwMDAsInVwZGF0ZSI6MzAwMDAwMDAwMDAwfX0=",
          "dependencies": [
            "module.vpc.aws_vpc.this"
          ],
          "create_before_destroy": true
        }
      ]
    },
    {
      "module": "module.vpc",
      "mode": "managed",
      "type": "aws_default_security_group",
      "name": "this",
      "provider": "provider[\"registry.terraform.io/hashicorp/aws\"]",
      "instances": [
        {
          "index_key": 0,
          "schema_version": 1,
          "attributes": {
            "arn": "arn:aws:ec2:us-east-1:891377192530:security-group/sg-0e3e9dd068304b2b4",
            "description": "default VPC security group",
            "egress": [],
            "id": "sg-0e3e9dd068304b2b4",
            "ingress": [],
            "name": "default",
            "name_prefix": "",
            "owner_id": "891377192530",
            "region": "us-east-1",
            "revoke_rules_on_delete": false,
            "tags": {
              "Name": "actividad6-dev-vpc-default"
            },
            "tags_all": {
              "Environment": "dev",
              "ManagedBy": "Terraform",
              "Name": "actividad6-dev-vpc-default",
              "OwnerName": "Francisco Briones",
              "Project": "actividad6"
            },
            "vpc_id": "vpc-0692caee7166cd6b0"
          },
          "sensitive_attributes": [],
          "private": "eyJzY2hlbWFfdmVyc2lvbiI6IjEifQ==",
          "dependencies": [
            "module.vpc.aws_vpc.this"
          ],
          "create_before_destroy": true
        }
      ]
    },
    {
      "module": "module.vpc",
      "mode": "managed",
      "type": "aws_internet_gateway",
      "name": "this",
      "provider": "provider[\"registry.terraform.io/hashicorp/aws\"]",
      "instances": [
        {
          "index_key": 0,
          "schema_version": 0,
          "attributes": {
            "arn": "arn:aws:ec2:us-east-1:891377192530:internet-gateway/igw-078f6e687fdaddcb5",
            "id": "igw-078f6e687fdaddcb5",
            "owner_id": "891377192530",
            "region": "us-east-1",
            "tags": {
              "Name": "actividad6-dev-igw"
            },
            "tags_all": {
              "Environment": "dev",
              "ManagedBy": "Terraform",
              "Name": "actividad6-dev-igw",
              "OwnerName": "Francisco Briones",
              "Project": "actividad6"
            },
            "timeouts": null,
            "vpc_id": "vpc-0692caee7166cd6b0"
          },
          "sensitive_attributes": [],
          "private": "eyJlMmJmYjczMC1lY2FhLTExZTYtOGY4OC0zNDM2M2JjN2M0YzAiOnsiY3JlYXRlIjoxMjAwMDAwMDAwMDAwLCJkZWxldGUiOjEyMDAwMDAwMDAwMDAsInVwZGF0ZSI6MTIwMDAwMDAwMDAwMH19",
          "dependencies": [
            "module.vpc.aws_vpc.this",
            "module.vpc.aws_vpc_ipv4_cidr_block_association.this"
          ],
          "create_before_destroy": true
        }
      ]
    },
    {
      "module": "module.vpc",
      "mode": "managed",
      "type": "aws_route",
      "name": "public_internet_gateway",
      "provider": "provider[\"registry.terraform.io/hashicorp/aws\"]",
      "instances": [
        {
          "index_key": 0,
          "schema_version": 0,
          "attributes": {
            "carrier_gateway_id": "",
            "core_network_arn": "",
            "destination_cidr_block": "0.0.0.0/0",
            "destination_ipv6_cidr_block": "",
            "destination_prefix_list_id": "",
            "egress_only_gateway_id": "",
            "gateway_id": "igw-078f6e687fdaddcb5",
            "id": "r-rtb-0a7f6965f9262f5801080289494",
            "instance_id": "",
            "instance_owner_id": "",
            "local_gateway_id": "",
            "nat_gateway_id": "",
            "network_interface_id": "",
            "origin": "CreateRoute",
            "region": "us-east-1",
            "route_table_id": "rtb-0a7f6965f9262f580",
            "state": "active",
            "timeouts": {
              "create": "5m",
              "delete": null,
              "update": null
            },
            "transit_gateway_id": "",
            "vpc_endpoint_id": "",
            "vpc_peering_connection_id": ""
          },
          "sensitive_attributes": [],
          "private": "eyJlMmJmYjczMC1lY2FhLTExZTYtOGY4OC0zNDM2M2JjN2M0YzAiOnsiY3JlYXRlIjozMDAwMDAwMDAwMDAsImRlbGV0ZSI6MzAwMDAwMDAwMDAwLCJ1cGRhdGUiOjEyMDAwMDAwMDAwMH19",
          "dependencies": [
            "module.vpc.aws_internet_gateway.this",
            "module.vpc.aws_route_table.public",
            "module.vpc.aws_vpc.this",
            "module.vpc.aws_vpc_ipv4_cidr_block_association.this"
          ],
          "create_before_destroy": true
        }
      ]
    },
    {
      "module": "module.vpc",
      "mode": "managed",
      "type": "aws_route_table",
      "name": "private",
      "provider": "provider[\"registry.terraform.io/hashicorp/aws\"]",
      "instances": [
        {
          "index_key": 0,
          "schema_version": 0,
          "attributes": {
            "arn": "arn:aws:ec2:us-east-1:891377192530:route-table/rtb-0002b97d3e02dc591",
            "id": "rtb-0002b97d3e02dc591",
            "owner_id": "891377192530",
            "propagating_vgws": [],
            "region": "us-east-1",
            "route": [
              {
                "carrier_gateway_id": "",
                "cidr_block": "0.0.0.0/0",
                "core_network_arn": "",
                "destination_prefix_list_id": "",
                "egress_only_gateway_id": "",
                "gateway_id": "",
                "ipv6_cidr_block": "",
                "local_gateway_id": "",
                "nat_gateway_id": "",
                "network_interface_id": "eni-0f45654174caa5076",
                "transit_gateway_id": "",
                "vpc_endpoint_id": "",
                "vpc_peering_connection_id": ""
              }
            ],
            "tags": {
              "Name": "actividad6-dev-private-rt"
            },
            "tags_all": {
              "Environment": "dev",
              "ManagedBy": "Terraform",
              "Name": "actividad6-dev-private-rt",
              "OwnerName": "Francisco Briones",
              "Project": "actividad6"
            },
            "timeouts": null,
            "vpc_id": "vpc-0692caee7166cd6b0"
          },
          "sensitive_attributes": [],
          "private": "eyJlMmJmYjczMC1lY2FhLTExZTYtOGY4OC0zNDM2M2JjN2M0YzAiOnsiY3JlYXRlIjozMDAwMDAwMDAwMDAsImRlbGV0ZSI6MzAwMDAwMDAwMDAwLCJ1cGRhdGUiOjEyMDAwMDAwMDAwMH19",
          "dependencies": [
            "module.vpc.aws_vpc.this",
            "module.vpc.aws_vpc_ipv4_cidr_block_association.this"
          ],
          "create_before_destroy": true
        }
      ]
    },
    {
      "module": "module.vpc",
      "mode": "managed",
      "type": "aws_route_table",
      "name": "public",
      "provider": "provider[\"registry.terraform.io/hashicorp/aws\"]",
      "instances": [
        {
          "index_key": 0,
          "schema_version": 0,
          "attributes": {
            "arn": "arn:aws:ec2:us-east-1:891377192530:route-table/rtb-0a7f6965f9262f580",
            "id": "rtb-0a7f6965f9262f580",
            "owner_id": "891377192530",
            "propagating_vgws": [],
            "region": "us-east-1",
            "route": [
              {
                "carrier_gateway_id": "",
                "cidr_block": "0.0.0.0/0",
                "core_network_arn": "",
                "destination_prefix_list_id": "",
                "egress_only_gateway_id": "",
                "gateway_id": "igw-078f6e687fdaddcb5",
                "ipv6_cidr_block": "",
                "local_gateway_id": "",
                "nat_gateway_id": "",
                "network_interface_id": "",
                "transit_gateway_id": "",
                "vpc_endpoint_id": "",
                "vpc_peering_connection_id": ""
              }
            ],
            "tags": {
              "Name": "actividad6-dev-public-rt"
            },
            "tags_all": {
              "Environment": "dev",
              "ManagedBy": "Terraform",
              "Name": "actividad6-dev-public-rt",
              "OwnerName": "Francisco Briones",
              "Project": "actividad6"
            },
            "timeouts": null,
            "vpc_id": "vpc-0692caee7166cd6b0"
          },
          "sensitive_attributes": [],
          "private": "eyJlMmJmYjczMC1lY2FhLTExZTYtOGY4OC0zNDM2M2JjN2M0YzAiOnsiY3JlYXRlIjozMDAwMDAwMDAwMDAsImRlbGV0ZSI6MzAwMDAwMDAwMDAwLCJ1cGRhdGUiOjEyMDAwMDAwMDAwMH19",
          "dependencies": [
            "module.vpc.aws_vpc.this",
            "module.vpc.aws_vpc_ipv4_cidr_block_association.this"
          ],
          "create_before_destroy": true
        }
      ]
    },
    {
      "module": "module.vpc",
      "mode": "managed",
      "type": "aws_route_table_association",
      "name": "private",
      "provider": "provider[\"registry.terraform.io/hashicorp/aws\"]",
      "instances": [
        {
          "index_key": 0,
          "schema_version": 0,
          "attributes": {
            "gateway_id": "",
            "id": "rtbassoc-0e321d5af8c823a31",
            "region": "us-east-1",
            "route_table_id": "rtb-0002b97d3e02dc591",
            "subnet_id": "subnet-0894432fdd9b3369b",
            "timeouts": null
          },
          "sensitive_attributes": [],
          "private": "eyJlMmJmYjczMC1lY2FhLTExZTYtOGY4OC0zNDM2M2JjN2M0YzAiOnsiY3JlYXRlIjozMDAwMDAwMDAwMDAsImRlbGV0ZSI6MzAwMDAwMDAwMDAwLCJ1cGRhdGUiOjEyMDAwMDAwMDAwMH19",
          "dependencies": [
            "module.vpc.aws_route_table.private",
            "module.vpc.aws_subnet.private",
            "module.vpc.aws_vpc.this",
            "module.vpc.aws_vpc_ipv4_cidr_block_association.this"
          ],
          "create_before_destroy": true
        },
        {
          "index_key": 1,
          "schema_version": 0,
          "attributes": {
            "gateway_id": "",
            "id": "rtbassoc-01f7ddf9bb5254992",
            "region": "us-east-1",
            "route_table_id": "rtb-0002b97d3e02dc591",
            "subnet_id": "subnet-029bcdca3202eacd3",
            "timeouts": null
          },
          "sensitive_attributes": [],
          "private": "eyJlMmJmYjczMC1lY2FhLTExZTYtOGY4OC0zNDM2M2JjN2M0YzAiOnsiY3JlYXRlIjozMDAwMDAwMDAwMDAsImRlbGV0ZSI6MzAwMDAwMDAwMDAwLCJ1cGRhdGUiOjEyMDAwMDAwMDAwMH19",
          "dependencies": [
            "module.vpc.aws_route_table.private",
            "module.vpc.aws_subnet.private",
            "module.vpc.aws_vpc.this",
            "module.vpc.aws_vpc_ipv4_cidr_block_association.this"
          ],
          "create_before_destroy": true
        }
      ]
    },
    {
      "module": "module.vpc",
      "mode": "managed",
      "type": "aws_route_table_association",
      "name": "public",
      "provider": "provider[\"registry.terraform.io/hashicorp/aws\"]",
      "instances": [
        {
          "index_key": 0,
          "schema_version": 0,
          "attributes": {
            "gateway_id": "",
            "id": "rtbassoc-00b5a750be7e1be02",
            "region": "us-east-1",
            "route_table_id": "rtb-0a7f6965f9262f580",
            "subnet_id": "subnet-0890eb9978bb39fec",
            "timeouts": null
          },
          "sensitive_attributes": [],
          "private": "eyJlMmJmYjczMC1lY2FhLTExZTYtOGY4OC0zNDM2M2JjN2M0YzAiOnsiY3JlYXRlIjozMDAwMDAwMDAwMDAsImRlbGV0ZSI6MzAwMDAwMDAwMDAwLCJ1cGRhdGUiOjEyMDAwMDAwMDAwMH19",
          "dependencies": [
            "module.vpc.aws_route_table.public",
            "module.vpc.aws_subnet.public",
            "module.vpc.aws_vpc.this",
            "module.vpc.aws_vpc_ipv4_cidr_block_association.this"
          ],
          "create_before_destroy": true
        },
        {
          "index_key": 1,
          "schema_version": 0,
          "attributes": {
            "gateway_id": "",
            "id": "rtbassoc-04a3872f6ccd46435",
            "region": "us-east-1",
            "route_table_id": "rtb-0a7f6965f9262f580",
            "subnet_id": "subnet-0a5b2111787d26e6a",
            "timeouts": null
          },
          "sensitive_attributes": [],
          "private": "eyJlMmJmYjczMC1lY2FhLTExZTYtOGY4OC0zNDM2M2JjN2M0YzAiOnsiY3JlYXRlIjozMDAwMDAwMDAwMDAsImRlbGV0ZSI6MzAwMDAwMDAwMDAwLCJ1cGRhdGUiOjEyMDAwMDAwMDAwMH19",
          "dependencies": [
            "module.vpc.aws_route_table.public",
            "module.vpc.aws_subnet.public",
            "module.vpc.aws_vpc.this",
            "module.vpc.aws_vpc_ipv4_cidr_block_association.this"
          ],
          "create_before_destroy": true
        }
      ]
    },
    {
      "module": "module.vpc",
      "mode": "managed",
      "type": "aws_subnet",
      "name": "private",
      "provider": "provider[\"registry.terraform.io/hashicorp/aws\"]",
      "instances": [
        {
          "index_key": 0,
          "schema_version": 1,
          "attributes": {
            "arn": "arn:aws:ec2:us-east-1:891377192530:subnet/subnet-0894432fdd9b3369b",
            "assign_ipv6_address_on_creation": false,
            "availability_zone": "us-east-1a",
            "availability_zone_id": "use1-az2",
            "cidr_block": "10.10.0.0/28",
            "customer_owned_ipv4_pool": "",
            "enable_dns64": false,
            "enable_lni_at_device_index": 0,
            "enable_resource_name_dns_a_record_on_launch": false,
            "enable_resource_name_dns_aaaa_record_on_launch": false,
            "id": "subnet-0894432fdd9b3369b",
            "ipv4_ipam_pool_id": null,
            "ipv4_netmask_length": null,
            "ipv6_cidr_block": "",
            "ipv6_cidr_block_association_id": "",
            "ipv6_ipam_pool_id": null,
            "ipv6_native": false,
            "ipv6_netmask_length": null,
            "map_customer_owned_ip_on_launch": false,
            "map_public_ip_on_launch": false,
            "outpost_arn": "",
            "owner_id": "891377192530",
            "private_dns_hostname_type_on_launch": "ip-name",
            "region": "us-east-1",
            "tags": {
              "Name": "actividad6-dev-private-us-east-1a"
            },
            "tags_all": {
              "Environment": "dev",
              "ManagedBy": "Terraform",
              "Name": "actividad6-dev-private-us-east-1a",
              "OwnerName": "Francisco Briones",
              "Project": "actividad6"
            },
            "timeouts": null,
            "vpc_id": "vpc-0692caee7166cd6b0"
          },
          "sensitive_attributes": [],
          "private": "eyJlMmJmYjczMC1lY2FhLTExZTYtOGY4OC0zNDM2M2JjN2M0YzAiOnsiY3JlYXRlIjo2MDAwMDAwMDAwMDAsImRlbGV0ZSI6MTIwMDAwMDAwMDAwMH0sInNjaGVtYV92ZXJzaW9uIjoiMSJ9",
          "dependencies": [
            "module.vpc.aws_vpc.this",
            "module.vpc.aws_vpc_ipv4_cidr_block_association.this"
          ],
          "create_before_destroy": true
        },
        {
          "index_key": 1,
          "schema_version": 1,
          "attributes": {
            "arn": "arn:aws:ec2:us-east-1:891377192530:subnet/subnet-029bcdca3202eacd3",
            "assign_ipv6_address_on_creation": false,
            "availability_zone": "us-east-1b",
            "availability_zone_id": "use1-az4",
            "cidr_block": "10.10.0.16/28",
            "customer_owned_ipv4_pool": "",
            "enable_dns64": false,
            "enable_lni_at_device_index": 0,
            "enable_resource_name_dns_a_record_on_launch": false,
            "enable_resource_name_dns_aaaa_record_on_launch": false,
            "id": "subnet-029bcdca3202eacd3",
            "ipv4_ipam_pool_id": null,
            "ipv4_netmask_length": null,
            "ipv6_cidr_block": "",
            "ipv6_cidr_block_association_id": "",
            "ipv6_ipam_pool_id": null,
            "ipv6_native": false,
            "ipv6_netmask_length": null,
            "map_customer_owned_ip_on_launch": false,
            "map_public_ip_on_launch": false,
            "outpost_arn": "",
            "owner_id": "891377192530",
            "private_dns_hostname_type_on_launch": "ip-name",
            "region": "us-east-1",
            "tags": {
              "Name": "actividad6-dev-private-us-east-1b"
            },
            "tags_all": {
              "Environment": "dev",
              "ManagedBy": "Terraform",
              "Name": "actividad6-dev-private-us-east-1b",
              "OwnerName": "Francisco Briones",
              "Project": "actividad6"
            },
            "timeouts": null,
            "vpc_id": "vpc-0692caee7166cd6b0"
          },
          "sensitive_attributes": [],
          "private": "eyJlMmJmYjczMC1lY2FhLTExZTYtOGY4OC0zNDM2M2JjN2M0YzAiOnsiY3JlYXRlIjo2MDAwMDAwMDAwMDAsImRlbGV0ZSI6MTIwMDAwMDAwMDAwMH0sInNjaGVtYV92ZXJzaW9uIjoiMSJ9",
          "dependencies": [
            "module.vpc.aws_vpc.this",
            "module.vpc.aws_vpc_ipv4_cidr_block_association.this"
          ],
          "create_before_destroy": true
        }
      ]
    },
    {
      "module": "module.vpc",
      "mode": "managed",
      "type": "aws_subnet",
      "name": "public",
      "provider": "provider[\"registry.terraform.io/hashicorp/aws\"]",
      "instances": [
        {
          "index_key": 0,
          "schema_version": 1,
          "attributes": {
            "arn": "arn:aws:ec2:us-east-1:891377192530:subnet/subnet-0890eb9978bb39fec",
            "assign_ipv6_address_on_creation": false,
            "availability_zone": "us-east-1a",
            "availability_zone_id": "use1-az2",
            "cidr_block": "10.10.0.32/28",
            "customer_owned_ipv4_pool": "",
            "enable_dns64": false,
            "enable_lni_at_device_index": 0,
            "enable_resource_name_dns_a_record_on_launch": false,
            "enable_resource_name_dns_aaaa_record_on_launch": false,
            "id": "subnet-0890eb9978bb39fec",
            "ipv4_ipam_pool_id": null,
            "ipv4_netmask_length": null,
            "ipv6_cidr_block": "",
            "ipv6_cidr_block_association_id": "",
            "ipv6_ipam_pool_id": null,
            "ipv6_native": false,
            "ipv6_netmask_length": null,
            "map_customer_owned_ip_on_launch": false,
            "map_public_ip_on_launch": true,
            "outpost_arn": "",
            "owner_id": "891377192530",
            "private_dns_hostname_type_on_launch": "ip-name",
            "region": "us-east-1",
            "tags": {
              "Name": "actividad6-dev-public-us-east-1a"
            },
            "tags_all": {
              "Environment": "dev",
              "ManagedBy": "Terraform",
              "Name": "actividad6-dev-public-us-east-1a",
              "OwnerName": "Francisco Briones",
              "Project": "actividad6"
            },
            "timeouts": null,
            "vpc_id": "vpc-0692caee7166cd6b0"
          },
          "sensitive_attributes": [],
          "private": "eyJlMmJmYjczMC1lY2FhLTExZTYtOGY4OC0zNDM2M2JjN2M0YzAiOnsiY3JlYXRlIjo2MDAwMDAwMDAwMDAsImRlbGV0ZSI6MTIwMDAwMDAwMDAwMH0sInNjaGVtYV92ZXJzaW9uIjoiMSJ9",
          "dependencies": [
            "module.vpc.aws_vpc.this",
            "module.vpc.aws_vpc_ipv4_cidr_block_association.this"
          ],
          "create_before_destroy": true
        },
        {
          "index_key": 1,
          "schema_version": 1,
          "attributes": {
            "arn": "arn:aws:ec2:us-east-1:891377192530:subnet/subnet-0a5b2111787d26e6a",
            "assign_ipv6_address_on_creation": false,
            "availability_zone": "us-east-1b",
            "availability_zone_id": "use1-az4",
            "cidr_block": "10.10.0.48/28",
            "customer_owned_ipv4_pool": "",
            "enable_dns64": false,
            "enable_lni_at_device_index": 0,
            "enable_resource_name_dns_a_record_on_launch": false,
            "enable_resource_name_dns_aaaa_record_on_launch": false,
            "id": "subnet-0a5b2111787d26e6a",
            "ipv4_ipam_pool_id": null,
            "ipv4_netmask_length": null,
            "ipv6_cidr_block": "",
            "ipv6_cidr_block_association_id": "",
            "ipv6_ipam_pool_id": null,
            "ipv6_native": false,
            "ipv6_netmask_length": null,
            "map_customer_owned_ip_on_launch": false,
            "map_public_ip_on_launch": true,
            "outpost_arn": "",
            "owner_id": "891377192530",
            "private_dns_hostname_type_on_launch": "ip-name",
            "region": "us-east-1",
            "tags": {
              "Name": "actividad6-dev-public-us-east-1b"
            },
            "tags_all": {
              "Environment": "dev",
              "ManagedBy": "Terraform",
              "Name": "actividad6-dev-public-us-east-1b",
              "OwnerName": "Francisco Briones",
              "Project": "actividad6"
            },
            "timeouts": null,
            "vpc_id": "vpc-0692caee7166cd6b0"
          },
          "sensitive_attributes": [],
          "private": "eyJlMmJmYjczMC1lY2FhLTExZTYtOGY4OC0zNDM2M2JjN2M0YzAiOnsiY3JlYXRlIjo2MDAwMDAwMDAwMDAsImRlbGV0ZSI6MTIwMDAwMDAwMDAwMH0sInNjaGVtYV92ZXJzaW9uIjoiMSJ9",
          "dependencies": [
            "module.vpc.aws_vpc.this",
            "module.vpc.aws_vpc_ipv4_cidr_block_association.this"
          ],
          "create_before_destroy": true
        }
      ]
    },
    {
      "module": "module.vpc",
      "mode": "managed",
      "type": "aws_vpc",
      "name": "this",
      "provider": "provider[\"registry.terraform.io/hashicorp/aws\"]",
      "instances": [
        {
          "index_key": 0,
          "schema_version": 1,
          "attributes": {
            "arn": "arn:aws:ec2:us-east-1:891377192530:vpc/vpc-0692caee7166cd6b0",
            "assign_generated_ipv6_cidr_block": false,
            "cidr_block": "10.10.0.0/26",
            "default_network_acl_id": "acl-0d9f54a99ee00de3a",
            "default_route_table_id": "rtb-0eb31e10542ed8a47",
            "default_security_group_id": "sg-0e3e9dd068304b2b4",
            "dhcp_options_id": "dopt-0940d99666099a6d1",
            "enable_dns_hostnames": true,
            "enable_dns_support": true,
            "enable_network_address_usage_metrics": false,
            "id": "vpc-0692caee7166cd6b0",
            "instance_tenancy": "default",
            "ipv4_ipam_pool_id": null,
            "ipv4_netmask_length": null,
            "ipv6_association_id": "",
            "ipv6_cidr_block": "",
            "ipv6_cidr_block_network_border_group": "",
            "ipv6_ipam_pool_id": "",
            "ipv6_netmask_length": 0,
            "main_route_table_id": "rtb-0eb31e10542ed8a47",
            "owner_id": "891377192530",
            "region": "us-east-1",
            "tags": {
              "Name": "actividad6-dev-vpc"
            },
            "tags_all": {
              "Environment": "dev",
              "ManagedBy": "Terraform",
              "Name": "actividad6-dev-vpc",
              "OwnerName": "Francisco Briones",
              "Project": "actividad6"
            }
          },
          "sensitive_attributes": [],
          "private": "eyJzY2hlbWFfdmVyc2lvbiI6IjEifQ==",
          "create_before_destroy": true
        }
      ]
    }
  ],
  "check_results": [
    {
      "object_kind": "var",
      "config_addr": "module.nat_instance.var.os_type",
      "status": "unknown",
      "objects": [
        {
          "object_addr": "module.nat_instance.var.os_type",
          "status": "unknown"
        }
      ]
    }
  ]
}
